// !$*UTF8*$!
{
	archiveVersion = 1;
	classes = {
	};
	objectVersion = 46;
	objects = {

/* Begin PBXBuildFile section */
		0150A9DF1990E5B20037F11B /* FlagsSuite.cpp in Sources */ = {isa = PBXBuildFile; fileRef = 0150A97C1990E5B20037F11B /* FlagsSuite.cpp */; };
		0150A9E01990E5B20037F11B /* PowerOfTwoSuite.cpp in Sources */ = {isa = PBXBuildFile; fileRef = 0150A97D1990E5B20037F11B /* PowerOfTwoSuite.cpp */; };
		0150A9E11990E5B20037F11B /* AnyEventDispatcherSuite.cpp in Sources */ = {isa = PBXBuildFile; fileRef = 0150A97F1990E5B20037F11B /* AnyEventDispatcherSuite.cpp */; };
		0150A9E21990E5B20037F11B /* AnyEventHandlerSuite.cpp in Sources */ = {isa = PBXBuildFile; fileRef = 0150A9801990E5B20037F11B /* AnyEventHandlerSuite.cpp */; };
		0150A9E31990E5B20037F11B /* AnyEventQueueSuite.cpp in Sources */ = {isa = PBXBuildFile; fileRef = 0150A9811990E5B20037F11B /* AnyEventQueueSuite.cpp */; };
		0150A9E41990E5B20037F11B /* AnyEventSlotSuite.cpp in Sources */ = {isa = PBXBuildFile; fileRef = 0150A9821990E5B20037F11B /* AnyEventSlotSuite.cpp */; };
		0150A9E51990E5B20037F11B /* AnyEventSuite.cpp in Sources */ = {isa = PBXBuildFile; fileRef = 0150A9831990E5B20037F11B /* AnyEventSuite.cpp */; };
		0150A9E61990E5B20037F11B /* FlowStateSuite.cpp in Sources */ = {isa = PBXBuildFile; fileRef = 0150A9841990E5B20037F11B /* FlowStateSuite.cpp */; };
		0150A9E71990E5B20037F11B /* ValueChangeSuite.cpp in Sources */ = {isa = PBXBuildFile; fileRef = 0150A9851990E5B20037F11B /* ValueChangeSuite.cpp */; };
		0150A9E81990E5B20037F11B /* CaramelTestPch.cpp in Sources */ = {isa = PBXBuildFile; fileRef = 0150A9861990E5B20037F11B /* CaramelTestPch.cpp */; };
		0150A9E91990E5B20037F11B /* ClockProxySuite.cpp in Sources */ = {isa = PBXBuildFile; fileRef = 0150A9891990E5B20037F11B /* ClockProxySuite.cpp */; };
		0150A9EA1990E5B20037F11B /* SecondClockSuite.cpp in Sources */ = {isa = PBXBuildFile; fileRef = 0150A98A1990E5B20037F11B /* SecondClockSuite.cpp */; };
		0150A9EB1990E5B20037F11B /* TickClockSuite.cpp in Sources */ = {isa = PBXBuildFile; fileRef = 0150A98B1990E5B20037F11B /* TickClockSuite.cpp */; };
		0150A9EC1990E5B20037F11B /* TimedBoolSuite.cpp in Sources */ = {isa = PBXBuildFile; fileRef = 0150A98C1990E5B20037F11B /* TimedBoolSuite.cpp */; };
		0150A9ED1990E5B20037F11B /* ConcurrentBlockingQueueSuite.cpp in Sources */ = {isa = PBXBuildFile; fileRef = 0150A98E1990E5B20037F11B /* ConcurrentBlockingQueueSuite.cpp */; };
		0150A9EE1990E5B20037F11B /* ConcurrentIntervalSetSuite.cpp in Sources */ = {isa = PBXBuildFile; fileRef = 0150A98F1990E5B20037F11B /* ConcurrentIntervalSetSuite.cpp */; };
		0150A9EF1990E5B20037F11B /* ConcurrentMapSuite.cpp in Sources */ = {isa = PBXBuildFile; fileRef = 0150A9901990E5B20037F11B /* ConcurrentMapSuite.cpp */; };
		0150A9F01990E5B20037F11B /* ConcurrentPriorityQueueSuite.cpp in Sources */ = {isa = PBXBuildFile; fileRef = 0150A9911990E5B20037F11B /* ConcurrentPriorityQueueSuite.cpp */; };
		0150A9F11990E5B20037F11B /* ConcurrentQueueSuite.cpp in Sources */ = {isa = PBXBuildFile; fileRef = 0150A9921990E5B20037F11B /* ConcurrentQueueSuite.cpp */; };
		0150A9F21990E5B20037F11B /* ConcurrentSetSuite.cpp in Sources */ = {isa = PBXBuildFile; fileRef = 0150A9931990E5B20037F11B /* ConcurrentSetSuite.cpp */; };
		0150A9F31990E5B20037F11B /* ConcurrentStackSuite.cpp in Sources */ = {isa = PBXBuildFile; fileRef = 0150A9941990E5B20037F11B /* ConcurrentStackSuite.cpp */; };
		0150A9F41990E5B20037F11B /* Base64Suite.cpp in Sources */ = {isa = PBXBuildFile; fileRef = 0150A9961990E5B20037F11B /* Base64Suite.cpp */; };
		0150A9F51990E5B20037F11B /* LookupTableSuite.cpp in Sources */ = {isa = PBXBuildFile; fileRef = 0150A9971990E5B20037F11B /* LookupTableSuite.cpp */; };
		0150A9F61990E5B20037F11B /* DateSuite.cpp in Sources */ = {isa = PBXBuildFile; fileRef = 0150A9991990E5B20037F11B /* DateSuite.cpp */; };
		0150A9F71990E5B20037F11B /* DateTimeBoolSuite.cpp in Sources */ = {isa = PBXBuildFile; fileRef = 0150A99A1990E5B20037F11B /* DateTimeBoolSuite.cpp */; };
		0150A9F81990E5B20037F11B /* DateTimeSuite.cpp in Sources */ = {isa = PBXBuildFile; fileRef = 0150A99B1990E5B20037F11B /* DateTimeSuite.cpp */; };
		0150A9F91990E5B20037F11B /* TimeOfDaySuite.cpp in Sources */ = {isa = PBXBuildFile; fileRef = 0150A99C1990E5B20037F11B /* TimeOfDaySuite.cpp */; };
		0150A9FA1990E5B20037F11B /* TimeSpanSuite.cpp in Sources */ = {isa = PBXBuildFile; fileRef = 0150A99D1990E5B20037F11B /* TimeSpanSuite.cpp */; };
		0150A9FB1990E5B20037F11B /* IniDocumentSuite.cpp in Sources */ = {isa = PBXBuildFile; fileRef = 0150A99F1990E5B20037F11B /* IniDocumentSuite.cpp */; };
		0150A9FC1990E5B20037F11B /* AlertSuite.cpp in Sources */ = {isa = PBXBuildFile; fileRef = 0150A9A31990E5B20037F11B /* AlertSuite.cpp */; };
		0150A9FD1990E5B20037F11B /* AnyFailureSuite.cpp in Sources */ = {isa = PBXBuildFile; fileRef = 0150A9A41990E5B20037F11B /* AnyFailureSuite.cpp */; };
		0150A9FE1990E5B20037F11B /* CatchExceptionSuite.cpp in Sources */ = {isa = PBXBuildFile; fileRef = 0150A9A51990E5B20037F11B /* CatchExceptionSuite.cpp */; };
		0150A9FF1990E5B20037F11B /* ExceptionPtrSuite.cpp in Sources */ = {isa = PBXBuildFile; fileRef = 0150A9A61990E5B20037F11B /* ExceptionPtrSuite.cpp */; };
		0150AA001990E5B20037F11B /* DirectoryInfoSuite.cpp in Sources */ = {isa = PBXBuildFile; fileRef = 0150A9A81990E5B20037F11B /* DirectoryInfoSuite.cpp */; };
		0150AA011990E5B20037F11B /* PathSuite.cpp in Sources */ = {isa = PBXBuildFile; fileRef = 0150A9A91990E5B20037F11B /* PathSuite.cpp */; };
		0150AA021990E5B20037F11B /* BindSuite.cpp in Sources */ = {isa = PBXBuildFile; fileRef = 0150A9AB1990E5B20037F11B /* BindSuite.cpp */; };
		0150AA031990E5B20037F11B /* TextStreamWriterSuite.cpp in Sources */ = {isa = PBXBuildFile; fileRef = 0150A9AD1990E5B20037F11B /* TextStreamWriterSuite.cpp */; };
		0150AA041990E5B20037F11B /* LexicalBooleanSuite.cpp in Sources */ = {isa = PBXBuildFile; fileRef = 0150A9AF1990E5B20037F11B /* LexicalBooleanSuite.cpp */; };
		0150AA051990E5B20037F11B /* LexicalFloatingSuite.cpp in Sources */ = {isa = PBXBuildFile; fileRef = 0150A9B01990E5B20037F11B /* LexicalFloatingSuite.cpp */; };
		0150AA061990E5B20037F11B /* LexicalIntegerSuite.cpp in Sources */ = {isa = PBXBuildFile; fileRef = 0150A9B11990E5B20037F11B /* LexicalIntegerSuite.cpp */; };
		0150AA071990E5B20037F11B /* SharedPtrUtilsSuite.cpp in Sources */ = {isa = PBXBuildFile; fileRef = 0150A9B31990E5B20037F11B /* SharedPtrUtilsSuite.cpp */; };
		0150AA081990E5B20037F11B /* IsGeneralStringSuite.cpp in Sources */ = {isa = PBXBuildFile; fileRef = 0150A9B51990E5B20037F11B /* IsGeneralStringSuite.cpp */; };
		0150AA091990E5B20037F11B /* NumberTraitsSuite.cpp in Sources */ = {isa = PBXBuildFile; fileRef = 0150A9B71990E5B20037F11B /* NumberTraitsSuite.cpp */; };
		0150AA0A1990E5B20037F11B /* UnionBitsSuite.cpp in Sources */ = {isa = PBXBuildFile; fileRef = 0150A9B81990E5B20037F11B /* UnionBitsSuite.cpp */; };
		0150AA0B1990E5B20037F11B /* UniformRandomSuite.cpp in Sources */ = {isa = PBXBuildFile; fileRef = 0150A9BA1990E5B20037F11B /* UniformRandomSuite.cpp */; };
		0150AA0C1990E5B20037F11B /* WeightedRandomMapSuite.cpp in Sources */ = {isa = PBXBuildFile; fileRef = 0150A9BB1990E5B20037F11B /* WeightedRandomMapSuite.cpp */; };
		0150AA0D1990E5B20037F11B /* RunTest.cpp in Sources */ = {isa = PBXBuildFile; fileRef = 0150A9BC1990E5B20037F11B /* RunTest.cpp */; };
		0150AA0E1990E5B20037F11B /* StateMachineSuite.cpp in Sources */ = {isa = PBXBuildFile; fileRef = 0150A9BE1990E5B20037F11B /* StateMachineSuite.cpp */; };
		0150AA0F1990E5B20037F11B /* FormatSuite.cpp in Sources */ = {isa = PBXBuildFile; fileRef = 0150A9C01990E5B20037F11B /* FormatSuite.cpp */; };
		0150AA101990E5B20037F11B /* SplitSuite.cpp in Sources */ = {isa = PBXBuildFile; fileRef = 0150A9C11990E5B20037F11B /* SplitSuite.cpp */; };
		0150AA111990E5B20037F11B /* SprintfSuite.cpp in Sources */ = {isa = PBXBuildFile; fileRef = 0150A9C21990E5B20037F11B /* SprintfSuite.cpp */; };
		0150AA121990E5B20037F11B /* StringAlgorithmSuite.cpp in Sources */ = {isa = PBXBuildFile; fileRef = 0150A9C31990E5B20037F11B /* StringAlgorithmSuite.cpp */; };
		0150AA131990E5B20037F11B /* StringToStringSuite.cpp in Sources */ = {isa = PBXBuildFile; fileRef = 0150A9C41990E5B20037F11B /* StringToStringSuite.cpp */; };
		0150AA141990E5B20037F11B /* Utf8StringSuite.cpp in Sources */ = {isa = PBXBuildFile; fileRef = 0150A9C51990E5B20037F11B /* Utf8StringSuite.cpp */; };
		0150AA151990E5B20037F11B /* ContinuationTraitsSuite.cpp in Sources */ = {isa = PBXBuildFile; fileRef = 0150A9C71990E5B20037F11B /* ContinuationTraitsSuite.cpp */; };
		0150AA161990E5B20037F11B /* StdAsyncSuite.cpp in Sources */ = {isa = PBXBuildFile; fileRef = 0150A9C81990E5B20037F11B /* StdAsyncSuite.cpp */; };
		0150AA171990E5B20037F11B /* TaskPollerSuite.cpp in Sources */ = {isa = PBXBuildFile; fileRef = 0150A9C91990E5B20037F11B /* TaskPollerSuite.cpp */; };
		0150AA181990E5B20037F11B /* TaskSuite.cpp in Sources */ = {isa = PBXBuildFile; fileRef = 0150A9CA1990E5B20037F11B /* TaskSuite.cpp */; };
		0150AA191990E5B20037F11B /* ThreadPoolSuite.cpp in Sources */ = {isa = PBXBuildFile; fileRef = 0150A9CB1990E5B20037F11B /* ThreadPoolSuite.cpp */; };
		0150AA1A1990E5B20037F11B /* WhenAllSuite.cpp in Sources */ = {isa = PBXBuildFile; fileRef = 0150A9CC1990E5B20037F11B /* WhenAllSuite.cpp */; };
		0150AA1B1990E5B20037F11B /* WorkerThreadSuite.cpp in Sources */ = {isa = PBXBuildFile; fileRef = 0150A9CD1990E5B20037F11B /* WorkerThreadSuite.cpp */; };
		0150AA1C1990E5B20037F11B /* LoopThreadGroupSuite.cpp in Sources */ = {isa = PBXBuildFile; fileRef = 0150A9CF1990E5B20037F11B /* LoopThreadGroupSuite.cpp */; };
		0150AA1D1990E5B20037F11B /* SpinMutexSuite.cpp in Sources */ = {isa = PBXBuildFile; fileRef = 0150A9D01990E5B20037F11B /* SpinMutexSuite.cpp */; };
		0150AA1E1990E5B20037F11B /* ThreadSuite.cpp in Sources */ = {isa = PBXBuildFile; fileRef = 0150A9D11990E5B20037F11B /* ThreadSuite.cpp */; };
		0150AA1F1990E5B20037F11B /* WaitableBoolSuite.cpp in Sources */ = {isa = PBXBuildFile; fileRef = 0150A9D21990E5B20037F11B /* WaitableBoolSuite.cpp */; };
		0150AA201990E5B20037F11B /* TraceChannelSuite.cpp in Sources */ = {isa = PBXBuildFile; fileRef = 0150A9D41990E5B20037F11B /* TraceChannelSuite.cpp */; };
		0150AA211990E5B20037F11B /* TraceSuite.cpp in Sources */ = {isa = PBXBuildFile; fileRef = 0150A9D51990E5B20037F11B /* TraceSuite.cpp */; };
		0150AA221990E5B20037F11B /* AnySuite.cpp in Sources */ = {isa = PBXBuildFile; fileRef = 0150A9DA1990E5B20037F11B /* AnySuite.cpp */; };
		0150AA231990E5B20037F11B /* NamedValuesSuite.cpp in Sources */ = {isa = PBXBuildFile; fileRef = 0150A9DB1990E5B20037F11B /* NamedValuesSuite.cpp */; };
		0150AA241990E5B20037F11B /* SharedArraySuite.cpp in Sources */ = {isa = PBXBuildFile; fileRef = 0150A9DC1990E5B20037F11B /* SharedArraySuite.cpp */; };
		6AAF38F11849D3B00010FAF1 /* libCaramel.a in Frameworks */ = {isa = PBXBuildFile; fileRef = 6AAF38F01849D3940010FAF1 /* libCaramel.a */; };
/* End PBXBuildFile section */

/* Begin PBXContainerItemProxy section */
		6AAF38EF1849D3940010FAF1 /* PBXContainerItemProxy */ = {
			isa = PBXContainerItemProxy;
			containerPortal = 6AAF38EB1849D3930010FAF1 /* Caramel.xcodeproj */;
			proxyType = 2;
			remoteGlobalIDString = 6A23F6861849A13C00FD4293;
			remoteInfo = Caramel;
		};
/* End PBXContainerItemProxy section */

/* Begin PBXCopyFilesBuildPhase section */
		6A706E6F1849853D004C9602 /* CopyFiles */ = {
			isa = PBXCopyFilesBuildPhase;
			buildActionMask = 2147483647;
			dstPath = /usr/share/man/man1/;
			dstSubfolderSpec = 0;
			files = (
			);
			runOnlyForDeploymentPostprocessing = 1;
		};
/* End PBXCopyFilesBuildPhase section */

/* Begin PBXFileReference section */
		0150A97C1990E5B20037F11B /* FlagsSuite.cpp */ = {isa = PBXFileReference; fileEncoding = 4; lastKnownFileType = sourcecode.cpp.cpp; path = FlagsSuite.cpp; sourceTree = "<group>"; };
		0150A97D1990E5B20037F11B /* PowerOfTwoSuite.cpp */ = {isa = PBXFileReference; fileEncoding = 4; lastKnownFileType = sourcecode.cpp.cpp; path = PowerOfTwoSuite.cpp; sourceTree = "<group>"; };
		0150A97F1990E5B20037F11B /* AnyEventDispatcherSuite.cpp */ = {isa = PBXFileReference; fileEncoding = 4; lastKnownFileType = sourcecode.cpp.cpp; path = AnyEventDispatcherSuite.cpp; sourceTree = "<group>"; };
		0150A9801990E5B20037F11B /* AnyEventHandlerSuite.cpp */ = {isa = PBXFileReference; fileEncoding = 4; lastKnownFileType = sourcecode.cpp.cpp; path = AnyEventHandlerSuite.cpp; sourceTree = "<group>"; };
		0150A9811990E5B20037F11B /* AnyEventQueueSuite.cpp */ = {isa = PBXFileReference; fileEncoding = 4; lastKnownFileType = sourcecode.cpp.cpp; path = AnyEventQueueSuite.cpp; sourceTree = "<group>"; };
		0150A9821990E5B20037F11B /* AnyEventSlotSuite.cpp */ = {isa = PBXFileReference; fileEncoding = 4; lastKnownFileType = sourcecode.cpp.cpp; path = AnyEventSlotSuite.cpp; sourceTree = "<group>"; };
		0150A9831990E5B20037F11B /* AnyEventSuite.cpp */ = {isa = PBXFileReference; fileEncoding = 4; lastKnownFileType = sourcecode.cpp.cpp; path = AnyEventSuite.cpp; sourceTree = "<group>"; };
		0150A9841990E5B20037F11B /* FlowStateSuite.cpp */ = {isa = PBXFileReference; fileEncoding = 4; lastKnownFileType = sourcecode.cpp.cpp; path = FlowStateSuite.cpp; sourceTree = "<group>"; };
		0150A9851990E5B20037F11B /* ValueChangeSuite.cpp */ = {isa = PBXFileReference; fileEncoding = 4; lastKnownFileType = sourcecode.cpp.cpp; path = ValueChangeSuite.cpp; sourceTree = "<group>"; };
		0150A9861990E5B20037F11B /* CaramelTestPch.cpp */ = {isa = PBXFileReference; fileEncoding = 4; lastKnownFileType = sourcecode.cpp.cpp; path = CaramelTestPch.cpp; sourceTree = "<group>"; };
		0150A9871990E5B20037F11B /* CaramelTestPch.h */ = {isa = PBXFileReference; fileEncoding = 4; lastKnownFileType = sourcecode.c.h; path = CaramelTestPch.h; sourceTree = "<group>"; };
		0150A9891990E5B20037F11B /* ClockProxySuite.cpp */ = {isa = PBXFileReference; fileEncoding = 4; lastKnownFileType = sourcecode.cpp.cpp; path = ClockProxySuite.cpp; sourceTree = "<group>"; };
		0150A98A1990E5B20037F11B /* SecondClockSuite.cpp */ = {isa = PBXFileReference; fileEncoding = 4; lastKnownFileType = sourcecode.cpp.cpp; path = SecondClockSuite.cpp; sourceTree = "<group>"; };
		0150A98B1990E5B20037F11B /* TickClockSuite.cpp */ = {isa = PBXFileReference; fileEncoding = 4; lastKnownFileType = sourcecode.cpp.cpp; path = TickClockSuite.cpp; sourceTree = "<group>"; };
		0150A98C1990E5B20037F11B /* TimedBoolSuite.cpp */ = {isa = PBXFileReference; fileEncoding = 4; lastKnownFileType = sourcecode.cpp.cpp; path = TimedBoolSuite.cpp; sourceTree = "<group>"; };
		0150A98E1990E5B20037F11B /* ConcurrentBlockingQueueSuite.cpp */ = {isa = PBXFileReference; fileEncoding = 4; lastKnownFileType = sourcecode.cpp.cpp; path = ConcurrentBlockingQueueSuite.cpp; sourceTree = "<group>"; };
		0150A98F1990E5B20037F11B /* ConcurrentIntervalSetSuite.cpp */ = {isa = PBXFileReference; fileEncoding = 4; lastKnownFileType = sourcecode.cpp.cpp; path = ConcurrentIntervalSetSuite.cpp; sourceTree = "<group>"; };
		0150A9901990E5B20037F11B /* ConcurrentMapSuite.cpp */ = {isa = PBXFileReference; fileEncoding = 4; lastKnownFileType = sourcecode.cpp.cpp; path = ConcurrentMapSuite.cpp; sourceTree = "<group>"; };
		0150A9911990E5B20037F11B /* ConcurrentPriorityQueueSuite.cpp */ = {isa = PBXFileReference; fileEncoding = 4; lastKnownFileType = sourcecode.cpp.cpp; path = ConcurrentPriorityQueueSuite.cpp; sourceTree = "<group>"; };
		0150A9921990E5B20037F11B /* ConcurrentQueueSuite.cpp */ = {isa = PBXFileReference; fileEncoding = 4; lastKnownFileType = sourcecode.cpp.cpp; path = ConcurrentQueueSuite.cpp; sourceTree = "<group>"; };
		0150A9931990E5B20037F11B /* ConcurrentSetSuite.cpp */ = {isa = PBXFileReference; fileEncoding = 4; lastKnownFileType = sourcecode.cpp.cpp; path = ConcurrentSetSuite.cpp; sourceTree = "<group>"; };
		0150A9941990E5B20037F11B /* ConcurrentStackSuite.cpp */ = {isa = PBXFileReference; fileEncoding = 4; lastKnownFileType = sourcecode.cpp.cpp; path = ConcurrentStackSuite.cpp; sourceTree = "<group>"; };
		0150A9961990E5B20037F11B /* Base64Suite.cpp */ = {isa = PBXFileReference; fileEncoding = 4; lastKnownFileType = sourcecode.cpp.cpp; path = Base64Suite.cpp; sourceTree = "<group>"; };
		0150A9971990E5B20037F11B /* LookupTableSuite.cpp */ = {isa = PBXFileReference; fileEncoding = 4; lastKnownFileType = sourcecode.cpp.cpp; path = LookupTableSuite.cpp; sourceTree = "<group>"; };
		0150A9991990E5B20037F11B /* DateSuite.cpp */ = {isa = PBXFileReference; fileEncoding = 4; lastKnownFileType = sourcecode.cpp.cpp; path = DateSuite.cpp; sourceTree = "<group>"; };
		0150A99A1990E5B20037F11B /* DateTimeBoolSuite.cpp */ = {isa = PBXFileReference; fileEncoding = 4; lastKnownFileType = sourcecode.cpp.cpp; path = DateTimeBoolSuite.cpp; sourceTree = "<group>"; };
		0150A99B1990E5B20037F11B /* DateTimeSuite.cpp */ = {isa = PBXFileReference; fileEncoding = 4; lastKnownFileType = sourcecode.cpp.cpp; path = DateTimeSuite.cpp; sourceTree = "<group>"; };
		0150A99C1990E5B20037F11B /* TimeOfDaySuite.cpp */ = {isa = PBXFileReference; fileEncoding = 4; lastKnownFileType = sourcecode.cpp.cpp; path = TimeOfDaySuite.cpp; sourceTree = "<group>"; };
		0150A99D1990E5B20037F11B /* TimeSpanSuite.cpp */ = {isa = PBXFileReference; fileEncoding = 4; lastKnownFileType = sourcecode.cpp.cpp; path = TimeSpanSuite.cpp; sourceTree = "<group>"; };
		0150A99F1990E5B20037F11B /* IniDocumentSuite.cpp */ = {isa = PBXFileReference; fileEncoding = 4; lastKnownFileType = sourcecode.cpp.cpp; path = IniDocumentSuite.cpp; sourceTree = "<group>"; };
		0150A9A01990E5B20037F11B /* test1.ini */ = {isa = PBXFileReference; fileEncoding = 4; lastKnownFileType = text; path = test1.ini; sourceTree = "<group>"; };
		0150A9A11990E5B20037F11B /* test2.ini */ = {isa = PBXFileReference; fileEncoding = 4; lastKnownFileType = text; path = test2.ini; sourceTree = "<group>"; };
		0150A9A31990E5B20037F11B /* AlertSuite.cpp */ = {isa = PBXFileReference; fileEncoding = 4; lastKnownFileType = sourcecode.cpp.cpp; path = AlertSuite.cpp; sourceTree = "<group>"; };
		0150A9A41990E5B20037F11B /* AnyFailureSuite.cpp */ = {isa = PBXFileReference; fileEncoding = 4; lastKnownFileType = sourcecode.cpp.cpp; path = AnyFailureSuite.cpp; sourceTree = "<group>"; };
		0150A9A51990E5B20037F11B /* CatchExceptionSuite.cpp */ = {isa = PBXFileReference; fileEncoding = 4; lastKnownFileType = sourcecode.cpp.cpp; path = CatchExceptionSuite.cpp; sourceTree = "<group>"; };
		0150A9A61990E5B20037F11B /* ExceptionPtrSuite.cpp */ = {isa = PBXFileReference; fileEncoding = 4; lastKnownFileType = sourcecode.cpp.cpp; path = ExceptionPtrSuite.cpp; sourceTree = "<group>"; };
		0150A9A81990E5B20037F11B /* DirectoryInfoSuite.cpp */ = {isa = PBXFileReference; fileEncoding = 4; lastKnownFileType = sourcecode.cpp.cpp; path = DirectoryInfoSuite.cpp; sourceTree = "<group>"; };
		0150A9A91990E5B20037F11B /* PathSuite.cpp */ = {isa = PBXFileReference; fileEncoding = 4; lastKnownFileType = sourcecode.cpp.cpp; path = PathSuite.cpp; sourceTree = "<group>"; };
		0150A9AB1990E5B20037F11B /* BindSuite.cpp */ = {isa = PBXFileReference; fileEncoding = 4; lastKnownFileType = sourcecode.cpp.cpp; path = BindSuite.cpp; sourceTree = "<group>"; };
		0150A9AD1990E5B20037F11B /* TextStreamWriterSuite.cpp */ = {isa = PBXFileReference; fileEncoding = 4; lastKnownFileType = sourcecode.cpp.cpp; path = TextStreamWriterSuite.cpp; sourceTree = "<group>"; };
		0150A9AF1990E5B20037F11B /* LexicalBooleanSuite.cpp */ = {isa = PBXFileReference; fileEncoding = 4; lastKnownFileType = sourcecode.cpp.cpp; path = LexicalBooleanSuite.cpp; sourceTree = "<group>"; };
		0150A9B01990E5B20037F11B /* LexicalFloatingSuite.cpp */ = {isa = PBXFileReference; fileEncoding = 4; lastKnownFileType = sourcecode.cpp.cpp; path = LexicalFloatingSuite.cpp; sourceTree = "<group>"; };
		0150A9B11990E5B20037F11B /* LexicalIntegerSuite.cpp */ = {isa = PBXFileReference; fileEncoding = 4; lastKnownFileType = sourcecode.cpp.cpp; path = LexicalIntegerSuite.cpp; sourceTree = "<group>"; };
		0150A9B31990E5B20037F11B /* SharedPtrUtilsSuite.cpp */ = {isa = PBXFileReference; fileEncoding = 4; lastKnownFileType = sourcecode.cpp.cpp; path = SharedPtrUtilsSuite.cpp; sourceTree = "<group>"; };
		0150A9B51990E5B20037F11B /* IsGeneralStringSuite.cpp */ = {isa = PBXFileReference; fileEncoding = 4; lastKnownFileType = sourcecode.cpp.cpp; path = IsGeneralStringSuite.cpp; sourceTree = "<group>"; };
		0150A9B71990E5B20037F11B /* NumberTraitsSuite.cpp */ = {isa = PBXFileReference; fileEncoding = 4; lastKnownFileType = sourcecode.cpp.cpp; path = NumberTraitsSuite.cpp; sourceTree = "<group>"; };
		0150A9B81990E5B20037F11B /* UnionBitsSuite.cpp */ = {isa = PBXFileReference; fileEncoding = 4; lastKnownFileType = sourcecode.cpp.cpp; path = UnionBitsSuite.cpp; sourceTree = "<group>"; };
		0150A9BA1990E5B20037F11B /* UniformRandomSuite.cpp */ = {isa = PBXFileReference; fileEncoding = 4; lastKnownFileType = sourcecode.cpp.cpp; path = UniformRandomSuite.cpp; sourceTree = "<group>"; };
		0150A9BB1990E5B20037F11B /* WeightedRandomMapSuite.cpp */ = {isa = PBXFileReference; fileEncoding = 4; lastKnownFileType = sourcecode.cpp.cpp; path = WeightedRandomMapSuite.cpp; sourceTree = "<group>"; };
		0150A9BC1990E5B20037F11B /* RunTest.cpp */ = {isa = PBXFileReference; fileEncoding = 4; lastKnownFileType = sourcecode.cpp.cpp; path = RunTest.cpp; sourceTree = "<group>"; };
		0150A9BE1990E5B20037F11B /* StateMachineSuite.cpp */ = {isa = PBXFileReference; fileEncoding = 4; lastKnownFileType = sourcecode.cpp.cpp; path = StateMachineSuite.cpp; sourceTree = "<group>"; };
		0150A9C01990E5B20037F11B /* FormatSuite.cpp */ = {isa = PBXFileReference; fileEncoding = 4; lastKnownFileType = sourcecode.cpp.cpp; path = FormatSuite.cpp; sourceTree = "<group>"; };
		0150A9C11990E5B20037F11B /* SplitSuite.cpp */ = {isa = PBXFileReference; fileEncoding = 4; lastKnownFileType = sourcecode.cpp.cpp; path = SplitSuite.cpp; sourceTree = "<group>"; };
		0150A9C21990E5B20037F11B /* SprintfSuite.cpp */ = {isa = PBXFileReference; fileEncoding = 4; lastKnownFileType = sourcecode.cpp.cpp; path = SprintfSuite.cpp; sourceTree = "<group>"; };
		0150A9C31990E5B20037F11B /* StringAlgorithmSuite.cpp */ = {isa = PBXFileReference; fileEncoding = 4; lastKnownFileType = sourcecode.cpp.cpp; path = StringAlgorithmSuite.cpp; sourceTree = "<group>"; };
		0150A9C41990E5B20037F11B /* StringToStringSuite.cpp */ = {isa = PBXFileReference; fileEncoding = 4; lastKnownFileType = sourcecode.cpp.cpp; path = StringToStringSuite.cpp; sourceTree = "<group>"; };
		0150A9C51990E5B20037F11B /* Utf8StringSuite.cpp */ = {isa = PBXFileReference; fileEncoding = 4; lastKnownFileType = sourcecode.cpp.cpp; path = Utf8StringSuite.cpp; sourceTree = "<group>"; };
		0150A9C71990E5B20037F11B /* ContinuationTraitsSuite.cpp */ = {isa = PBXFileReference; fileEncoding = 4; lastKnownFileType = sourcecode.cpp.cpp; path = ContinuationTraitsSuite.cpp; sourceTree = "<group>"; };
		0150A9C81990E5B20037F11B /* StdAsyncSuite.cpp */ = {isa = PBXFileReference; fileEncoding = 4; lastKnownFileType = sourcecode.cpp.cpp; path = StdAsyncSuite.cpp; sourceTree = "<group>"; };
		0150A9C91990E5B20037F11B /* TaskPollerSuite.cpp */ = {isa = PBXFileReference; fileEncoding = 4; lastKnownFileType = sourcecode.cpp.cpp; path = TaskPollerSuite.cpp; sourceTree = "<group>"; };
		0150A9CA1990E5B20037F11B /* TaskSuite.cpp */ = {isa = PBXFileReference; fileEncoding = 4; lastKnownFileType = sourcecode.cpp.cpp; path = TaskSuite.cpp; sourceTree = "<group>"; };
		0150A9CB1990E5B20037F11B /* ThreadPoolSuite.cpp */ = {isa = PBXFileReference; fileEncoding = 4; lastKnownFileType = sourcecode.cpp.cpp; path = ThreadPoolSuite.cpp; sourceTree = "<group>"; };
		0150A9CC1990E5B20037F11B /* WhenAllSuite.cpp */ = {isa = PBXFileReference; fileEncoding = 4; lastKnownFileType = sourcecode.cpp.cpp; path = WhenAllSuite.cpp; sourceTree = "<group>"; };
		0150A9CD1990E5B20037F11B /* WorkerThreadSuite.cpp */ = {isa = PBXFileReference; fileEncoding = 4; lastKnownFileType = sourcecode.cpp.cpp; path = WorkerThreadSuite.cpp; sourceTree = "<group>"; };
		0150A9CF1990E5B20037F11B /* LoopThreadGroupSuite.cpp */ = {isa = PBXFileReference; fileEncoding = 4; lastKnownFileType = sourcecode.cpp.cpp; path = LoopThreadGroupSuite.cpp; sourceTree = "<group>"; };
		0150A9D01990E5B20037F11B /* SpinMutexSuite.cpp */ = {isa = PBXFileReference; fileEncoding = 4; lastKnownFileType = sourcecode.cpp.cpp; path = SpinMutexSuite.cpp; sourceTree = "<group>"; };
		0150A9D11990E5B20037F11B /* ThreadSuite.cpp */ = {isa = PBXFileReference; fileEncoding = 4; lastKnownFileType = sourcecode.cpp.cpp; path = ThreadSuite.cpp; sourceTree = "<group>"; };
		0150A9D21990E5B20037F11B /* WaitableBoolSuite.cpp */ = {isa = PBXFileReference; fileEncoding = 4; lastKnownFileType = sourcecode.cpp.cpp; path = WaitableBoolSuite.cpp; sourceTree = "<group>"; };
		0150A9D41990E5B20037F11B /* TraceChannelSuite.cpp */ = {isa = PBXFileReference; fileEncoding = 4; lastKnownFileType = sourcecode.cpp.cpp; path = TraceChannelSuite.cpp; sourceTree = "<group>"; };
		0150A9D51990E5B20037F11B /* TraceSuite.cpp */ = {isa = PBXFileReference; fileEncoding = 4; lastKnownFileType = sourcecode.cpp.cpp; path = TraceSuite.cpp; sourceTree = "<group>"; };
		0150A9D71990E5B20037F11B /* SharedArrayUtils.h */ = {isa = PBXFileReference; fileEncoding = 4; lastKnownFileType = sourcecode.c.h; path = SharedArrayUtils.h; sourceTree = "<group>"; };
		0150A9D81990E5B20037F11B /* StdVectorUtils.h */ = {isa = PBXFileReference; fileEncoding = 4; lastKnownFileType = sourcecode.c.h; path = StdVectorUtils.h; sourceTree = "<group>"; };
		0150A9DA1990E5B20037F11B /* AnySuite.cpp */ = {isa = PBXFileReference; fileEncoding = 4; lastKnownFileType = sourcecode.cpp.cpp; path = AnySuite.cpp; sourceTree = "<group>"; };
		0150A9DB1990E5B20037F11B /* NamedValuesSuite.cpp */ = {isa = PBXFileReference; fileEncoding = 4; lastKnownFileType = sourcecode.cpp.cpp; path = NamedValuesSuite.cpp; sourceTree = "<group>"; };
		0150A9DC1990E5B20037F11B /* SharedArraySuite.cpp */ = {isa = PBXFileReference; fileEncoding = 4; lastKnownFileType = sourcecode.cpp.cpp; path = SharedArraySuite.cpp; sourceTree = "<group>"; };
		6A706EBB184985D3004C9602 /* CaramelTest */ = {isa = PBXFileReference; explicitFileType = "compiled.mach-o.executable"; includeInIndex = 0; path = CaramelTest; sourceTree = BUILT_PRODUCTS_DIR; };
		6AAF38EB1849D3930010FAF1 /* Caramel.xcodeproj */ = {isa = PBXFileReference; lastKnownFileType = "wrapper.pb-project"; name = Caramel.xcodeproj; path = ../../proj.mac/Caramel.xcodeproj; sourceTree = "<group>"; };
/* End PBXFileReference section */

/* Begin PBXFrameworksBuildPhase section */
		6A706E6E1849853D004C9602 /* Frameworks */ = {
			isa = PBXFrameworksBuildPhase;
			buildActionMask = 2147483647;
			files = (
				6AAF38F11849D3B00010FAF1 /* libCaramel.a in Frameworks */,
			);
			runOnlyForDeploymentPostprocessing = 0;
		};
/* End PBXFrameworksBuildPhase section */

/* Begin PBXGroup section */
		0150A97A1990E5B20037F11B /* src */ = {
			isa = PBXGroup;
			children = (
				0150A97B1990E5B20037F11B /* Arithmetic */,
				0150A97E1990E5B20037F11B /* Async */,
				0150A9861990E5B20037F11B /* CaramelTestPch.cpp */,
				0150A9871990E5B20037F11B /* CaramelTestPch.h */,
				0150A9881990E5B20037F11B /* Chrono */,
				0150A98D1990E5B20037F11B /* Concurrent */,
				0150A9951990E5B20037F11B /* Data */,
				0150A9981990E5B20037F11B /* DateTime */,
				0150A99E1990E5B20037F11B /* Document */,
				0150A9A21990E5B20037F11B /* Error */,
				0150A9A71990E5B20037F11B /* FileSystem */,
				0150A9AA1990E5B20037F11B /* Functional */,
				0150A9AC1990E5B20037F11B /* Io */,
				0150A9AE1990E5B20037F11B /* Lexical */,
				0150A9B21990E5B20037F11B /* Memory */,
				0150A9B41990E5B20037F11B /* Meta */,
				0150A9B61990E5B20037F11B /* Numeric */,
				0150A9B91990E5B20037F11B /* Random */,
				0150A9BC1990E5B20037F11B /* RunTest.cpp */,
				0150A9BD1990E5B20037F11B /* Statechart */,
				0150A9BF1990E5B20037F11B /* String */,
				0150A9C61990E5B20037F11B /* Task */,
				0150A9CE1990E5B20037F11B /* Thread */,
				0150A9D31990E5B20037F11B /* Trace */,
				0150A9D61990E5B20037F11B /* Utils */,
				0150A9D91990E5B20037F11B /* Value */,
			);
			name = src;
			path = ../src;
			sourceTree = "<group>";
		};
		0150A97B1990E5B20037F11B /* Arithmetic */ = {
			isa = PBXGroup;
			children = (
				0150A97C1990E5B20037F11B /* FlagsSuite.cpp */,
				0150A97D1990E5B20037F11B /* PowerOfTwoSuite.cpp */,
			);
			path = Arithmetic;
			sourceTree = "<group>";
		};
		0150A97E1990E5B20037F11B /* Async */ = {
			isa = PBXGroup;
			children = (
				0150A97F1990E5B20037F11B /* AnyEventDispatcherSuite.cpp */,
				0150A9801990E5B20037F11B /* AnyEventHandlerSuite.cpp */,
				0150A9811990E5B20037F11B /* AnyEventQueueSuite.cpp */,
				0150A9821990E5B20037F11B /* AnyEventSlotSuite.cpp */,
				0150A9831990E5B20037F11B /* AnyEventSuite.cpp */,
				0150A9841990E5B20037F11B /* FlowStateSuite.cpp */,
				0150A9851990E5B20037F11B /* ValueChangeSuite.cpp */,
			);
			path = Async;
			sourceTree = "<group>";
		};
		0150A9881990E5B20037F11B /* Chrono */ = {
			isa = PBXGroup;
			children = (
				0150A9891990E5B20037F11B /* ClockProxySuite.cpp */,
				0150A98A1990E5B20037F11B /* SecondClockSuite.cpp */,
				0150A98B1990E5B20037F11B /* TickClockSuite.cpp */,
				0150A98C1990E5B20037F11B /* TimedBoolSuite.cpp */,
			);
			path = Chrono;
			sourceTree = "<group>";
		};
		0150A98D1990E5B20037F11B /* Concurrent */ = {
			isa = PBXGroup;
			children = (
				0150A98E1990E5B20037F11B /* ConcurrentBlockingQueueSuite.cpp */,
				0150A98F1990E5B20037F11B /* ConcurrentIntervalSetSuite.cpp */,
				0150A9901990E5B20037F11B /* ConcurrentMapSuite.cpp */,
				0150A9911990E5B20037F11B /* ConcurrentPriorityQueueSuite.cpp */,
				0150A9921990E5B20037F11B /* ConcurrentQueueSuite.cpp */,
				0150A9931990E5B20037F11B /* ConcurrentSetSuite.cpp */,
				0150A9941990E5B20037F11B /* ConcurrentStackSuite.cpp */,
			);
			path = Concurrent;
			sourceTree = "<group>";
		};
		0150A9951990E5B20037F11B /* Data */ = {
			isa = PBXGroup;
			children = (
				0150A9961990E5B20037F11B /* Base64Suite.cpp */,
				0150A9971990E5B20037F11B /* LookupTableSuite.cpp */,
			);
			path = Data;
			sourceTree = "<group>";
		};
		0150A9981990E5B20037F11B /* DateTime */ = {
			isa = PBXGroup;
			children = (
				0150A9991990E5B20037F11B /* DateSuite.cpp */,
				0150A99A1990E5B20037F11B /* DateTimeBoolSuite.cpp */,
				0150A99B1990E5B20037F11B /* DateTimeSuite.cpp */,
				0150A99C1990E5B20037F11B /* TimeOfDaySuite.cpp */,
				0150A99D1990E5B20037F11B /* TimeSpanSuite.cpp */,
			);
			path = DateTime;
			sourceTree = "<group>";
		};
		0150A99E1990E5B20037F11B /* Document */ = {
			isa = PBXGroup;
			children = (
				0150A99F1990E5B20037F11B /* IniDocumentSuite.cpp */,
				0150A9A01990E5B20037F11B /* test1.ini */,
				0150A9A11990E5B20037F11B /* test2.ini */,
			);
			path = Document;
			sourceTree = "<group>";
		};
		0150A9A21990E5B20037F11B /* Error */ = {
			isa = PBXGroup;
			children = (
				0150A9A31990E5B20037F11B /* AlertSuite.cpp */,
				0150A9A41990E5B20037F11B /* AnyFailureSuite.cpp */,
				0150A9A51990E5B20037F11B /* CatchExceptionSuite.cpp */,
				0150A9A61990E5B20037F11B /* ExceptionPtrSuite.cpp */,
			);
			path = Error;
			sourceTree = "<group>";
		};
		0150A9A71990E5B20037F11B /* FileSystem */ = {
			isa = PBXGroup;
			children = (
				0150A9A81990E5B20037F11B /* DirectoryInfoSuite.cpp */,
				0150A9A91990E5B20037F11B /* PathSuite.cpp */,
			);
			path = FileSystem;
			sourceTree = "<group>";
		};
		0150A9AA1990E5B20037F11B /* Functional */ = {
			isa = PBXGroup;
			children = (
				0150A9AB1990E5B20037F11B /* BindSuite.cpp */,
			);
			path = Functional;
			sourceTree = "<group>";
		};
		0150A9AC1990E5B20037F11B /* Io */ = {
			isa = PBXGroup;
			children = (
				0150A9AD1990E5B20037F11B /* TextStreamWriterSuite.cpp */,
			);
			path = Io;
			sourceTree = "<group>";
		};
		0150A9AE1990E5B20037F11B /* Lexical */ = {
			isa = PBXGroup;
			children = (
				0150A9AF1990E5B20037F11B /* LexicalBooleanSuite.cpp */,
				0150A9B01990E5B20037F11B /* LexicalFloatingSuite.cpp */,
				0150A9B11990E5B20037F11B /* LexicalIntegerSuite.cpp */,
			);
			path = Lexical;
			sourceTree = "<group>";
		};
		0150A9B21990E5B20037F11B /* Memory */ = {
			isa = PBXGroup;
			children = (
				0150A9B31990E5B20037F11B /* SharedPtrUtilsSuite.cpp */,
			);
			path = Memory;
			sourceTree = "<group>";
		};
		0150A9B41990E5B20037F11B /* Meta */ = {
			isa = PBXGroup;
			children = (
				0150A9B51990E5B20037F11B /* IsGeneralStringSuite.cpp */,
			);
			path = Meta;
			sourceTree = "<group>";
		};
		0150A9B61990E5B20037F11B /* Numeric */ = {
			isa = PBXGroup;
			children = (
				0150A9B71990E5B20037F11B /* NumberTraitsSuite.cpp */,
				0150A9B81990E5B20037F11B /* UnionBitsSuite.cpp */,
			);
			path = Numeric;
			sourceTree = "<group>";
		};
		0150A9B91990E5B20037F11B /* Random */ = {
			isa = PBXGroup;
			children = (
				0150A9BA1990E5B20037F11B /* UniformRandomSuite.cpp */,
				0150A9BB1990E5B20037F11B /* WeightedRandomMapSuite.cpp */,
			);
			path = Random;
			sourceTree = "<group>";
		};
		0150A9BD1990E5B20037F11B /* Statechart */ = {
			isa = PBXGroup;
			children = (
				0150A9BE1990E5B20037F11B /* StateMachineSuite.cpp */,
			);
			path = Statechart;
			sourceTree = "<group>";
		};
		0150A9BF1990E5B20037F11B /* String */ = {
			isa = PBXGroup;
			children = (
				0150A9C01990E5B20037F11B /* FormatSuite.cpp */,
				0150A9C11990E5B20037F11B /* SplitSuite.cpp */,
				0150A9C21990E5B20037F11B /* SprintfSuite.cpp */,
				0150A9C31990E5B20037F11B /* StringAlgorithmSuite.cpp */,
				0150A9C41990E5B20037F11B /* StringToStringSuite.cpp */,
				0150A9C51990E5B20037F11B /* Utf8StringSuite.cpp */,
			);
			path = String;
			sourceTree = "<group>";
		};
		0150A9C61990E5B20037F11B /* Task */ = {
			isa = PBXGroup;
			children = (
				0150A9C71990E5B20037F11B /* ContinuationTraitsSuite.cpp */,
				0150A9C81990E5B20037F11B /* StdAsyncSuite.cpp */,
				0150A9C91990E5B20037F11B /* TaskPollerSuite.cpp */,
				0150A9CA1990E5B20037F11B /* TaskSuite.cpp */,
				0150A9CB1990E5B20037F11B /* ThreadPoolSuite.cpp */,
				0150A9CC1990E5B20037F11B /* WhenAllSuite.cpp */,
				0150A9CD1990E5B20037F11B /* WorkerThreadSuite.cpp */,
			);
			path = Task;
			sourceTree = "<group>";
		};
		0150A9CE1990E5B20037F11B /* Thread */ = {
			isa = PBXGroup;
			children = (
				0150A9CF1990E5B20037F11B /* LoopThreadGroupSuite.cpp */,
				0150A9D01990E5B20037F11B /* SpinMutexSuite.cpp */,
				0150A9D11990E5B20037F11B /* ThreadSuite.cpp */,
				0150A9D21990E5B20037F11B /* WaitableBoolSuite.cpp */,
			);
			path = Thread;
			sourceTree = "<group>";
		};
		0150A9D31990E5B20037F11B /* Trace */ = {
			isa = PBXGroup;
			children = (
				0150A9D41990E5B20037F11B /* TraceChannelSuite.cpp */,
				0150A9D51990E5B20037F11B /* TraceSuite.cpp */,
			);
			path = Trace;
			sourceTree = "<group>";
		};
		0150A9D61990E5B20037F11B /* Utils */ = {
			isa = PBXGroup;
			children = (
				0150A9D71990E5B20037F11B /* SharedArrayUtils.h */,
				0150A9D81990E5B20037F11B /* StdVectorUtils.h */,
			);
			path = Utils;
			sourceTree = "<group>";
		};
		0150A9D91990E5B20037F11B /* Value */ = {
			isa = PBXGroup;
			children = (
				0150A9DA1990E5B20037F11B /* AnySuite.cpp */,
				0150A9DB1990E5B20037F11B /* NamedValuesSuite.cpp */,
				0150A9DC1990E5B20037F11B /* SharedArraySuite.cpp */,
			);
			path = Value;
			sourceTree = "<group>";
		};
		6A706E681849853D004C9602 = {
			isa = PBXGroup;
			children = (
				0150A97A1990E5B20037F11B /* src */,
				6AAF38EB1849D3930010FAF1 /* Caramel.xcodeproj */,
				6A706EBB184985D3004C9602 /* CaramelTest */,
			);
			sourceTree = "<group>";
		};
		6AAF38EC1849D3930010FAF1 /* Products */ = {
			isa = PBXGroup;
			children = (
				6AAF38F01849D3940010FAF1 /* libCaramel.a */,
			);
			name = Products;
			sourceTree = "<group>";
		};
/* End PBXGroup section */

/* Begin PBXNativeTarget section */
		6A706E701849853D004C9602 /* CaramelTest */ = {
			isa = PBXNativeTarget;
			buildConfigurationList = 6A706E7A1849853D004C9602 /* Build configuration list for PBXNativeTarget "CaramelTest" */;
			buildPhases = (
				6A706E6D1849853D004C9602 /* Sources */,
				6A706E6E1849853D004C9602 /* Frameworks */,
				6A706E6F1849853D004C9602 /* CopyFiles */,
			);
			buildRules = (
			);
			dependencies = (
			);
			name = CaramelTest;
			productName = CaramelTest;
			productReference = 6A706EBB184985D3004C9602 /* CaramelTest */;
			productType = "com.apple.product-type.tool";
		};
/* End PBXNativeTarget section */

/* Begin PBXProject section */
		6A706E691849853D004C9602 /* Project object */ = {
			isa = PBXProject;
			attributes = {
				LastUpgradeCheck = 0500;
				ORGANIZATIONNAME = slimek;
			};
			buildConfigurationList = 6A706E6C1849853D004C9602 /* Build configuration list for PBXProject "CaramelTest" */;
			compatibilityVersion = "Xcode 3.2";
			developmentRegion = English;
			hasScannedForEncodings = 0;
			knownRegions = (
				en,
			);
			mainGroup = 6A706E681849853D004C9602;
			productRefGroup = 6A706E681849853D004C9602;
			projectDirPath = "";
			projectReferences = (
				{
					ProductGroup = 6AAF38EC1849D3930010FAF1 /* Products */;
					ProjectRef = 6AAF38EB1849D3930010FAF1 /* Caramel.xcodeproj */;
				},
			);
			projectRoot = "";
			targets = (
				6A706E701849853D004C9602 /* CaramelTest */,
			);
		};
/* End PBXProject section */

/* Begin PBXReferenceProxy section */
		6AAF38F01849D3940010FAF1 /* libCaramel.a */ = {
			isa = PBXReferenceProxy;
			fileType = archive.ar;
			path = libCaramel.a;
			remoteRef = 6AAF38EF1849D3940010FAF1 /* PBXContainerItemProxy */;
			sourceTree = BUILT_PRODUCTS_DIR;
		};
/* End PBXReferenceProxy section */

/* Begin PBXSourcesBuildPhase section */
		6A706E6D1849853D004C9602 /* Sources */ = {
			isa = PBXSourcesBuildPhase;
			buildActionMask = 2147483647;
			files = (
				0150AA1C1990E5B20037F11B /* LoopThreadGroupSuite.cpp in Sources */,
				0150A9FB1990E5B20037F11B /* IniDocumentSuite.cpp in Sources */,
				0150AA051990E5B20037F11B /* LexicalFloatingSuite.cpp in Sources */,
				0150AA061990E5B20037F11B /* LexicalIntegerSuite.cpp in Sources */,
				0150A9E41990E5B20037F11B /* AnyEventSlotSuite.cpp in Sources */,
				0150A9FA1990E5B20037F11B /* TimeSpanSuite.cpp in Sources */,
				0150AA121990E5B20037F11B /* StringAlgorithmSuite.cpp in Sources */,
				0150AA0C1990E5B20037F11B /* WeightedRandomMapSuite.cpp in Sources */,
				0150A9E31990E5B20037F11B /* AnyEventQueueSuite.cpp in Sources */,
				0150AA081990E5B20037F11B /* IsGeneralStringSuite.cpp in Sources */,
				0150A9FE1990E5B20037F11B /* CatchExceptionSuite.cpp in Sources */,
				0150A9E01990E5B20037F11B /* PowerOfTwoSuite.cpp in Sources */,
				0150A9EA1990E5B20037F11B /* SecondClockSuite.cpp in Sources */,
				0150A9E91990E5B20037F11B /* ClockProxySuite.cpp in Sources */,
				0150A9F41990E5B20037F11B /* Base64Suite.cpp in Sources */,
				0150A9FF1990E5B20037F11B /* ExceptionPtrSuite.cpp in Sources */,
				0150AA231990E5B20037F11B /* NamedValuesSuite.cpp in Sources */,
				0150AA181990E5B20037F11B /* TaskSuite.cpp in Sources */,
				0150AA001990E5B20037F11B /* DirectoryInfoSuite.cpp in Sources */,
				0150AA101990E5B20037F11B /* SplitSuite.cpp in Sources */,
				0150A9F61990E5B20037F11B /* DateSuite.cpp in Sources */,
				0150A9E81990E5B20037F11B /* CaramelTestPch.cpp in Sources */,
				0150AA071990E5B20037F11B /* SharedPtrUtilsSuite.cpp in Sources */,
				0150AA141990E5B20037F11B /* Utf8StringSuite.cpp in Sources */,
				0150AA1A1990E5B20037F11B /* WhenAllSuite.cpp in Sources */,
				0150A9F31990E5B20037F11B /* ConcurrentStackSuite.cpp in Sources */,
				0150AA151990E5B20037F11B /* ContinuationTraitsSuite.cpp in Sources */,
				0150AA201990E5B20037F11B /* TraceChannelSuite.cpp in Sources */,
				0150AA1B1990E5B20037F11B /* WorkerThreadSuite.cpp in Sources */,
				0150AA041990E5B20037F11B /* LexicalBooleanSuite.cpp in Sources */,
				0150A9EF1990E5B20037F11B /* ConcurrentMapSuite.cpp in Sources */,
				0150A9F71990E5B20037F11B /* DateTimeBoolSuite.cpp in Sources */,
				0150AA111990E5B20037F11B /* SprintfSuite.cpp in Sources */,
				0150AA0F1990E5B20037F11B /* FormatSuite.cpp in Sources */,
				0150A9DF1990E5B20037F11B /* FlagsSuite.cpp in Sources */,
				0150A9E11990E5B20037F11B /* AnyEventDispatcherSuite.cpp in Sources */,
				0150AA1E1990E5B20037F11B /* ThreadSuite.cpp in Sources */,
				0150A9ED1990E5B20037F11B /* ConcurrentBlockingQueueSuite.cpp in Sources */,
				0150A9F51990E5B20037F11B /* LookupTableSuite.cpp in Sources */,
				0150AA241990E5B20037F11B /* SharedArraySuite.cpp in Sources */,
				0150A9FC1990E5B20037F11B /* AlertSuite.cpp in Sources */,
				0150A9F81990E5B20037F11B /* DateTimeSuite.cpp in Sources */,
				0150AA211990E5B20037F11B /* TraceSuite.cpp in Sources */,
				0150AA0D1990E5B20037F11B /* RunTest.cpp in Sources */,
				0150A9F01990E5B20037F11B /* ConcurrentPriorityQueueSuite.cpp in Sources */,
				0150A9F91990E5B20037F11B /* TimeOfDaySuite.cpp in Sources */,
				0150AA191990E5B20037F11B /* ThreadPoolSuite.cpp in Sources */,
				0150AA131990E5B20037F11B /* StringToStringSuite.cpp in Sources */,
				0150A9FD1990E5B20037F11B /* AnyFailureSuite.cpp in Sources */,
				0150AA0B1990E5B20037F11B /* UniformRandomSuite.cpp in Sources */,
				0150AA021990E5B20037F11B /* BindSuite.cpp in Sources */,
				0150A9E71990E5B20037F11B /* ValueChangeSuite.cpp in Sources */,
				0150AA091990E5B20037F11B /* NumberTraitsSuite.cpp in Sources */,
				0150A9E21990E5B20037F11B /* AnyEventHandlerSuite.cpp in Sources */,
				0150AA171990E5B20037F11B /* TaskPollerSuite.cpp in Sources */,
				0150A9EC1990E5B20037F11B /* TimedBoolSuite.cpp in Sources */,
				0150AA0E1990E5B20037F11B /* StateMachineSuite.cpp in Sources */,
				0150A9EB1990E5B20037F11B /* TickClockSuite.cpp in Sources */,
				0150AA0A1990E5B20037F11B /* UnionBitsSuite.cpp in Sources */,
				0150A9EE1990E5B20037F11B /* ConcurrentIntervalSetSuite.cpp in Sources */,
				0150AA1D1990E5B20037F11B /* SpinMutexSuite.cpp in Sources */,
				0150AA221990E5B20037F11B /* AnySuite.cpp in Sources */,
				0150AA1F1990E5B20037F11B /* WaitableBoolSuite.cpp in Sources */,
				0150A9F21990E5B20037F11B /* ConcurrentSetSuite.cpp in Sources */,
				0150A9F11990E5B20037F11B /* ConcurrentQueueSuite.cpp in Sources */,
				0150AA031990E5B20037F11B /* TextStreamWriterSuite.cpp in Sources */,
				0150AA011990E5B20037F11B /* PathSuite.cpp in Sources */,
				0150AA161990E5B20037F11B /* StdAsyncSuite.cpp in Sources */,
				0150A9E61990E5B20037F11B /* FlowStateSuite.cpp in Sources */,
				0150A9E51990E5B20037F11B /* AnyEventSuite.cpp in Sources */,
			);
			runOnlyForDeploymentPostprocessing = 0;
		};
/* End PBXSourcesBuildPhase section */

/* Begin XCBuildConfiguration section */
		6A706E781849853D004C9602 /* Debug */ = {
			isa = XCBuildConfiguration;
			buildSettings = {
				ALWAYS_SEARCH_USER_PATHS = NO;
				ARCHS = "$(ARCHS_STANDARD_32_BIT)";
				CLANG_CXX_LANGUAGE_STANDARD = "gnu++0x";
				CLANG_CXX_LIBRARY = "libc++";
				CLANG_ENABLE_OBJC_ARC = YES;
				CLANG_WARN_BOOL_CONVERSION = YES;
				CLANG_WARN_CONSTANT_CONVERSION = YES;
				CLANG_WARN_DIRECT_OBJC_ISA_USAGE = YES_ERROR;
				CLANG_WARN_EMPTY_BODY = YES;
				CLANG_WARN_ENUM_CONVERSION = YES;
				CLANG_WARN_INT_CONVERSION = YES;
				CLANG_WARN_OBJC_ROOT_CLASS = YES_ERROR;
				CLANG_WARN__DUPLICATE_METHOD_MATCH = YES;
				COPY_PHASE_STRIP = NO;
				GCC_C_LANGUAGE_STANDARD = gnu99;
				GCC_DYNAMIC_NO_PIC = NO;
				GCC_ENABLE_OBJC_EXCEPTIONS = YES;
				GCC_OPTIMIZATION_LEVEL = 0;
				GCC_PREPROCESSOR_DEFINITIONS = (
					"DEBUG=1",
					"$(inherited)",
				);
				GCC_SYMBOLS_PRIVATE_EXTERN = NO;
				GCC_WARN_64_TO_32_BIT_CONVERSION = YES;
				GCC_WARN_ABOUT_RETURN_TYPE = YES_ERROR;
				GCC_WARN_UNDECLARED_SELECTOR = YES;
				GCC_WARN_UNINITIALIZED_AUTOS = YES;
				GCC_WARN_UNUSED_FUNCTION = YES;
				GCC_WARN_UNUSED_VARIABLE = YES;
				HEADER_SEARCH_PATHS = (
					../src,
					../../include,
					../../../CandyJar/include,
					"$(inherited)",
					/Applications/Xcode.app/Contents/Developer/Toolchains/XcodeDefault.xctoolchain/usr/include,
				);
				LIBRARY_SEARCH_PATHS = "../../../CandyJar/lib/Mac/$(CONFIGURATION)";
				MACOSX_DEPLOYMENT_TARGET = 10.8;
				ONLY_ACTIVE_ARCH = YES;
				OTHER_LDFLAGS = (
					"-lBoost.Chrono",
					"-lBoost.DateTime",
					"-lBoost.Filesystem",
					"-lBoost.ProgramOptions",
					"-lBoost.System",
					"-lUnitTest++",
				);
				SDKROOT = macosx;
				USER_HEADER_SEARCH_PATHS = "";
			};
			name = Debug;
		};
		6A706E791849853D004C9602 /* Release */ = {
			isa = XCBuildConfiguration;
			buildSettings = {
				ALWAYS_SEARCH_USER_PATHS = NO;
				ARCHS = "$(ARCHS_STANDARD_32_BIT)";
				CLANG_CXX_LANGUAGE_STANDARD = "gnu++0x";
				CLANG_CXX_LIBRARY = "libc++";
				CLANG_ENABLE_OBJC_ARC = YES;
				CLANG_WARN_BOOL_CONVERSION = YES;
				CLANG_WARN_CONSTANT_CONVERSION = YES;
				CLANG_WARN_DIRECT_OBJC_ISA_USAGE = YES_ERROR;
				CLANG_WARN_EMPTY_BODY = YES;
				CLANG_WARN_ENUM_CONVERSION = YES;
				CLANG_WARN_INT_CONVERSION = YES;
				CLANG_WARN_OBJC_ROOT_CLASS = YES_ERROR;
				CLANG_WARN__DUPLICATE_METHOD_MATCH = YES;
				COPY_PHASE_STRIP = YES;
				DEBUG_INFORMATION_FORMAT = "dwarf-with-dsym";
				ENABLE_NS_ASSERTIONS = NO;
				GCC_C_LANGUAGE_STANDARD = gnu99;
				GCC_ENABLE_OBJC_EXCEPTIONS = YES;
				GCC_WARN_64_TO_32_BIT_CONVERSION = YES;
				GCC_WARN_ABOUT_RETURN_TYPE = YES_ERROR;
				GCC_WARN_UNDECLARED_SELECTOR = YES;
				GCC_WARN_UNINITIALIZED_AUTOS = YES;
				GCC_WARN_UNUSED_FUNCTION = YES;
				GCC_WARN_UNUSED_VARIABLE = YES;
				HEADER_SEARCH_PATHS = (
					../src,
					../../include,
					../../../CandyJar/include,
					"$(inherited)",
					/Applications/Xcode.app/Contents/Developer/Toolchains/XcodeDefault.xctoolchain/usr/include,
				);
				LIBRARY_SEARCH_PATHS = "../../../CandyJar/lib/Mac/$(CONFIGURATION)";
				MACOSX_DEPLOYMENT_TARGET = 10.8;
				OTHER_LDFLAGS = (
					"-lBoost.Chrono",
					"-lBoost.DateTime",
					"-lBoost.Filesystem",
					"-lBoost.ProgramOptions",
					"-lBoost.System",
					"-lUnitTest++",
				);
				SDKROOT = macosx;
				USER_HEADER_SEARCH_PATHS = "";
			};
			name = Release;
		};
		6A706E7B1849853D004C9602 /* Debug */ = {
			isa = XCBuildConfiguration;
			buildSettings = {
				GCC_INLINES_ARE_PRIVATE_EXTERN = NO;
				PRODUCT_NAME = "$(TARGET_NAME)";
			};
			name = Debug;
		};
		6A706E7C1849853D004C9602 /* Release */ = {
			isa = XCBuildConfiguration;
			buildSettings = {
				GCC_INLINES_ARE_PRIVATE_EXTERN = NO;
				GCC_SYMBOLS_PRIVATE_EXTERN = NO;
				PRODUCT_NAME = "$(TARGET_NAME)";
			};
			name = Release;
		};
/* End XCBuildConfiguration section */

/* Begin XCConfigurationList section */
		6A706E6C1849853D004C9602 /* Build configuration list for PBXProject "CaramelTest" */ = {
			isa = XCConfigurationList;
			buildConfigurations = (
				6A706E781849853D004C9602 /* Debug */,
				6A706E791849853D004C9602 /* Release */,
			);
			defaultConfigurationIsVisible = 0;
			defaultConfigurationName = Release;
		};
		6A706E7A1849853D004C9602 /* Build configuration list for PBXNativeTarget "CaramelTest" */ = {
			isa = XCConfigurationList;
			buildConfigurations = (
				6A706E7B1849853D004C9602 /* Debug */,
				6A706E7C1849853D004C9602 /* Release */,
			);
			defaultConfigurationIsVisible = 0;
			defaultConfigurationName = Release;
		};
/* End XCConfigurationList section */
	};
	rootObject = 6A706E691849853D004C9602 /* Project object */;
}
