// !$*UTF8*$!
{
	archiveVersion = 1;
	classes = {
	};
	objectVersion = 46;
	objects = {

/* Begin PBXBuildFile section */
		6A23F6CB1849A1B800FD4293 /* CaramelPch.cpp in Sources */ = {isa = PBXBuildFile; fileRef = 6A23F68E1849A1B800FD4293 /* CaramelPch.cpp */; };
		6A23F6CC1849A1B800FD4293 /* CaramelPch.h in Headers */ = {isa = PBXBuildFile; fileRef = 6A23F68F1849A1B800FD4293 /* CaramelPch.h */; };
		6A23F6CD1849A1B800FD4293 /* Configuration.cpp in Sources */ = {isa = PBXBuildFile; fileRef = 6A23F6901849A1B800FD4293 /* Configuration.cpp */; };
		6A23F6CE1849A1B800FD4293 /* DateTimeImpl.h in Headers */ = {isa = PBXBuildFile; fileRef = 6A23F6921849A1B800FD4293 /* DateTimeImpl.h */; };
		6A23F6CF1849A1B800FD4293 /* TimeDuration.h in Headers */ = {isa = PBXBuildFile; fileRef = 6A23F6931849A1B800FD4293 /* TimeDuration.h */; };
		6A23F6D01849A1B800FD4293 /* DateTime.cpp in Sources */ = {isa = PBXBuildFile; fileRef = 6A23F6941849A1B800FD4293 /* DateTime.cpp */; };
		6A23F6D11849A1B800FD4293 /* DebugManager.h in Headers */ = {isa = PBXBuildFile; fileRef = 6A23F6961849A1B800FD4293 /* DebugManager.h */; };
		6A23F6D21849A1B800FD4293 /* Debug.cpp in Sources */ = {isa = PBXBuildFile; fileRef = 6A23F6971849A1B800FD4293 /* Debug.cpp */; };
		6A23F6D31849A1B800FD4293 /* IniDocumentImpl.h in Headers */ = {isa = PBXBuildFile; fileRef = 6A23F6991849A1B800FD4293 /* IniDocumentImpl.h */; };
		6A23F6D41849A1B800FD4293 /* IniSectionImpl.h in Headers */ = {isa = PBXBuildFile; fileRef = 6A23F69A1849A1B800FD4293 /* IniSectionImpl.h */; };
		6A23F6D51849A1B800FD4293 /* IniSyntax.h in Headers */ = {isa = PBXBuildFile; fileRef = 6A23F69B1849A1B800FD4293 /* IniSyntax.h */; };
		6A23F6D61849A1B800FD4293 /* Document.cpp in Sources */ = {isa = PBXBuildFile; fileRef = 6A23F69C1849A1B800FD4293 /* Document.cpp */; };
		6A23F6D71849A1B800FD4293 /* Error.cpp in Sources */ = {isa = PBXBuildFile; fileRef = 6A23F69D1849A1B800FD4293 /* Error.cpp */; };
		6A23F6D81849A1B800FD4293 /* PathImpl.h in Headers */ = {isa = PBXBuildFile; fileRef = 6A23F69F1849A1B800FD4293 /* PathImpl.h */; };
		6A23F6D91849A1B800FD4293 /* FileSystem.cpp in Sources */ = {isa = PBXBuildFile; fileRef = 6A23F6A01849A1B800FD4293 /* FileSystem.cpp */; };
		6A23F6DA1849A1B800FD4293 /* MbcsStreamReader.h in Headers */ = {isa = PBXBuildFile; fileRef = 6A23F6A21849A1B800FD4293 /* MbcsStreamReader.h */; };
		6A23F6DB1849A1B800FD4293 /* Utf16LeStreamReader.h in Headers */ = {isa = PBXBuildFile; fileRef = 6A23F6A31849A1B800FD4293 /* Utf16LeStreamReader.h */; };
		6A23F6DC1849A1B800FD4293 /* Utf8StreamReader.h in Headers */ = {isa = PBXBuildFile; fileRef = 6A23F6A41849A1B800FD4293 /* Utf8StreamReader.h */; };
		6A23F6DD1849A1B800FD4293 /* Io.cpp in Sources */ = {isa = PBXBuildFile; fileRef = 6A23F6A51849A1B800FD4293 /* Io.cpp */; };
		6A23F6DE1849A1B800FD4293 /* Lexical.cpp in Sources */ = {isa = PBXBuildFile; fileRef = 6A23F6A61849A1B800FD4293 /* Lexical.cpp */; };
		6A23F6DF1849A1B800FD4293 /* Math.cpp in Sources */ = {isa = PBXBuildFile; fileRef = 6A23F6A71849A1B800FD4293 /* Math.cpp */; };
		6A23F6E01849A1B800FD4293 /* FacilityLongevity.h in Headers */ = {isa = PBXBuildFile; fileRef = 6A23F6A91849A1B800FD4293 /* FacilityLongevity.h */; };
		6A23F6E11849A1B800FD4293 /* Object.cpp in Sources */ = {isa = PBXBuildFile; fileRef = 6A23F6AA1849A1B800FD4293 /* Object.cpp */; };
		6A23F6E21849A1B800FD4293 /* ConsoleApplicationImpl.h in Headers */ = {isa = PBXBuildFile; fileRef = 6A23F6AC1849A1B800FD4293 /* ConsoleApplicationImpl.h */; };
		6A23F6E31849A1B800FD4293 /* ProgramOptionsManager.h in Headers */ = {isa = PBXBuildFile; fileRef = 6A23F6AD1849A1B800FD4293 /* ProgramOptionsManager.h */; };
		6A23F6E41849A1B800FD4293 /* Program.cpp in Sources */ = {isa = PBXBuildFile; fileRef = 6A23F6AE1849A1B800FD4293 /* Program.cpp */; };
		6A23F6E51849A1B800FD4293 /* RandomImpl.h in Headers */ = {isa = PBXBuildFile; fileRef = 6A23F6B01849A1B800FD4293 /* RandomImpl.h */; };
		6A23F6E61849A1B800FD4293 /* RandomManager.h in Headers */ = {isa = PBXBuildFile; fileRef = 6A23F6B11849A1B800FD4293 /* RandomManager.h */; };
		6A23F6E71849A1B800FD4293 /* Random.cpp in Sources */ = {isa = PBXBuildFile; fileRef = 6A23F6B21849A1B800FD4293 /* Random.cpp */; };
		6A23F6E81849A1B800FD4293 /* StateImpl.h in Headers */ = {isa = PBXBuildFile; fileRef = 6A23F6B41849A1B800FD4293 /* StateImpl.h */; };
		6A23F6E91849A1B800FD4293 /* StateMachineImpl.h in Headers */ = {isa = PBXBuildFile; fileRef = 6A23F6B51849A1B800FD4293 /* StateMachineImpl.h */; };
		6A23F6EA1849A1B800FD4293 /* Transition.h in Headers */ = {isa = PBXBuildFile; fileRef = 6A23F6B61849A1B800FD4293 /* Transition.h */; };
		6A23F6EB1849A1B800FD4293 /* Statechart.cpp in Sources */ = {isa = PBXBuildFile; fileRef = 6A23F6B71849A1B800FD4293 /* Statechart.cpp */; };
		6A23F6EC1849A1B800FD4293 /* SprintfManager.h in Headers */ = {isa = PBXBuildFile; fileRef = 6A23F6B91849A1B800FD4293 /* SprintfManager.h */; };
		6A23F6ED1849A1B800FD4293 /* String.cpp in Sources */ = {isa = PBXBuildFile; fileRef = 6A23F6BA1849A1B800FD4293 /* String.cpp */; };
		6A23F6EE1849A1B800FD4293 /* TaskImpl.h in Headers */ = {isa = PBXBuildFile; fileRef = 6A23F6BC1849A1B800FD4293 /* TaskImpl.h */; };
		6A23F6EF1849A1B800FD4293 /* TaskPollerImpl.h in Headers */ = {isa = PBXBuildFile; fileRef = 6A23F6BD1849A1B800FD4293 /* TaskPollerImpl.h */; };
		6A23F6F01849A1B800FD4293 /* Task.cpp in Sources */ = {isa = PBXBuildFile; fileRef = 6A23F6BE1849A1B800FD4293 /* Task.cpp */; };
		6A23F6F11849A1B800FD4293 /* ThreadImpl.h in Headers */ = {isa = PBXBuildFile; fileRef = 6A23F6C01849A1B800FD4293 /* ThreadImpl.h */; };
		6A23F6F21849A1B800FD4293 /* Thread.cpp in Sources */ = {isa = PBXBuildFile; fileRef = 6A23F6C11849A1B800FD4293 /* Thread.cpp */; };
		6A23F6F31849A1B800FD4293 /* ChannelImpl.h in Headers */ = {isa = PBXBuildFile; fileRef = 6A23F6C31849A1B800FD4293 /* ChannelImpl.h */; };
		6A23F6F41849A1B800FD4293 /* TraceManager.h in Headers */ = {isa = PBXBuildFile; fileRef = 6A23F6C41849A1B800FD4293 /* TraceManager.h */; };
		6A23F6F51849A1B800FD4293 /* Trace.cpp in Sources */ = {isa = PBXBuildFile; fileRef = 6A23F6C51849A1B800FD4293 /* Trace.cpp */; };
		6A23F6F61849A1B800FD4293 /* NamedValueEntry.h in Headers */ = {isa = PBXBuildFile; fileRef = 6A23F6C71849A1B800FD4293 /* NamedValueEntry.h */; };
		6A23F6F71849A1B800FD4293 /* NamedValuesImpl.h in Headers */ = {isa = PBXBuildFile; fileRef = 6A23F6C81849A1B800FD4293 /* NamedValuesImpl.h */; };
		6A23F6F81849A1B800FD4293 /* Value.cpp in Sources */ = {isa = PBXBuildFile; fileRef = 6A23F6C91849A1B800FD4293 /* Value.cpp */; };
		6A23F6F91849A1B800FD4293 /* Windows.cpp in Sources */ = {isa = PBXBuildFile; fileRef = 6A23F6CA1849A1B800FD4293 /* Windows.cpp */; };
		6AC73137188D661C00188F23 /* Android.cpp in Sources */ = {isa = PBXBuildFile; fileRef = 6AC73136188D661C00188F23 /* Android.cpp */; };
		6AC73139188D668700188F23 /* Apple.mm in Sources */ = {isa = PBXBuildFile; fileRef = 6AC73138188D668700188F23 /* Apple.mm */; };
		6AC732CC188D69A700188F23 /* LogTraceAdapter.h in Headers */ = {isa = PBXBuildFile; fileRef = 6AC7323C188D69A700188F23 /* LogTraceAdapter.h */; };
		6AC732CD188D69A700188F23 /* AnyEvent.h in Headers */ = {isa = PBXBuildFile; fileRef = 6AC7323E188D69A700188F23 /* AnyEvent.h */; };
		6AC732CE188D69A700188F23 /* AnyEventDispatcher.h in Headers */ = {isa = PBXBuildFile; fileRef = 6AC7323F188D69A700188F23 /* AnyEventDispatcher.h */; };
		6AC732CF188D69A700188F23 /* AnyEventQueue.h in Headers */ = {isa = PBXBuildFile; fileRef = 6AC73240188D69A700188F23 /* AnyEventQueue.h */; };
		6AC732D0188D69A700188F23 /* FlowState.h in Headers */ = {isa = PBXBuildFile; fileRef = 6AC73241188D69A700188F23 /* FlowState.h */; };
		6AC732D1188D69A700188F23 /* TimedBool.h in Headers */ = {isa = PBXBuildFile; fileRef = 6AC73242188D69A700188F23 /* TimedBool.h */; };
		6AC732D2188D69A700188F23 /* WaitableBool.h in Headers */ = {isa = PBXBuildFile; fileRef = 6AC73243188D69A700188F23 /* WaitableBool.h */; };
		6AC732D3188D69A700188F23 /* Caramel.h in Headers */ = {isa = PBXBuildFile; fileRef = 6AC73244188D69A700188F23 /* Caramel.h */; };
		6AC732D4188D69A700188F23 /* SecondClock.h in Headers */ = {isa = PBXBuildFile; fileRef = 6AC73246188D69A700188F23 /* SecondClock.h */; };
		6AC732D5188D69A700188F23 /* SteadyClock.h in Headers */ = {isa = PBXBuildFile; fileRef = 6AC73247188D69A700188F23 /* SteadyClock.h */; };
		6AC732D6188D69A700188F23 /* TickClock.h in Headers */ = {isa = PBXBuildFile; fileRef = 6AC73248188D69A700188F23 /* TickClock.h */; };
		6AC732D7188D69A700188F23 /* BasicMap.h in Headers */ = {isa = PBXBuildFile; fileRef = 6AC7324B188D69A700188F23 /* BasicMap.h */; };
		6AC732D8188D69A700188F23 /* BasicSet.h in Headers */ = {isa = PBXBuildFile; fileRef = 6AC7324C188D69A700188F23 /* BasicSet.h */; };
		6AC732D9188D69A700188F23 /* CollectionSnapshot.h in Headers */ = {isa = PBXBuildFile; fileRef = 6AC7324D188D69A700188F23 /* CollectionSnapshot.h */; };
		6AC732DA188D69A700188F23 /* LockedSet.h in Headers */ = {isa = PBXBuildFile; fileRef = 6AC7324E188D69A700188F23 /* LockedSet.h */; };
		6AC732DB188D69A700188F23 /* FlatMap.h in Headers */ = {isa = PBXBuildFile; fileRef = 6AC7324F188D69A700188F23 /* FlatMap.h */; };
		6AC732DC188D69A700188F23 /* HashMap.h in Headers */ = {isa = PBXBuildFile; fileRef = 6AC73250188D69A700188F23 /* HashMap.h */; };
		6AC732DD188D69A700188F23 /* IntervalSet.h in Headers */ = {isa = PBXBuildFile; fileRef = 6AC73251188D69A700188F23 /* IntervalSet.h */; };
		6AC732DE188D69A700188F23 /* Map.h in Headers */ = {isa = PBXBuildFile; fileRef = 6AC73252188D69A700188F23 /* Map.h */; };
		6AC732DF188D69A700188F23 /* PriorityQueue.h in Headers */ = {isa = PBXBuildFile; fileRef = 6AC73253188D69A700188F23 /* PriorityQueue.h */; };
		6AC732E0188D69A700188F23 /* Queue.h in Headers */ = {isa = PBXBuildFile; fileRef = 6AC73254188D69A700188F23 /* Queue.h */; };
		6AC732E1188D69A700188F23 /* ReplicatePolicies.h in Headers */ = {isa = PBXBuildFile; fileRef = 6AC73255188D69A700188F23 /* ReplicatePolicies.h */; };
		6AC732E2188D69A700188F23 /* Set.h in Headers */ = {isa = PBXBuildFile; fileRef = 6AC73256188D69A700188F23 /* Set.h */; };
		6AC732E3188D69A700188F23 /* Date.h in Headers */ = {isa = PBXBuildFile; fileRef = 6AC73258188D69A700188F23 /* Date.h */; };
		6AC732E4188D69A700188F23 /* DateTime.h in Headers */ = {isa = PBXBuildFile; fileRef = 6AC73259188D69A700188F23 /* DateTime.h */; };
		6AC732E5188D69A700188F23 /* Days.h in Headers */ = {isa = PBXBuildFile; fileRef = 6AC7325A188D69A700188F23 /* Days.h */; };
		6AC732E6188D69A700188F23 /* DateTimeFwd.h in Headers */ = {isa = PBXBuildFile; fileRef = 6AC7325C188D69A700188F23 /* DateTimeFwd.h */; };
		6AC732E7188D69A700188F23 /* TimeOfDay.h in Headers */ = {isa = PBXBuildFile; fileRef = 6AC7325D188D69A700188F23 /* TimeOfDay.h */; };
		6AC732E8188D69A700188F23 /* TimeSpan.h in Headers */ = {isa = PBXBuildFile; fileRef = 6AC7325E188D69A700188F23 /* TimeSpan.h */; };
		6AC732E9188D69A700188F23 /* ScopeTiming.h in Headers */ = {isa = PBXBuildFile; fileRef = 6AC73260188D69A700188F23 /* ScopeTiming.h */; };
		6AC732EA188D69A700188F23 /* IniDocument.h in Headers */ = {isa = PBXBuildFile; fileRef = 6AC73262188D69A700188F23 /* IniDocument.h */; };
		6AC732EB188D69A700188F23 /* IniSection.h in Headers */ = {isa = PBXBuildFile; fileRef = 6AC73263188D69A700188F23 /* IniSection.h */; };
		6AC732EC188D69A700188F23 /* EnumLookupTable.h in Headers */ = {isa = PBXBuildFile; fileRef = 6AC73265188D69A700188F23 /* EnumLookupTable.h */; };
		6AC732ED188D69A700188F23 /* Alert.h in Headers */ = {isa = PBXBuildFile; fileRef = 6AC73267188D69A700188F23 /* Alert.h */; };
		6AC732EF188D69A700188F23 /* CatchException.h in Headers */ = {isa = PBXBuildFile; fileRef = 6AC73269188D69A700188F23 /* CatchException.h */; };
		6AC732F0188D69A700188F23 /* ExceptionCatcherCore.h in Headers */ = {isa = PBXBuildFile; fileRef = 6AC7326B188D69A700188F23 /* ExceptionCatcherCore.h */; };
		6AC732F1188D69A700188F23 /* Exception.h in Headers */ = {isa = PBXBuildFile; fileRef = 6AC7326C188D69A700188F23 /* Exception.h */; };
		6AC732F2188D69A700188F23 /* DirectoryInfo.h in Headers */ = {isa = PBXBuildFile; fileRef = 6AC7326E188D69A700188F23 /* DirectoryInfo.h */; };
		6AC732F3188D69A700188F23 /* FileInfo.h in Headers */ = {isa = PBXBuildFile; fileRef = 6AC7326F188D69A700188F23 /* FileInfo.h */; };
		6AC732F4188D69A700188F23 /* Path.h in Headers */ = {isa = PBXBuildFile; fileRef = 6AC73270188D69A700188F23 /* Path.h */; };
		6AC732F5188D69A700188F23 /* ScopeExit.h in Headers */ = {isa = PBXBuildFile; fileRef = 6AC73272188D69A700188F23 /* ScopeExit.h */; };
		6AC732F6188D69A700188F23 /* FileStream.h in Headers */ = {isa = PBXBuildFile; fileRef = 6AC73274188D69A700188F23 /* FileStream.h */; };
		6AC732F7188D69A700188F23 /* InputFileStream.h in Headers */ = {isa = PBXBuildFile; fileRef = 6AC73275188D69A700188F23 /* InputFileStream.h */; };
		6AC732F8188D69A700188F23 /* InputStream.h in Headers */ = {isa = PBXBuildFile; fileRef = 6AC73276188D69A700188F23 /* InputStream.h */; };
		6AC732F9188D69A700188F23 /* TextReader.h in Headers */ = {isa = PBXBuildFile; fileRef = 6AC73277188D69A700188F23 /* TextReader.h */; };
		6AC732FA188D69A700188F23 /* TextStreamReader.h in Headers */ = {isa = PBXBuildFile; fileRef = 6AC73278188D69A700188F23 /* TextStreamReader.h */; };
		6AC732FB188D69A700188F23 /* Boolean.h in Headers */ = {isa = PBXBuildFile; fileRef = 6AC7327A188D69A700188F23 /* Boolean.h */; };
		6AC732FC188D69A700188F23 /* Floating.h in Headers */ = {isa = PBXBuildFile; fileRef = 6AC7327B188D69A700188F23 /* Floating.h */; };
		6AC732FD188D69A700188F23 /* Integer.h in Headers */ = {isa = PBXBuildFile; fileRef = 6AC7327C188D69A700188F23 /* Integer.h */; };
		6AC732FE188D69A700188F23 /* IntegerList.h in Headers */ = {isa = PBXBuildFile; fileRef = 6AC7327D188D69A700188F23 /* IntegerList.h */; };
		6AC732FF188D69A700188F23 /* Floating.h in Headers */ = {isa = PBXBuildFile; fileRef = 6AC7327F188D69A700188F23 /* Floating.h */; };
		6AC73300188D69A700188F23 /* SharedPtrUtils.h in Headers */ = {isa = PBXBuildFile; fileRef = 6AC73281188D69A700188F23 /* SharedPtrUtils.h */; };
		6AC73301188D69A700188F23 /* IfThenElse.h in Headers */ = {isa = PBXBuildFile; fileRef = 6AC73283188D69A700188F23 /* IfThenElse.h */; };
		6AC73302188D69A700188F23 /* IntegralTypes.h in Headers */ = {isa = PBXBuildFile; fileRef = 6AC73284188D69A700188F23 /* IntegralTypes.h */; };
		6AC73303188D69A700188F23 /* IsGeneralString.h in Headers */ = {isa = PBXBuildFile; fileRef = 6AC73285188D69A700188F23 /* IsGeneralString.h */; };
		6AC73304188D69A700188F23 /* Select.h in Headers */ = {isa = PBXBuildFile; fileRef = 6AC73286188D69A700188F23 /* Select.h */; };
		6AC73305188D69A700188F23 /* Utility.h in Headers */ = {isa = PBXBuildFile; fileRef = 6AC73287188D69A700188F23 /* Utility.h */; };
		6AC73306188D69A700188F23 /* NumberConverter.h in Headers */ = {isa = PBXBuildFile; fileRef = 6AC73289188D69A700188F23 /* NumberConverter.h */; };
		6AC73307188D69A700188F23 /* NumberConvertible.h in Headers */ = {isa = PBXBuildFile; fileRef = 6AC7328A188D69A700188F23 /* NumberConvertible.h */; };
		6AC73308188D69A700188F23 /* NumberTraits.h in Headers */ = {isa = PBXBuildFile; fileRef = 6AC7328B188D69A700188F23 /* NumberTraits.h */; };
		6AC73309188D69A700188F23 /* AutoNumbered.h in Headers */ = {isa = PBXBuildFile; fileRef = 6AC7328D188D69A700188F23 /* AutoNumbered.h */; };
		6AC7330A188D69A700188F23 /* LifetimeTracker.h in Headers */ = {isa = PBXBuildFile; fileRef = 6AC7328F188D69A700188F23 /* LifetimeTracker.h */; };
		6AC7330B188D69A700188F23 /* Singleton.h in Headers */ = {isa = PBXBuildFile; fileRef = 6AC73290188D69A700188F23 /* Singleton.h */; };
		6AC7330C188D69A700188F23 /* ConsoleApplication.h in Headers */ = {isa = PBXBuildFile; fileRef = 6AC73292188D69A700188F23 /* ConsoleApplication.h */; };
		6AC7330D188D69A700188F23 /* ProgramOptions.h in Headers */ = {isa = PBXBuildFile; fileRef = 6AC73293188D69A700188F23 /* ProgramOptions.h */; };
		6AC7330E188D69A700188F23 /* UniformRandom.h in Headers */ = {isa = PBXBuildFile; fileRef = 6AC73295188D69A700188F23 /* UniformRandom.h */; };
		6AC7330F188D69A700188F23 /* Compiler.h in Headers */ = {isa = PBXBuildFile; fileRef = 6AC73297188D69A700188F23 /* Compiler.h */; };
		6AC73310188D69A700188F23 /* PchDefines.h in Headers */ = {isa = PBXBuildFile; fileRef = 6AC73298188D69A700188F23 /* PchDefines.h */; };
		6AC73311188D69A700188F23 /* PchHeaders.h in Headers */ = {isa = PBXBuildFile; fileRef = 6AC73299188D69A700188F23 /* PchHeaders.h */; };
		6AC73312188D69A700188F23 /* System.h in Headers */ = {isa = PBXBuildFile; fileRef = 6AC7329A188D69A700188F23 /* System.h */; };
		6AC73313188D69A700188F23 /* Version.h in Headers */ = {isa = PBXBuildFile; fileRef = 6AC7329B188D69A700188F23 /* Version.h */; };
		6AC73314188D69A700188F23 /* State.h in Headers */ = {isa = PBXBuildFile; fileRef = 6AC7329D188D69A700188F23 /* State.h */; };
		6AC73315188D69A700188F23 /* StateMachine.h in Headers */ = {isa = PBXBuildFile; fileRef = 6AC7329E188D69A700188F23 /* StateMachine.h */; };
		6AC73316188D69A700188F23 /* Algorithm.h in Headers */ = {isa = PBXBuildFile; fileRef = 6AC732A0188D69A700188F23 /* Algorithm.h */; };
		6AC73317188D69A700188F23 /* CainLess.h in Headers */ = {isa = PBXBuildFile; fileRef = 6AC732A1188D69A700188F23 /* CainLess.h */; };
		6AC73318188D69A700188F23 /* Formatter.h in Headers */ = {isa = PBXBuildFile; fileRef = 6AC732A3188D69A700188F23 /* Formatter.h */; };
		6AC73319188D69A700188F23 /* SprintfParameter.h in Headers */ = {isa = PBXBuildFile; fileRef = 6AC732A4188D69A700188F23 /* SprintfParameter.h */; };
		6AC7331A188D69A700188F23 /* Format.h in Headers */ = {isa = PBXBuildFile; fileRef = 6AC732A5188D69A700188F23 /* Format.h */; };
		6AC7331B188D69A700188F23 /* Sprintf_Sprintf.h in Headers */ = {isa = PBXBuildFile; fileRef = 6AC732A7188D69A700188F23 /* Sprintf_Sprintf.h */; };
		6AC7331C188D69A700188F23 /* Sprintf.h in Headers */ = {isa = PBXBuildFile; fileRef = 6AC732A8188D69A700188F23 /* Sprintf.h */; };
		6AC7331D188D69A700188F23 /* StringConvertible.h in Headers */ = {isa = PBXBuildFile; fileRef = 6AC732A9188D69A700188F23 /* StringConvertible.h */; };
		6AC7331E188D69A700188F23 /* TextEncoding.h in Headers */ = {isa = PBXBuildFile; fileRef = 6AC732AA188D69A700188F23 /* TextEncoding.h */; };
		6AC7331F188D69A700188F23 /* ToString.h in Headers */ = {isa = PBXBuildFile; fileRef = 6AC732AB188D69A700188F23 /* ToString.h */; };
		6AC73320188D69A700188F23 /* Utf8String.h in Headers */ = {isa = PBXBuildFile; fileRef = 6AC732AC188D69A700188F23 /* Utf8String.h */; };
		6AC73321188D69A700188F23 /* Task.h in Headers */ = {isa = PBXBuildFile; fileRef = 6AC732AE188D69A700188F23 /* Task.h */; };
		6AC73322188D69A700188F23 /* TaskExecutor.h in Headers */ = {isa = PBXBuildFile; fileRef = 6AC732AF188D69A700188F23 /* TaskExecutor.h */; };
		6AC73323188D69A700188F23 /* TaskFwd.h in Headers */ = {isa = PBXBuildFile; fileRef = 6AC732B0188D69A700188F23 /* TaskFwd.h */; };
		6AC73324188D69A700188F23 /* TaskPoller.h in Headers */ = {isa = PBXBuildFile; fileRef = 6AC732B1188D69A700188F23 /* TaskPoller.h */; };
		6AC73325188D69A700188F23 /* MutexLocks.h in Headers */ = {isa = PBXBuildFile; fileRef = 6AC732B3188D69A700188F23 /* MutexLocks.h */; };
		6AC73326188D69A700188F23 /* SpinMutex.h in Headers */ = {isa = PBXBuildFile; fileRef = 6AC732B4188D69A700188F23 /* SpinMutex.h */; };
		6AC73327188D69A700188F23 /* ThisThread.h in Headers */ = {isa = PBXBuildFile; fileRef = 6AC732B5188D69A700188F23 /* ThisThread.h */; };
		6AC73328188D69A700188F23 /* Thread.h in Headers */ = {isa = PBXBuildFile; fileRef = 6AC732B6188D69A700188F23 /* Thread.h */; };
		6AC73329188D69A700188F23 /* ThreadId.h in Headers */ = {isa = PBXBuildFile; fileRef = 6AC732B7188D69A700188F23 /* ThreadId.h */; };
		6AC7332A188D69A700188F23 /* ThreadTypes.h in Headers */ = {isa = PBXBuildFile; fileRef = 6AC732B8188D69A700188F23 /* ThreadTypes.h */; };
		6AC7332B188D69A700188F23 /* Channel.h in Headers */ = {isa = PBXBuildFile; fileRef = 6AC732BA188D69A700188F23 /* Channel.h */; };
		6AC7332C188D69A700188F23 /* Listeners.h in Headers */ = {isa = PBXBuildFile; fileRef = 6AC732BB188D69A700188F23 /* Listeners.h */; };
		6AC7332D188D69A700188F23 /* Trace.h in Headers */ = {isa = PBXBuildFile; fileRef = 6AC732BC188D69A700188F23 /* Trace.h */; };
		6AC7332E188D69A700188F23 /* TraceTypes.h in Headers */ = {isa = PBXBuildFile; fileRef = 6AC732BD188D69A700188F23 /* TraceTypes.h */; };
		6AC7332F188D69A700188F23 /* Any.h in Headers */ = {isa = PBXBuildFile; fileRef = 6AC732BF188D69A700188F23 /* Any.h */; };
		6AC73330188D69A700188F23 /* AnyCasters.h in Headers */ = {isa = PBXBuildFile; fileRef = 6AC732C1188D69A700188F23 /* AnyCasters.h */; };
		6AC73331188D69A700188F23 /* AnyHolders.h in Headers */ = {isa = PBXBuildFile; fileRef = 6AC732C2188D69A700188F23 /* AnyHolders.h */; };
		6AC73332188D69A700188F23 /* NamedValueRef.h in Headers */ = {isa = PBXBuildFile; fileRef = 6AC732C3188D69A700188F23 /* NamedValueRef.h */; };
		6AC73333188D69A700188F23 /* NamedValues.h in Headers */ = {isa = PBXBuildFile; fileRef = 6AC732C4188D69A700188F23 /* NamedValues.h */; };
		6AC73334188D69A700188F23 /* PlainTypes.h in Headers */ = {isa = PBXBuildFile; fileRef = 6AC732C5188D69A700188F23 /* PlainTypes.h */; };
		6AC73335188D69A700188F23 /* SharedArray.h in Headers */ = {isa = PBXBuildFile; fileRef = 6AC732C6188D69A700188F23 /* SharedArray.h */; };
		6AC73336188D69A700188F23 /* CrtDebug.h in Headers */ = {isa = PBXBuildFile; fileRef = 6AC732C8188D69A700188F23 /* CrtDebug.h */; };
		6AC73337188D69A700188F23 /* DebuggerTraceAdapter.h in Headers */ = {isa = PBXBuildFile; fileRef = 6AC732C9188D69A700188F23 /* DebuggerTraceAdapter.h */; };
		6AC73338188D69A700188F23 /* FileInfo.h in Headers */ = {isa = PBXBuildFile; fileRef = 6AC732CA188D69A700188F23 /* FileInfo.h */; };
		6AC73339188D69A700188F23 /* WideString.h in Headers */ = {isa = PBXBuildFile; fileRef = 6AC732CB188D69A700188F23 /* WideString.h */; };
		6AC7333E188D6B0100188F23 /* LogTraceAdapter.h in Headers */ = {isa = PBXBuildFile; fileRef = 6AC7333D188D6B0100188F23 /* LogTraceAdapter.h */; };
/* End PBXBuildFile section */

/* Begin PBXFileReference section */
		6A23F6861849A13C00FD4293 /* libCaramel.a */ = {isa = PBXFileReference; explicitFileType = archive.ar; includeInIndex = 0; path = libCaramel.a; sourceTree = BUILT_PRODUCTS_DIR; };
		6A23F68E1849A1B800FD4293 /* CaramelPch.cpp */ = {isa = PBXFileReference; fileEncoding = 4; lastKnownFileType = sourcecode.cpp.cpp; path = CaramelPch.cpp; sourceTree = "<group>"; };
		6A23F68F1849A1B800FD4293 /* CaramelPch.h */ = {isa = PBXFileReference; fileEncoding = 4; lastKnownFileType = sourcecode.c.h; path = CaramelPch.h; sourceTree = "<group>"; };
		6A23F6901849A1B800FD4293 /* Configuration.cpp */ = {isa = PBXFileReference; fileEncoding = 4; lastKnownFileType = sourcecode.cpp.cpp; path = Configuration.cpp; sourceTree = "<group>"; };
		6A23F6921849A1B800FD4293 /* DateTimeImpl.h */ = {isa = PBXFileReference; fileEncoding = 4; lastKnownFileType = sourcecode.c.h; path = DateTimeImpl.h; sourceTree = "<group>"; };
		6A23F6931849A1B800FD4293 /* TimeDuration.h */ = {isa = PBXFileReference; fileEncoding = 4; lastKnownFileType = sourcecode.c.h; path = TimeDuration.h; sourceTree = "<group>"; };
		6A23F6941849A1B800FD4293 /* DateTime.cpp */ = {isa = PBXFileReference; fileEncoding = 4; lastKnownFileType = sourcecode.cpp.cpp; path = DateTime.cpp; sourceTree = "<group>"; };
		6A23F6961849A1B800FD4293 /* DebugManager.h */ = {isa = PBXFileReference; fileEncoding = 4; lastKnownFileType = sourcecode.c.h; path = DebugManager.h; sourceTree = "<group>"; };
		6A23F6971849A1B800FD4293 /* Debug.cpp */ = {isa = PBXFileReference; fileEncoding = 4; lastKnownFileType = sourcecode.cpp.cpp; path = Debug.cpp; sourceTree = "<group>"; };
		6A23F6991849A1B800FD4293 /* IniDocumentImpl.h */ = {isa = PBXFileReference; fileEncoding = 4; lastKnownFileType = sourcecode.c.h; path = IniDocumentImpl.h; sourceTree = "<group>"; };
		6A23F69A1849A1B800FD4293 /* IniSectionImpl.h */ = {isa = PBXFileReference; fileEncoding = 4; lastKnownFileType = sourcecode.c.h; path = IniSectionImpl.h; sourceTree = "<group>"; };
		6A23F69B1849A1B800FD4293 /* IniSyntax.h */ = {isa = PBXFileReference; fileEncoding = 4; lastKnownFileType = sourcecode.c.h; path = IniSyntax.h; sourceTree = "<group>"; };
		6A23F69C1849A1B800FD4293 /* Document.cpp */ = {isa = PBXFileReference; fileEncoding = 4; lastKnownFileType = sourcecode.cpp.cpp; path = Document.cpp; sourceTree = "<group>"; };
		6A23F69D1849A1B800FD4293 /* Error.cpp */ = {isa = PBXFileReference; fileEncoding = 4; lastKnownFileType = sourcecode.cpp.cpp; path = Error.cpp; sourceTree = "<group>"; };
		6A23F69F1849A1B800FD4293 /* PathImpl.h */ = {isa = PBXFileReference; fileEncoding = 4; lastKnownFileType = sourcecode.c.h; path = PathImpl.h; sourceTree = "<group>"; };
		6A23F6A01849A1B800FD4293 /* FileSystem.cpp */ = {isa = PBXFileReference; fileEncoding = 4; lastKnownFileType = sourcecode.cpp.cpp; path = FileSystem.cpp; sourceTree = "<group>"; };
		6A23F6A21849A1B800FD4293 /* MbcsStreamReader.h */ = {isa = PBXFileReference; fileEncoding = 4; lastKnownFileType = sourcecode.c.h; path = MbcsStreamReader.h; sourceTree = "<group>"; };
		6A23F6A31849A1B800FD4293 /* Utf16LeStreamReader.h */ = {isa = PBXFileReference; fileEncoding = 4; lastKnownFileType = sourcecode.c.h; path = Utf16LeStreamReader.h; sourceTree = "<group>"; };
		6A23F6A41849A1B800FD4293 /* Utf8StreamReader.h */ = {isa = PBXFileReference; fileEncoding = 4; lastKnownFileType = sourcecode.c.h; path = Utf8StreamReader.h; sourceTree = "<group>"; };
		6A23F6A51849A1B800FD4293 /* Io.cpp */ = {isa = PBXFileReference; fileEncoding = 4; lastKnownFileType = sourcecode.cpp.cpp; path = Io.cpp; sourceTree = "<group>"; };
		6A23F6A61849A1B800FD4293 /* Lexical.cpp */ = {isa = PBXFileReference; fileEncoding = 4; lastKnownFileType = sourcecode.cpp.cpp; path = Lexical.cpp; sourceTree = "<group>"; };
		6A23F6A71849A1B800FD4293 /* Math.cpp */ = {isa = PBXFileReference; fileEncoding = 4; lastKnownFileType = sourcecode.cpp.cpp; path = Math.cpp; sourceTree = "<group>"; };
		6A23F6A91849A1B800FD4293 /* FacilityLongevity.h */ = {isa = PBXFileReference; fileEncoding = 4; lastKnownFileType = sourcecode.c.h; path = FacilityLongevity.h; sourceTree = "<group>"; };
		6A23F6AA1849A1B800FD4293 /* Object.cpp */ = {isa = PBXFileReference; fileEncoding = 4; lastKnownFileType = sourcecode.cpp.cpp; path = Object.cpp; sourceTree = "<group>"; };
		6A23F6AC1849A1B800FD4293 /* ConsoleApplicationImpl.h */ = {isa = PBXFileReference; fileEncoding = 4; lastKnownFileType = sourcecode.c.h; path = ConsoleApplicationImpl.h; sourceTree = "<group>"; };
		6A23F6AD1849A1B800FD4293 /* ProgramOptionsManager.h */ = {isa = PBXFileReference; fileEncoding = 4; lastKnownFileType = sourcecode.c.h; path = ProgramOptionsManager.h; sourceTree = "<group>"; };
		6A23F6AE1849A1B800FD4293 /* Program.cpp */ = {isa = PBXFileReference; fileEncoding = 4; lastKnownFileType = sourcecode.cpp.cpp; path = Program.cpp; sourceTree = "<group>"; };
		6A23F6B01849A1B800FD4293 /* RandomImpl.h */ = {isa = PBXFileReference; fileEncoding = 4; lastKnownFileType = sourcecode.c.h; path = RandomImpl.h; sourceTree = "<group>"; };
		6A23F6B11849A1B800FD4293 /* RandomManager.h */ = {isa = PBXFileReference; fileEncoding = 4; lastKnownFileType = sourcecode.c.h; path = RandomManager.h; sourceTree = "<group>"; };
		6A23F6B21849A1B800FD4293 /* Random.cpp */ = {isa = PBXFileReference; fileEncoding = 4; lastKnownFileType = sourcecode.cpp.cpp; path = Random.cpp; sourceTree = "<group>"; };
		6A23F6B41849A1B800FD4293 /* StateImpl.h */ = {isa = PBXFileReference; fileEncoding = 4; lastKnownFileType = sourcecode.c.h; path = StateImpl.h; sourceTree = "<group>"; };
		6A23F6B51849A1B800FD4293 /* StateMachineImpl.h */ = {isa = PBXFileReference; fileEncoding = 4; lastKnownFileType = sourcecode.c.h; path = StateMachineImpl.h; sourceTree = "<group>"; };
		6A23F6B61849A1B800FD4293 /* Transition.h */ = {isa = PBXFileReference; fileEncoding = 4; lastKnownFileType = sourcecode.c.h; path = Transition.h; sourceTree = "<group>"; };
		6A23F6B71849A1B800FD4293 /* Statechart.cpp */ = {isa = PBXFileReference; fileEncoding = 4; lastKnownFileType = sourcecode.cpp.cpp; path = Statechart.cpp; sourceTree = "<group>"; };
		6A23F6B91849A1B800FD4293 /* SprintfManager.h */ = {isa = PBXFileReference; fileEncoding = 4; lastKnownFileType = sourcecode.c.h; path = SprintfManager.h; sourceTree = "<group>"; };
		6A23F6BA1849A1B800FD4293 /* String.cpp */ = {isa = PBXFileReference; fileEncoding = 4; lastKnownFileType = sourcecode.cpp.cpp; path = String.cpp; sourceTree = "<group>"; };
		6A23F6BC1849A1B800FD4293 /* TaskImpl.h */ = {isa = PBXFileReference; fileEncoding = 4; lastKnownFileType = sourcecode.c.h; path = TaskImpl.h; sourceTree = "<group>"; };
		6A23F6BD1849A1B800FD4293 /* TaskPollerImpl.h */ = {isa = PBXFileReference; fileEncoding = 4; lastKnownFileType = sourcecode.c.h; path = TaskPollerImpl.h; sourceTree = "<group>"; };
		6A23F6BE1849A1B800FD4293 /* Task.cpp */ = {isa = PBXFileReference; fileEncoding = 4; lastKnownFileType = sourcecode.cpp.cpp; path = Task.cpp; sourceTree = "<group>"; };
		6A23F6C01849A1B800FD4293 /* ThreadImpl.h */ = {isa = PBXFileReference; fileEncoding = 4; lastKnownFileType = sourcecode.c.h; path = ThreadImpl.h; sourceTree = "<group>"; };
		6A23F6C11849A1B800FD4293 /* Thread.cpp */ = {isa = PBXFileReference; fileEncoding = 4; lastKnownFileType = sourcecode.cpp.cpp; path = Thread.cpp; sourceTree = "<group>"; };
		6A23F6C31849A1B800FD4293 /* ChannelImpl.h */ = {isa = PBXFileReference; fileEncoding = 4; lastKnownFileType = sourcecode.c.h; path = ChannelImpl.h; sourceTree = "<group>"; };
		6A23F6C41849A1B800FD4293 /* TraceManager.h */ = {isa = PBXFileReference; fileEncoding = 4; lastKnownFileType = sourcecode.c.h; path = TraceManager.h; sourceTree = "<group>"; };
		6A23F6C51849A1B800FD4293 /* Trace.cpp */ = {isa = PBXFileReference; fileEncoding = 4; lastKnownFileType = sourcecode.cpp.cpp; path = Trace.cpp; sourceTree = "<group>"; };
		6A23F6C71849A1B800FD4293 /* NamedValueEntry.h */ = {isa = PBXFileReference; fileEncoding = 4; lastKnownFileType = sourcecode.c.h; path = NamedValueEntry.h; sourceTree = "<group>"; };
		6A23F6C81849A1B800FD4293 /* NamedValuesImpl.h */ = {isa = PBXFileReference; fileEncoding = 4; lastKnownFileType = sourcecode.c.h; path = NamedValuesImpl.h; sourceTree = "<group>"; };
		6A23F6C91849A1B800FD4293 /* Value.cpp */ = {isa = PBXFileReference; fileEncoding = 4; lastKnownFileType = sourcecode.cpp.cpp; path = Value.cpp; sourceTree = "<group>"; };
		6A23F6CA1849A1B800FD4293 /* Windows.cpp */ = {isa = PBXFileReference; fileEncoding = 4; lastKnownFileType = sourcecode.cpp.cpp; path = Windows.cpp; sourceTree = "<group>"; };
		6AC73136188D661C00188F23 /* Android.cpp */ = {isa = PBXFileReference; fileEncoding = 4; lastKnownFileType = sourcecode.cpp.cpp; path = Android.cpp; sourceTree = "<group>"; };
		6AC73138188D668700188F23 /* Apple.mm */ = {isa = PBXFileReference; fileEncoding = 4; lastKnownFileType = sourcecode.cpp.objcpp; path = Apple.mm; sourceTree = "<group>"; };
		6AC7323C188D69A700188F23 /* LogTraceAdapter.h */ = {isa = PBXFileReference; fileEncoding = 4; lastKnownFileType = sourcecode.c.h; path = LogTraceAdapter.h; sourceTree = "<group>"; };
		6AC7323E188D69A700188F23 /* AnyEvent.h */ = {isa = PBXFileReference; fileEncoding = 4; lastKnownFileType = sourcecode.c.h; path = AnyEvent.h; sourceTree = "<group>"; };
		6AC7323F188D69A700188F23 /* AnyEventDispatcher.h */ = {isa = PBXFileReference; fileEncoding = 4; lastKnownFileType = sourcecode.c.h; path = AnyEventDispatcher.h; sourceTree = "<group>"; };
		6AC73240188D69A700188F23 /* AnyEventQueue.h */ = {isa = PBXFileReference; fileEncoding = 4; lastKnownFileType = sourcecode.c.h; path = AnyEventQueue.h; sourceTree = "<group>"; };
		6AC73241188D69A700188F23 /* FlowState.h */ = {isa = PBXFileReference; fileEncoding = 4; lastKnownFileType = sourcecode.c.h; path = FlowState.h; sourceTree = "<group>"; };
		6AC73242188D69A700188F23 /* TimedBool.h */ = {isa = PBXFileReference; fileEncoding = 4; lastKnownFileType = sourcecode.c.h; path = TimedBool.h; sourceTree = "<group>"; };
		6AC73243188D69A700188F23 /* WaitableBool.h */ = {isa = PBXFileReference; fileEncoding = 4; lastKnownFileType = sourcecode.c.h; path = WaitableBool.h; sourceTree = "<group>"; };
		6AC73244188D69A700188F23 /* Caramel.h */ = {isa = PBXFileReference; fileEncoding = 4; lastKnownFileType = sourcecode.c.h; path = Caramel.h; sourceTree = "<group>"; };
		6AC73246188D69A700188F23 /* SecondClock.h */ = {isa = PBXFileReference; fileEncoding = 4; lastKnownFileType = sourcecode.c.h; path = SecondClock.h; sourceTree = "<group>"; };
		6AC73247188D69A700188F23 /* SteadyClock.h */ = {isa = PBXFileReference; fileEncoding = 4; lastKnownFileType = sourcecode.c.h; path = SteadyClock.h; sourceTree = "<group>"; };
		6AC73248188D69A700188F23 /* TickClock.h */ = {isa = PBXFileReference; fileEncoding = 4; lastKnownFileType = sourcecode.c.h; path = TickClock.h; sourceTree = "<group>"; };
		6AC7324B188D69A700188F23 /* BasicMap.h */ = {isa = PBXFileReference; fileEncoding = 4; lastKnownFileType = sourcecode.c.h; path = BasicMap.h; sourceTree = "<group>"; };
		6AC7324C188D69A700188F23 /* BasicSet.h */ = {isa = PBXFileReference; fileEncoding = 4; lastKnownFileType = sourcecode.c.h; path = BasicSet.h; sourceTree = "<group>"; };
		6AC7324D188D69A700188F23 /* CollectionSnapshot.h */ = {isa = PBXFileReference; fileEncoding = 4; lastKnownFileType = sourcecode.c.h; path = CollectionSnapshot.h; sourceTree = "<group>"; };
		6AC7324E188D69A700188F23 /* LockedSet.h */ = {isa = PBXFileReference; fileEncoding = 4; lastKnownFileType = sourcecode.c.h; path = LockedSet.h; sourceTree = "<group>"; };
		6AC7324F188D69A700188F23 /* FlatMap.h */ = {isa = PBXFileReference; fileEncoding = 4; lastKnownFileType = sourcecode.c.h; path = FlatMap.h; sourceTree = "<group>"; };
		6AC73250188D69A700188F23 /* HashMap.h */ = {isa = PBXFileReference; fileEncoding = 4; lastKnownFileType = sourcecode.c.h; path = HashMap.h; sourceTree = "<group>"; };
		6AC73251188D69A700188F23 /* IntervalSet.h */ = {isa = PBXFileReference; fileEncoding = 4; lastKnownFileType = sourcecode.c.h; path = IntervalSet.h; sourceTree = "<group>"; };
		6AC73252188D69A700188F23 /* Map.h */ = {isa = PBXFileReference; fileEncoding = 4; lastKnownFileType = sourcecode.c.h; path = Map.h; sourceTree = "<group>"; };
		6AC73253188D69A700188F23 /* PriorityQueue.h */ = {isa = PBXFileReference; fileEncoding = 4; lastKnownFileType = sourcecode.c.h; path = PriorityQueue.h; sourceTree = "<group>"; };
		6AC73254188D69A700188F23 /* Queue.h */ = {isa = PBXFileReference; fileEncoding = 4; lastKnownFileType = sourcecode.c.h; path = Queue.h; sourceTree = "<group>"; };
		6AC73255188D69A700188F23 /* ReplicatePolicies.h */ = {isa = PBXFileReference; fileEncoding = 4; lastKnownFileType = sourcecode.c.h; path = ReplicatePolicies.h; sourceTree = "<group>"; };
		6AC73256188D69A700188F23 /* Set.h */ = {isa = PBXFileReference; fileEncoding = 4; lastKnownFileType = sourcecode.c.h; path = Set.h; sourceTree = "<group>"; };
		6AC73258188D69A700188F23 /* Date.h */ = {isa = PBXFileReference; fileEncoding = 4; lastKnownFileType = sourcecode.c.h; path = Date.h; sourceTree = "<group>"; };
		6AC73259188D69A700188F23 /* DateTime.h */ = {isa = PBXFileReference; fileEncoding = 4; lastKnownFileType = sourcecode.c.h; path = DateTime.h; sourceTree = "<group>"; };
		6AC7325A188D69A700188F23 /* Days.h */ = {isa = PBXFileReference; fileEncoding = 4; lastKnownFileType = sourcecode.c.h; path = Days.h; sourceTree = "<group>"; };
		6AC7325C188D69A700188F23 /* DateTimeFwd.h */ = {isa = PBXFileReference; fileEncoding = 4; lastKnownFileType = sourcecode.c.h; path = DateTimeFwd.h; sourceTree = "<group>"; };
		6AC7325D188D69A700188F23 /* TimeOfDay.h */ = {isa = PBXFileReference; fileEncoding = 4; lastKnownFileType = sourcecode.c.h; path = TimeOfDay.h; sourceTree = "<group>"; };
		6AC7325E188D69A700188F23 /* TimeSpan.h */ = {isa = PBXFileReference; fileEncoding = 4; lastKnownFileType = sourcecode.c.h; path = TimeSpan.h; sourceTree = "<group>"; };
		6AC73260188D69A700188F23 /* ScopeTiming.h */ = {isa = PBXFileReference; fileEncoding = 4; lastKnownFileType = sourcecode.c.h; path = ScopeTiming.h; sourceTree = "<group>"; };
		6AC73262188D69A700188F23 /* IniDocument.h */ = {isa = PBXFileReference; fileEncoding = 4; lastKnownFileType = sourcecode.c.h; path = IniDocument.h; sourceTree = "<group>"; };
		6AC73263188D69A700188F23 /* IniSection.h */ = {isa = PBXFileReference; fileEncoding = 4; lastKnownFileType = sourcecode.c.h; path = IniSection.h; sourceTree = "<group>"; };
		6AC73265188D69A700188F23 /* EnumLookupTable.h */ = {isa = PBXFileReference; fileEncoding = 4; lastKnownFileType = sourcecode.c.h; path = EnumLookupTable.h; sourceTree = "<group>"; };
		6AC73267188D69A700188F23 /* Alert.h */ = {isa = PBXFileReference; fileEncoding = 4; lastKnownFileType = sourcecode.c.h; path = Alert.h; sourceTree = "<group>"; };
		6AC73269188D69A700188F23 /* CatchException.h */ = {isa = PBXFileReference; fileEncoding = 4; lastKnownFileType = sourcecode.c.h; path = CatchException.h; sourceTree = "<group>"; };
		6AC7326B188D69A700188F23 /* ExceptionCatcherCore.h */ = {isa = PBXFileReference; fileEncoding = 4; lastKnownFileType = sourcecode.c.h; path = ExceptionCatcherCore.h; sourceTree = "<group>"; };
		6AC7326C188D69A700188F23 /* Exception.h */ = {isa = PBXFileReference; fileEncoding = 4; lastKnownFileType = sourcecode.c.h; path = Exception.h; sourceTree = "<group>"; };
		6AC7326E188D69A700188F23 /* DirectoryInfo.h */ = {isa = PBXFileReference; fileEncoding = 4; lastKnownFileType = sourcecode.c.h; path = DirectoryInfo.h; sourceTree = "<group>"; };
		6AC7326F188D69A700188F23 /* FileInfo.h */ = {isa = PBXFileReference; fileEncoding = 4; lastKnownFileType = sourcecode.c.h; path = FileInfo.h; sourceTree = "<group>"; };
		6AC73270188D69A700188F23 /* Path.h */ = {isa = PBXFileReference; fileEncoding = 4; lastKnownFileType = sourcecode.c.h; path = Path.h; sourceTree = "<group>"; };
		6AC73272188D69A700188F23 /* ScopeExit.h */ = {isa = PBXFileReference; fileEncoding = 4; lastKnownFileType = sourcecode.c.h; path = ScopeExit.h; sourceTree = "<group>"; };
		6AC73274188D69A700188F23 /* FileStream.h */ = {isa = PBXFileReference; fileEncoding = 4; lastKnownFileType = sourcecode.c.h; path = FileStream.h; sourceTree = "<group>"; };
		6AC73275188D69A700188F23 /* InputFileStream.h */ = {isa = PBXFileReference; fileEncoding = 4; lastKnownFileType = sourcecode.c.h; path = InputFileStream.h; sourceTree = "<group>"; };
		6AC73276188D69A700188F23 /* InputStream.h */ = {isa = PBXFileReference; fileEncoding = 4; lastKnownFileType = sourcecode.c.h; path = InputStream.h; sourceTree = "<group>"; };
		6AC73277188D69A700188F23 /* TextReader.h */ = {isa = PBXFileReference; fileEncoding = 4; lastKnownFileType = sourcecode.c.h; path = TextReader.h; sourceTree = "<group>"; };
		6AC73278188D69A700188F23 /* TextStreamReader.h */ = {isa = PBXFileReference; fileEncoding = 4; lastKnownFileType = sourcecode.c.h; path = TextStreamReader.h; sourceTree = "<group>"; };
		6AC7327A188D69A700188F23 /* Boolean.h */ = {isa = PBXFileReference; fileEncoding = 4; lastKnownFileType = sourcecode.c.h; path = Boolean.h; sourceTree = "<group>"; };
		6AC7327B188D69A700188F23 /* Floating.h */ = {isa = PBXFileReference; fileEncoding = 4; lastKnownFileType = sourcecode.c.h; path = Floating.h; sourceTree = "<group>"; };
		6AC7327C188D69A700188F23 /* Integer.h */ = {isa = PBXFileReference; fileEncoding = 4; lastKnownFileType = sourcecode.c.h; path = Integer.h; sourceTree = "<group>"; };
		6AC7327D188D69A700188F23 /* IntegerList.h */ = {isa = PBXFileReference; fileEncoding = 4; lastKnownFileType = sourcecode.c.h; path = IntegerList.h; sourceTree = "<group>"; };
		6AC7327F188D69A700188F23 /* Floating.h */ = {isa = PBXFileReference; fileEncoding = 4; lastKnownFileType = sourcecode.c.h; path = Floating.h; sourceTree = "<group>"; };
		6AC73281188D69A700188F23 /* SharedPtrUtils.h */ = {isa = PBXFileReference; fileEncoding = 4; lastKnownFileType = sourcecode.c.h; path = SharedPtrUtils.h; sourceTree = "<group>"; };
		6AC73283188D69A700188F23 /* IfThenElse.h */ = {isa = PBXFileReference; fileEncoding = 4; lastKnownFileType = sourcecode.c.h; path = IfThenElse.h; sourceTree = "<group>"; };
		6AC73284188D69A700188F23 /* IntegralTypes.h */ = {isa = PBXFileReference; fileEncoding = 4; lastKnownFileType = sourcecode.c.h; path = IntegralTypes.h; sourceTree = "<group>"; };
		6AC73285188D69A700188F23 /* IsGeneralString.h */ = {isa = PBXFileReference; fileEncoding = 4; lastKnownFileType = sourcecode.c.h; path = IsGeneralString.h; sourceTree = "<group>"; };
		6AC73286188D69A700188F23 /* Select.h */ = {isa = PBXFileReference; fileEncoding = 4; lastKnownFileType = sourcecode.c.h; path = Select.h; sourceTree = "<group>"; };
		6AC73287188D69A700188F23 /* Utility.h */ = {isa = PBXFileReference; fileEncoding = 4; lastKnownFileType = sourcecode.c.h; path = Utility.h; sourceTree = "<group>"; };
		6AC73289188D69A700188F23 /* NumberConverter.h */ = {isa = PBXFileReference; fileEncoding = 4; lastKnownFileType = sourcecode.c.h; path = NumberConverter.h; sourceTree = "<group>"; };
		6AC7328A188D69A700188F23 /* NumberConvertible.h */ = {isa = PBXFileReference; fileEncoding = 4; lastKnownFileType = sourcecode.c.h; path = NumberConvertible.h; sourceTree = "<group>"; };
		6AC7328B188D69A700188F23 /* NumberTraits.h */ = {isa = PBXFileReference; fileEncoding = 4; lastKnownFileType = sourcecode.c.h; path = NumberTraits.h; sourceTree = "<group>"; };
		6AC7328D188D69A700188F23 /* AutoNumbered.h */ = {isa = PBXFileReference; fileEncoding = 4; lastKnownFileType = sourcecode.c.h; path = AutoNumbered.h; sourceTree = "<group>"; };
		6AC7328F188D69A700188F23 /* LifetimeTracker.h */ = {isa = PBXFileReference; fileEncoding = 4; lastKnownFileType = sourcecode.c.h; path = LifetimeTracker.h; sourceTree = "<group>"; };
		6AC73290188D69A700188F23 /* Singleton.h */ = {isa = PBXFileReference; fileEncoding = 4; lastKnownFileType = sourcecode.c.h; path = Singleton.h; sourceTree = "<group>"; };
		6AC73292188D69A700188F23 /* ConsoleApplication.h */ = {isa = PBXFileReference; fileEncoding = 4; lastKnownFileType = sourcecode.c.h; path = ConsoleApplication.h; sourceTree = "<group>"; };
		6AC73293188D69A700188F23 /* ProgramOptions.h */ = {isa = PBXFileReference; fileEncoding = 4; lastKnownFileType = sourcecode.c.h; path = ProgramOptions.h; sourceTree = "<group>"; };
		6AC73295188D69A700188F23 /* UniformRandom.h */ = {isa = PBXFileReference; fileEncoding = 4; lastKnownFileType = sourcecode.c.h; path = UniformRandom.h; sourceTree = "<group>"; };
		6AC73297188D69A700188F23 /* Compiler.h */ = {isa = PBXFileReference; fileEncoding = 4; lastKnownFileType = sourcecode.c.h; path = Compiler.h; sourceTree = "<group>"; };
		6AC73298188D69A700188F23 /* PchDefines.h */ = {isa = PBXFileReference; fileEncoding = 4; lastKnownFileType = sourcecode.c.h; path = PchDefines.h; sourceTree = "<group>"; };
		6AC73299188D69A700188F23 /* PchHeaders.h */ = {isa = PBXFileReference; fileEncoding = 4; lastKnownFileType = sourcecode.c.h; path = PchHeaders.h; sourceTree = "<group>"; };
		6AC7329A188D69A700188F23 /* System.h */ = {isa = PBXFileReference; fileEncoding = 4; lastKnownFileType = sourcecode.c.h; path = System.h; sourceTree = "<group>"; };
		6AC7329B188D69A700188F23 /* Version.h */ = {isa = PBXFileReference; fileEncoding = 4; lastKnownFileType = sourcecode.c.h; path = Version.h; sourceTree = "<group>"; };
		6AC7329D188D69A700188F23 /* State.h */ = {isa = PBXFileReference; fileEncoding = 4; lastKnownFileType = sourcecode.c.h; path = State.h; sourceTree = "<group>"; };
		6AC7329E188D69A700188F23 /* StateMachine.h */ = {isa = PBXFileReference; fileEncoding = 4; lastKnownFileType = sourcecode.c.h; path = StateMachine.h; sourceTree = "<group>"; };
		6AC732A0188D69A700188F23 /* Algorithm.h */ = {isa = PBXFileReference; fileEncoding = 4; lastKnownFileType = sourcecode.c.h; path = Algorithm.h; sourceTree = "<group>"; };
		6AC732A1188D69A700188F23 /* CainLess.h */ = {isa = PBXFileReference; fileEncoding = 4; lastKnownFileType = sourcecode.c.h; path = CainLess.h; sourceTree = "<group>"; };
		6AC732A3188D69A700188F23 /* Formatter.h */ = {isa = PBXFileReference; fileEncoding = 4; lastKnownFileType = sourcecode.c.h; path = Formatter.h; sourceTree = "<group>"; };
		6AC732A4188D69A700188F23 /* SprintfParameter.h */ = {isa = PBXFileReference; fileEncoding = 4; lastKnownFileType = sourcecode.c.h; path = SprintfParameter.h; sourceTree = "<group>"; };
		6AC732A5188D69A700188F23 /* Format.h */ = {isa = PBXFileReference; fileEncoding = 4; lastKnownFileType = sourcecode.c.h; path = Format.h; sourceTree = "<group>"; };
		6AC732A7188D69A700188F23 /* Sprintf_Sprintf.h */ = {isa = PBXFileReference; fileEncoding = 4; lastKnownFileType = sourcecode.c.h; path = Sprintf_Sprintf.h; sourceTree = "<group>"; };
		6AC732A8188D69A700188F23 /* Sprintf.h */ = {isa = PBXFileReference; fileEncoding = 4; lastKnownFileType = sourcecode.c.h; path = Sprintf.h; sourceTree = "<group>"; };
		6AC732A9188D69A700188F23 /* StringConvertible.h */ = {isa = PBXFileReference; fileEncoding = 4; lastKnownFileType = sourcecode.c.h; path = StringConvertible.h; sourceTree = "<group>"; };
		6AC732AA188D69A700188F23 /* TextEncoding.h */ = {isa = PBXFileReference; fileEncoding = 4; lastKnownFileType = sourcecode.c.h; path = TextEncoding.h; sourceTree = "<group>"; };
		6AC732AB188D69A700188F23 /* ToString.h */ = {isa = PBXFileReference; fileEncoding = 4; lastKnownFileType = sourcecode.c.h; path = ToString.h; sourceTree = "<group>"; };
		6AC732AC188D69A700188F23 /* Utf8String.h */ = {isa = PBXFileReference; fileEncoding = 4; lastKnownFileType = sourcecode.c.h; path = Utf8String.h; sourceTree = "<group>"; };
		6AC732AE188D69A700188F23 /* Task.h */ = {isa = PBXFileReference; fileEncoding = 4; lastKnownFileType = sourcecode.c.h; path = Task.h; sourceTree = "<group>"; };
		6AC732AF188D69A700188F23 /* TaskExecutor.h */ = {isa = PBXFileReference; fileEncoding = 4; lastKnownFileType = sourcecode.c.h; path = TaskExecutor.h; sourceTree = "<group>"; };
		6AC732B0188D69A700188F23 /* TaskFwd.h */ = {isa = PBXFileReference; fileEncoding = 4; lastKnownFileType = sourcecode.c.h; path = TaskFwd.h; sourceTree = "<group>"; };
		6AC732B1188D69A700188F23 /* TaskPoller.h */ = {isa = PBXFileReference; fileEncoding = 4; lastKnownFileType = sourcecode.c.h; path = TaskPoller.h; sourceTree = "<group>"; };
		6AC732B3188D69A700188F23 /* MutexLocks.h */ = {isa = PBXFileReference; fileEncoding = 4; lastKnownFileType = sourcecode.c.h; path = MutexLocks.h; sourceTree = "<group>"; };
		6AC732B4188D69A700188F23 /* SpinMutex.h */ = {isa = PBXFileReference; fileEncoding = 4; lastKnownFileType = sourcecode.c.h; path = SpinMutex.h; sourceTree = "<group>"; };
		6AC732B5188D69A700188F23 /* ThisThread.h */ = {isa = PBXFileReference; fileEncoding = 4; lastKnownFileType = sourcecode.c.h; path = ThisThread.h; sourceTree = "<group>"; };
		6AC732B6188D69A700188F23 /* Thread.h */ = {isa = PBXFileReference; fileEncoding = 4; lastKnownFileType = sourcecode.c.h; path = Thread.h; sourceTree = "<group>"; };
		6AC732B7188D69A700188F23 /* ThreadId.h */ = {isa = PBXFileReference; fileEncoding = 4; lastKnownFileType = sourcecode.c.h; path = ThreadId.h; sourceTree = "<group>"; };
		6AC732B8188D69A700188F23 /* ThreadTypes.h */ = {isa = PBXFileReference; fileEncoding = 4; lastKnownFileType = sourcecode.c.h; path = ThreadTypes.h; sourceTree = "<group>"; };
		6AC732BA188D69A700188F23 /* Channel.h */ = {isa = PBXFileReference; fileEncoding = 4; lastKnownFileType = sourcecode.c.h; path = Channel.h; sourceTree = "<group>"; };
		6AC732BB188D69A700188F23 /* Listeners.h */ = {isa = PBXFileReference; fileEncoding = 4; lastKnownFileType = sourcecode.c.h; path = Listeners.h; sourceTree = "<group>"; };
		6AC732BC188D69A700188F23 /* Trace.h */ = {isa = PBXFileReference; fileEncoding = 4; lastKnownFileType = sourcecode.c.h; path = Trace.h; sourceTree = "<group>"; };
		6AC732BD188D69A700188F23 /* TraceTypes.h */ = {isa = PBXFileReference; fileEncoding = 4; lastKnownFileType = sourcecode.c.h; path = TraceTypes.h; sourceTree = "<group>"; };
		6AC732BF188D69A700188F23 /* Any.h */ = {isa = PBXFileReference; fileEncoding = 4; lastKnownFileType = sourcecode.c.h; path = Any.h; sourceTree = "<group>"; };
		6AC732C1188D69A700188F23 /* AnyCasters.h */ = {isa = PBXFileReference; fileEncoding = 4; lastKnownFileType = sourcecode.c.h; path = AnyCasters.h; sourceTree = "<group>"; };
		6AC732C2188D69A700188F23 /* AnyHolders.h */ = {isa = PBXFileReference; fileEncoding = 4; lastKnownFileType = sourcecode.c.h; path = AnyHolders.h; sourceTree = "<group>"; };
		6AC732C3188D69A700188F23 /* NamedValueRef.h */ = {isa = PBXFileReference; fileEncoding = 4; lastKnownFileType = sourcecode.c.h; path = NamedValueRef.h; sourceTree = "<group>"; };
		6AC732C4188D69A700188F23 /* NamedValues.h */ = {isa = PBXFileReference; fileEncoding = 4; lastKnownFileType = sourcecode.c.h; path = NamedValues.h; sourceTree = "<group>"; };
		6AC732C5188D69A700188F23 /* PlainTypes.h */ = {isa = PBXFileReference; fileEncoding = 4; lastKnownFileType = sourcecode.c.h; path = PlainTypes.h; sourceTree = "<group>"; };
		6AC732C6188D69A700188F23 /* SharedArray.h */ = {isa = PBXFileReference; fileEncoding = 4; lastKnownFileType = sourcecode.c.h; path = SharedArray.h; sourceTree = "<group>"; };
		6AC732C8188D69A700188F23 /* CrtDebug.h */ = {isa = PBXFileReference; fileEncoding = 4; lastKnownFileType = sourcecode.c.h; path = CrtDebug.h; sourceTree = "<group>"; };
		6AC732C9188D69A700188F23 /* DebuggerTraceAdapter.h */ = {isa = PBXFileReference; fileEncoding = 4; lastKnownFileType = sourcecode.c.h; path = DebuggerTraceAdapter.h; sourceTree = "<group>"; };
		6AC732CA188D69A700188F23 /* FileInfo.h */ = {isa = PBXFileReference; fileEncoding = 4; lastKnownFileType = sourcecode.c.h; path = FileInfo.h; sourceTree = "<group>"; };
		6AC732CB188D69A700188F23 /* WideString.h */ = {isa = PBXFileReference; fileEncoding = 4; lastKnownFileType = sourcecode.c.h; path = WideString.h; sourceTree = "<group>"; };
		6AC7333D188D6B0100188F23 /* LogTraceAdapter.h */ = {isa = PBXFileReference; fileEncoding = 4; lastKnownFileType = sourcecode.c.h; name = LogTraceAdapter.h; path = Apple/LogTraceAdapter.h; sourceTree = "<group>"; };
/* End PBXFileReference section */

/* Begin PBXFrameworksBuildPhase section */
		6A23F6831849A13C00FD4293 /* Frameworks */ = {
			isa = PBXFrameworksBuildPhase;
			buildActionMask = 2147483647;
			files = (
			);
			runOnlyForDeploymentPostprocessing = 0;
		};
/* End PBXFrameworksBuildPhase section */

/* Begin PBXGroup section */
		6A23F67D1849A13C00FD4293 = {
			isa = PBXGroup;
			children = (
				6ADED3B218521ACD0001909B /* include */,
				6A23F68D1849A1B800FD4293 /* src */,
				6A23F6871849A13C00FD4293 /* Products */,
			);
			sourceTree = "<group>";
		};
		6A23F6871849A13C00FD4293 /* Products */ = {
			isa = PBXGroup;
			children = (
				6A23F6861849A13C00FD4293 /* libCaramel.a */,
			);
			name = Products;
			sourceTree = "<group>";
		};
		6A23F68D1849A1B800FD4293 /* src */ = {
			isa = PBXGroup;
			children = (
				6AC73136188D661C00188F23 /* Android.cpp */,
				6A23F68E1849A1B800FD4293 /* CaramelPch.cpp */,
				6A23F68F1849A1B800FD4293 /* CaramelPch.h */,
				6A23F6901849A1B800FD4293 /* Configuration.cpp */,
				6A23F6911849A1B800FD4293 /* DateTime */,
				6A23F6941849A1B800FD4293 /* DateTime.cpp */,
				6A23F6951849A1B800FD4293 /* Debug */,
				6A23F6971849A1B800FD4293 /* Debug.cpp */,
				6A23F6981849A1B800FD4293 /* Document */,
				6A23F69C1849A1B800FD4293 /* Document.cpp */,
				6A23F69D1849A1B800FD4293 /* Error.cpp */,
				6A23F69E1849A1B800FD4293 /* FileSystem */,
				6A23F6A01849A1B800FD4293 /* FileSystem.cpp */,
				6A23F6A11849A1B800FD4293 /* Io */,
				6A23F6A51849A1B800FD4293 /* Io.cpp */,
				6A23F6A61849A1B800FD4293 /* Lexical.cpp */,
				6A23F6A71849A1B800FD4293 /* Math.cpp */,
				6A23F6A81849A1B800FD4293 /* Object */,
				6A23F6AA1849A1B800FD4293 /* Object.cpp */,
				6A23F6AB1849A1B800FD4293 /* Program */,
				6A23F6AE1849A1B800FD4293 /* Program.cpp */,
				6A23F6AF1849A1B800FD4293 /* Random */,
				6A23F6B21849A1B800FD4293 /* Random.cpp */,
				6A23F6B31849A1B800FD4293 /* Statechart */,
				6A23F6B71849A1B800FD4293 /* Statechart.cpp */,
				6A23F6B81849A1B800FD4293 /* String */,
				6A23F6BA1849A1B800FD4293 /* String.cpp */,
				6A23F6BB1849A1B800FD4293 /* Task */,
				6A23F6BE1849A1B800FD4293 /* Task.cpp */,
				6A23F6BF1849A1B800FD4293 /* Thread */,
				6A23F6C11849A1B800FD4293 /* Thread.cpp */,
				6A23F6C21849A1B800FD4293 /* Trace */,
				6A23F6C51849A1B800FD4293 /* Trace.cpp */,
				6A23F6C61849A1B800FD4293 /* Value */,
				6A23F6C91849A1B800FD4293 /* Value.cpp */,
				6A23F6CA1849A1B800FD4293 /* Windows.cpp */,
				6AC73138188D668700188F23 /* Apple.mm */,
			);
			name = src;
			path = ../src;
			sourceTree = "<group>";
		};
		6A23F6911849A1B800FD4293 /* DateTime */ = {
			isa = PBXGroup;
			children = (
				6A23F6921849A1B800FD4293 /* DateTimeImpl.h */,
				6A23F6931849A1B800FD4293 /* TimeDuration.h */,
			);
			path = DateTime;
			sourceTree = "<group>";
		};
		6A23F6951849A1B800FD4293 /* Debug */ = {
			isa = PBXGroup;
			children = (
				6A23F6961849A1B800FD4293 /* DebugManager.h */,
			);
			path = Debug;
			sourceTree = "<group>";
		};
		6A23F6981849A1B800FD4293 /* Document */ = {
			isa = PBXGroup;
			children = (
				6A23F6991849A1B800FD4293 /* IniDocumentImpl.h */,
				6A23F69A1849A1B800FD4293 /* IniSectionImpl.h */,
				6A23F69B1849A1B800FD4293 /* IniSyntax.h */,
			);
			path = Document;
			sourceTree = "<group>";
		};
		6A23F69E1849A1B800FD4293 /* FileSystem */ = {
			isa = PBXGroup;
			children = (
				6A23F69F1849A1B800FD4293 /* PathImpl.h */,
			);
			path = FileSystem;
			sourceTree = "<group>";
		};
		6A23F6A11849A1B800FD4293 /* Io */ = {
			isa = PBXGroup;
			children = (
				6A23F6A21849A1B800FD4293 /* MbcsStreamReader.h */,
				6A23F6A31849A1B800FD4293 /* Utf16LeStreamReader.h */,
				6A23F6A41849A1B800FD4293 /* Utf8StreamReader.h */,
			);
			path = Io;
			sourceTree = "<group>";
		};
		6A23F6A81849A1B800FD4293 /* Object */ = {
			isa = PBXGroup;
			children = (
				6A23F6A91849A1B800FD4293 /* FacilityLongevity.h */,
			);
			path = Object;
			sourceTree = "<group>";
		};
		6A23F6AB1849A1B800FD4293 /* Program */ = {
			isa = PBXGroup;
			children = (
				6A23F6AC1849A1B800FD4293 /* ConsoleApplicationImpl.h */,
				6A23F6AD1849A1B800FD4293 /* ProgramOptionsManager.h */,
			);
			path = Program;
			sourceTree = "<group>";
		};
		6A23F6AF1849A1B800FD4293 /* Random */ = {
			isa = PBXGroup;
			children = (
				6A23F6B01849A1B800FD4293 /* RandomImpl.h */,
				6A23F6B11849A1B800FD4293 /* RandomManager.h */,
			);
			path = Random;
			sourceTree = "<group>";
		};
		6A23F6B31849A1B800FD4293 /* Statechart */ = {
			isa = PBXGroup;
			children = (
				6A23F6B41849A1B800FD4293 /* StateImpl.h */,
				6A23F6B51849A1B800FD4293 /* StateMachineImpl.h */,
				6A23F6B61849A1B800FD4293 /* Transition.h */,
			);
			path = Statechart;
			sourceTree = "<group>";
		};
		6A23F6B81849A1B800FD4293 /* String */ = {
			isa = PBXGroup;
			children = (
				6A23F6B91849A1B800FD4293 /* SprintfManager.h */,
			);
			path = String;
			sourceTree = "<group>";
		};
		6A23F6BB1849A1B800FD4293 /* Task */ = {
			isa = PBXGroup;
			children = (
				6A23F6BC1849A1B800FD4293 /* TaskImpl.h */,
				6A23F6BD1849A1B800FD4293 /* TaskPollerImpl.h */,
			);
			path = Task;
			sourceTree = "<group>";
		};
		6A23F6BF1849A1B800FD4293 /* Thread */ = {
			isa = PBXGroup;
			children = (
				6A23F6C01849A1B800FD4293 /* ThreadImpl.h */,
			);
			path = Thread;
			sourceTree = "<group>";
		};
		6A23F6C21849A1B800FD4293 /* Trace */ = {
			isa = PBXGroup;
			children = (
				6A23F6C31849A1B800FD4293 /* ChannelImpl.h */,
				6A23F6C41849A1B800FD4293 /* TraceManager.h */,
			);
			path = Trace;
			sourceTree = "<group>";
		};
		6A23F6C61849A1B800FD4293 /* Value */ = {
			isa = PBXGroup;
			children = (
				6A23F6C71849A1B800FD4293 /* NamedValueEntry.h */,
				6A23F6C81849A1B800FD4293 /* NamedValuesImpl.h */,
			);
			path = Value;
			sourceTree = "<group>";
		};
		6AC7323A188D69A700188F23 /* Caramel */ = {
			isa = PBXGroup;
			children = (
				6AC7333C188D6ADC00188F23 /* Apple */,
				6AC7323B188D69A700188F23 /* Android */,
				6AC7323D188D69A700188F23 /* Async */,
				6AC73244188D69A700188F23 /* Caramel.h */,
				6AC73245188D69A700188F23 /* Chrono */,
				6AC73249188D69A700188F23 /* Concurrent */,
				6AC73257188D69A700188F23 /* DateTime */,
				6AC7325F188D69A700188F23 /* Debug */,
				6AC73261188D69A700188F23 /* Document */,
				6AC73264188D69A700188F23 /* Enum */,
				6AC73266188D69A700188F23 /* Error */,
				6AC7326D188D69A700188F23 /* FileSystem */,
				6AC73271188D69A700188F23 /* Functional */,
				6AC73273188D69A700188F23 /* Io */,
				6AC73279188D69A700188F23 /* Lexical */,
				6AC7327E188D69A700188F23 /* Math */,
				6AC73280188D69A700188F23 /* Memory */,
				6AC73282188D69A700188F23 /* Meta */,
				6AC73288188D69A700188F23 /* Numeric */,
				6AC7328C188D69A700188F23 /* Object */,
				6AC73291188D69A700188F23 /* Program */,
				6AC73294188D69A700188F23 /* Random */,
				6AC73296188D69A700188F23 /* Setup */,
				6AC7329C188D69A700188F23 /* Statechart */,
				6AC7329F188D69A700188F23 /* String */,
				6AC732AD188D69A700188F23 /* Task */,
				6AC732B2188D69A700188F23 /* Thread */,
				6AC732B9188D69A700188F23 /* Trace */,
				6AC732BE188D69A700188F23 /* Value */,
				6AC732C7188D69A700188F23 /* Windows */,
			);
			path = Caramel;
			sourceTree = "<group>";
		};
		6AC7323B188D69A700188F23 /* Android */ = {
			isa = PBXGroup;
			children = (
				6AC7323C188D69A700188F23 /* LogTraceAdapter.h */,
			);
			path = Android;
			sourceTree = "<group>";
		};
		6AC7323D188D69A700188F23 /* Async */ = {
			isa = PBXGroup;
			children = (
				6AC7323E188D69A700188F23 /* AnyEvent.h */,
				6AC7323F188D69A700188F23 /* AnyEventDispatcher.h */,
				6AC73240188D69A700188F23 /* AnyEventQueue.h */,
				6AC73241188D69A700188F23 /* FlowState.h */,
				6AC73242188D69A700188F23 /* TimedBool.h */,
				6AC73243188D69A700188F23 /* WaitableBool.h */,
			);
			path = Async;
			sourceTree = "<group>";
		};
		6AC73245188D69A700188F23 /* Chrono */ = {
			isa = PBXGroup;
			children = (
				6AC73246188D69A700188F23 /* SecondClock.h */,
				6AC73247188D69A700188F23 /* SteadyClock.h */,
				6AC73248188D69A700188F23 /* TickClock.h */,
			);
			path = Chrono;
			sourceTree = "<group>";
		};
		6AC73249188D69A700188F23 /* Concurrent */ = {
			isa = PBXGroup;
			children = (
				6AC7324A188D69A700188F23 /* Detail */,
				6AC7324F188D69A700188F23 /* FlatMap.h */,
				6AC73250188D69A700188F23 /* HashMap.h */,
				6AC73251188D69A700188F23 /* IntervalSet.h */,
				6AC73252188D69A700188F23 /* Map.h */,
				6AC73253188D69A700188F23 /* PriorityQueue.h */,
				6AC73254188D69A700188F23 /* Queue.h */,
				6AC73255188D69A700188F23 /* ReplicatePolicies.h */,
				6AC73256188D69A700188F23 /* Set.h */,
			);
			path = Concurrent;
			sourceTree = "<group>";
		};
		6AC7324A188D69A700188F23 /* Detail */ = {
			isa = PBXGroup;
			children = (
				6AC7324B188D69A700188F23 /* BasicMap.h */,
				6AC7324C188D69A700188F23 /* BasicSet.h */,
				6AC7324D188D69A700188F23 /* CollectionSnapshot.h */,
				6AC7324E188D69A700188F23 /* LockedSet.h */,
			);
			path = Detail;
			sourceTree = "<group>";
		};
		6AC73257188D69A700188F23 /* DateTime */ = {
			isa = PBXGroup;
			children = (
				6AC73258188D69A700188F23 /* Date.h */,
				6AC73259188D69A700188F23 /* DateTime.h */,
				6AC7325A188D69A700188F23 /* Days.h */,
				6AC7325B188D69A700188F23 /* Detail */,
				6AC7325D188D69A700188F23 /* TimeOfDay.h */,
				6AC7325E188D69A700188F23 /* TimeSpan.h */,
			);
			path = DateTime;
			sourceTree = "<group>";
		};
		6AC7325B188D69A700188F23 /* Detail */ = {
			isa = PBXGroup;
			children = (
				6AC7325C188D69A700188F23 /* DateTimeFwd.h */,
			);
			path = Detail;
			sourceTree = "<group>";
		};
		6AC7325F188D69A700188F23 /* Debug */ = {
			isa = PBXGroup;
			children = (
				6AC73260188D69A700188F23 /* ScopeTiming.h */,
			);
			path = Debug;
			sourceTree = "<group>";
		};
		6AC73261188D69A700188F23 /* Document */ = {
			isa = PBXGroup;
			children = (
				6AC73262188D69A700188F23 /* IniDocument.h */,
				6AC73263188D69A700188F23 /* IniSection.h */,
			);
			path = Document;
			sourceTree = "<group>";
		};
		6AC73264188D69A700188F23 /* Enum */ = {
			isa = PBXGroup;
			children = (
				6AC73265188D69A700188F23 /* EnumLookupTable.h */,
			);
			path = Enum;
			sourceTree = "<group>";
		};
		6AC73266188D69A700188F23 /* Error */ = {
			isa = PBXGroup;
			children = (
				6AC73267188D69A700188F23 /* Alert.h */,
				6AC73269188D69A700188F23 /* CatchException.h */,
				6AC7326A188D69A700188F23 /* Detail */,
				6AC7326C188D69A700188F23 /* Exception.h */,
			);
			path = Error;
			sourceTree = "<group>";
		};
		6AC7326A188D69A700188F23 /* Detail */ = {
			isa = PBXGroup;
			children = (
				6AC7326B188D69A700188F23 /* ExceptionCatcherCore.h */,
			);
			path = Detail;
			sourceTree = "<group>";
		};
		6AC7326D188D69A700188F23 /* FileSystem */ = {
			isa = PBXGroup;
			children = (
				6AC7326E188D69A700188F23 /* DirectoryInfo.h */,
				6AC7326F188D69A700188F23 /* FileInfo.h */,
				6AC73270188D69A700188F23 /* Path.h */,
			);
			path = FileSystem;
			sourceTree = "<group>";
		};
		6AC73271188D69A700188F23 /* Functional */ = {
			isa = PBXGroup;
			children = (
				6AC73272188D69A700188F23 /* ScopeExit.h */,
			);
			path = Functional;
			sourceTree = "<group>";
		};
		6AC73273188D69A700188F23 /* Io */ = {
			isa = PBXGroup;
			children = (
				6AC73274188D69A700188F23 /* FileStream.h */,
				6AC73275188D69A700188F23 /* InputFileStream.h */,
				6AC73276188D69A700188F23 /* InputStream.h */,
				6AC73277188D69A700188F23 /* TextReader.h */,
				6AC73278188D69A700188F23 /* TextStreamReader.h */,
			);
			path = Io;
			sourceTree = "<group>";
		};
		6AC73279188D69A700188F23 /* Lexical */ = {
			isa = PBXGroup;
			children = (
				6AC7327A188D69A700188F23 /* Boolean.h */,
				6AC7327B188D69A700188F23 /* Floating.h */,
				6AC7327C188D69A700188F23 /* Integer.h */,
				6AC7327D188D69A700188F23 /* IntegerList.h */,
			);
			path = Lexical;
			sourceTree = "<group>";
		};
		6AC7327E188D69A700188F23 /* Math */ = {
			isa = PBXGroup;
			children = (
				6AC7327F188D69A700188F23 /* Floating.h */,
			);
			path = Math;
			sourceTree = "<group>";
		};
		6AC73280188D69A700188F23 /* Memory */ = {
			isa = PBXGroup;
			children = (
				6AC73281188D69A700188F23 /* SharedPtrUtils.h */,
			);
			path = Memory;
			sourceTree = "<group>";
		};
		6AC73282188D69A700188F23 /* Meta */ = {
			isa = PBXGroup;
			children = (
				6AC73283188D69A700188F23 /* IfThenElse.h */,
				6AC73284188D69A700188F23 /* IntegralTypes.h */,
				6AC73285188D69A700188F23 /* IsGeneralString.h */,
				6AC73286188D69A700188F23 /* Select.h */,
				6AC73287188D69A700188F23 /* Utility.h */,
			);
			path = Meta;
			sourceTree = "<group>";
		};
		6AC73288188D69A700188F23 /* Numeric */ = {
			isa = PBXGroup;
			children = (
				6AC73289188D69A700188F23 /* NumberConverter.h */,
				6AC7328A188D69A700188F23 /* NumberConvertible.h */,
				6AC7328B188D69A700188F23 /* NumberTraits.h */,
			);
			path = Numeric;
			sourceTree = "<group>";
		};
		6AC7328C188D69A700188F23 /* Object */ = {
			isa = PBXGroup;
			children = (
				6AC7328D188D69A700188F23 /* AutoNumbered.h */,
				6AC7328E188D69A700188F23 /* Detail */,
				6AC73290188D69A700188F23 /* Singleton.h */,
			);
			path = Object;
			sourceTree = "<group>";
		};
		6AC7328E188D69A700188F23 /* Detail */ = {
			isa = PBXGroup;
			children = (
				6AC7328F188D69A700188F23 /* LifetimeTracker.h */,
			);
			path = Detail;
			sourceTree = "<group>";
		};
		6AC73291188D69A700188F23 /* Program */ = {
			isa = PBXGroup;
			children = (
				6AC73292188D69A700188F23 /* ConsoleApplication.h */,
				6AC73293188D69A700188F23 /* ProgramOptions.h */,
			);
			path = Program;
			sourceTree = "<group>";
		};
		6AC73294188D69A700188F23 /* Random */ = {
			isa = PBXGroup;
			children = (
				6AC73295188D69A700188F23 /* UniformRandom.h */,
			);
			path = Random;
			sourceTree = "<group>";
		};
		6AC73296188D69A700188F23 /* Setup */ = {
			isa = PBXGroup;
			children = (
				6AC73297188D69A700188F23 /* Compiler.h */,
				6AC73298188D69A700188F23 /* PchDefines.h */,
				6AC73299188D69A700188F23 /* PchHeaders.h */,
				6AC7329A188D69A700188F23 /* System.h */,
				6AC7329B188D69A700188F23 /* Version.h */,
			);
			path = Setup;
			sourceTree = "<group>";
		};
		6AC7329C188D69A700188F23 /* Statechart */ = {
			isa = PBXGroup;
			children = (
				6AC7329D188D69A700188F23 /* State.h */,
				6AC7329E188D69A700188F23 /* StateMachine.h */,
			);
			path = Statechart;
			sourceTree = "<group>";
		};
		6AC7329F188D69A700188F23 /* String */ = {
			isa = PBXGroup;
			children = (
				6AC732A0188D69A700188F23 /* Algorithm.h */,
				6AC732A1188D69A700188F23 /* CainLess.h */,
				6AC732A2188D69A700188F23 /* Detail */,
				6AC732A5188D69A700188F23 /* Format.h */,
				6AC732A6188D69A700188F23 /* Inline */,
				6AC732A8188D69A700188F23 /* Sprintf.h */,
				6AC732A9188D69A700188F23 /* StringConvertible.h */,
				6AC732AA188D69A700188F23 /* TextEncoding.h */,
				6AC732AB188D69A700188F23 /* ToString.h */,
				6AC732AC188D69A700188F23 /* Utf8String.h */,
			);
			path = String;
			sourceTree = "<group>";
		};
		6AC732A2188D69A700188F23 /* Detail */ = {
			isa = PBXGroup;
			children = (
				6AC732A3188D69A700188F23 /* Formatter.h */,
				6AC732A4188D69A700188F23 /* SprintfParameter.h */,
			);
			path = Detail;
			sourceTree = "<group>";
		};
		6AC732A6188D69A700188F23 /* Inline */ = {
			isa = PBXGroup;
			children = (
				6AC732A7188D69A700188F23 /* Sprintf_Sprintf.h */,
			);
			path = Inline;
			sourceTree = "<group>";
		};
		6AC732AD188D69A700188F23 /* Task */ = {
			isa = PBXGroup;
			children = (
				6AC732AE188D69A700188F23 /* Task.h */,
				6AC732AF188D69A700188F23 /* TaskExecutor.h */,
				6AC732B0188D69A700188F23 /* TaskFwd.h */,
				6AC732B1188D69A700188F23 /* TaskPoller.h */,
			);
			path = Task;
			sourceTree = "<group>";
		};
		6AC732B2188D69A700188F23 /* Thread */ = {
			isa = PBXGroup;
			children = (
				6AC732B3188D69A700188F23 /* MutexLocks.h */,
				6AC732B4188D69A700188F23 /* SpinMutex.h */,
				6AC732B5188D69A700188F23 /* ThisThread.h */,
				6AC732B6188D69A700188F23 /* Thread.h */,
				6AC732B7188D69A700188F23 /* ThreadId.h */,
				6AC732B8188D69A700188F23 /* ThreadTypes.h */,
			);
			path = Thread;
			sourceTree = "<group>";
		};
		6AC732B9188D69A700188F23 /* Trace */ = {
			isa = PBXGroup;
			children = (
				6AC732BA188D69A700188F23 /* Channel.h */,
				6AC732BB188D69A700188F23 /* Listeners.h */,
				6AC732BC188D69A700188F23 /* Trace.h */,
				6AC732BD188D69A700188F23 /* TraceTypes.h */,
			);
			path = Trace;
			sourceTree = "<group>";
		};
		6AC732BE188D69A700188F23 /* Value */ = {
			isa = PBXGroup;
			children = (
				6AC732BF188D69A700188F23 /* Any.h */,
				6AC732C0188D69A700188F23 /* Detail */,
				6AC732C4188D69A700188F23 /* NamedValues.h */,
				6AC732C5188D69A700188F23 /* PlainTypes.h */,
				6AC732C6188D69A700188F23 /* SharedArray.h */,
			);
			path = Value;
			sourceTree = "<group>";
		};
		6AC732C0188D69A700188F23 /* Detail */ = {
			isa = PBXGroup;
			children = (
				6AC732C1188D69A700188F23 /* AnyCasters.h */,
				6AC732C2188D69A700188F23 /* AnyHolders.h */,
				6AC732C3188D69A700188F23 /* NamedValueRef.h */,
			);
			path = Detail;
			sourceTree = "<group>";
		};
		6AC732C7188D69A700188F23 /* Windows */ = {
			isa = PBXGroup;
			children = (
				6AC732C8188D69A700188F23 /* CrtDebug.h */,
				6AC732C9188D69A700188F23 /* DebuggerTraceAdapter.h */,
				6AC732CA188D69A700188F23 /* FileInfo.h */,
				6AC732CB188D69A700188F23 /* WideString.h */,
			);
			path = Windows;
			sourceTree = "<group>";
		};
		6AC7333C188D6ADC00188F23 /* Apple */ = {
			isa = PBXGroup;
			children = (
				6AC7333D188D6B0100188F23 /* LogTraceAdapter.h */,
			);
			name = Apple;
			sourceTree = "<group>";
		};
		6ADED3B218521ACD0001909B /* include */ = {
			isa = PBXGroup;
			children = (
				6AC7323A188D69A700188F23 /* Caramel */,
			);
			name = include;
			path = ../include;
			sourceTree = "<group>";
		};
/* End PBXGroup section */

/* Begin PBXHeadersBuildPhase section */
		6A23F6841849A13C00FD4293 /* Headers */ = {
			isa = PBXHeadersBuildPhase;
			buildActionMask = 2147483647;
			files = (
				6AC73318188D69A700188F23 /* Formatter.h in Headers */,
				6AC73302188D69A700188F23 /* IntegralTypes.h in Headers */,
				6A23F6DC1849A1B800FD4293 /* Utf8StreamReader.h in Headers */,
				6A23F6E61849A1B800FD4293 /* RandomManager.h in Headers */,
				6AC7330B188D69A700188F23 /* Singleton.h in Headers */,
				6AC732CF188D69A700188F23 /* AnyEventQueue.h in Headers */,
				6AC732D4188D69A700188F23 /* SecondClock.h in Headers */,
				6AC732E0188D69A700188F23 /* Queue.h in Headers */,
				6AC732F2188D69A700188F23 /* DirectoryInfo.h in Headers */,
				6AC73315188D69A700188F23 /* StateMachine.h in Headers */,
				6AC732FC188D69A700188F23 /* Floating.h in Headers */,
				6AC732E9188D69A700188F23 /* ScopeTiming.h in Headers */,
				6AC732E4188D69A700188F23 /* DateTime.h in Headers */,
				6AC7331B188D69A700188F23 /* Sprintf_Sprintf.h in Headers */,
				6AC732DE188D69A700188F23 /* Map.h in Headers */,
				6AC732EC188D69A700188F23 /* EnumLookupTable.h in Headers */,
				6AC732F4188D69A700188F23 /* Path.h in Headers */,
				6AC73337188D69A700188F23 /* DebuggerTraceAdapter.h in Headers */,
				6AC73334188D69A700188F23 /* PlainTypes.h in Headers */,
				6AC7332E188D69A700188F23 /* TraceTypes.h in Headers */,
				6AC732D7188D69A700188F23 /* BasicMap.h in Headers */,
				6AC7331F188D69A700188F23 /* ToString.h in Headers */,
				6AC73312188D69A700188F23 /* System.h in Headers */,
				6AC73331188D69A700188F23 /* AnyHolders.h in Headers */,
				6A23F6DA1849A1B800FD4293 /* MbcsStreamReader.h in Headers */,
				6AC732D0188D69A700188F23 /* FlowState.h in Headers */,
				6A23F6D31849A1B800FD4293 /* IniDocumentImpl.h in Headers */,
				6AC7330E188D69A700188F23 /* UniformRandom.h in Headers */,
				6AC73313188D69A700188F23 /* Version.h in Headers */,
				6A23F6F11849A1B800FD4293 /* ThreadImpl.h in Headers */,
				6AC7333E188D6B0100188F23 /* LogTraceAdapter.h in Headers */,
				6AC73323188D69A700188F23 /* TaskFwd.h in Headers */,
				6AC73305188D69A700188F23 /* Utility.h in Headers */,
				6AC732EA188D69A700188F23 /* IniDocument.h in Headers */,
				6A23F6E91849A1B800FD4293 /* StateMachineImpl.h in Headers */,
				6AC732E8188D69A700188F23 /* TimeSpan.h in Headers */,
				6AC732F3188D69A700188F23 /* FileInfo.h in Headers */,
				6AC732FE188D69A700188F23 /* IntegerList.h in Headers */,
				6AC732F7188D69A700188F23 /* InputFileStream.h in Headers */,
				6AC73322188D69A700188F23 /* TaskExecutor.h in Headers */,
				6AC732E1188D69A700188F23 /* ReplicatePolicies.h in Headers */,
				6AC732DA188D69A700188F23 /* LockedSet.h in Headers */,
				6A23F6E21849A1B800FD4293 /* ConsoleApplicationImpl.h in Headers */,
				6A23F6D51849A1B800FD4293 /* IniSyntax.h in Headers */,
				6AC732ED188D69A700188F23 /* Alert.h in Headers */,
				6A23F6DB1849A1B800FD4293 /* Utf16LeStreamReader.h in Headers */,
				6A23F6E81849A1B800FD4293 /* StateImpl.h in Headers */,
				6AC73300188D69A700188F23 /* SharedPtrUtils.h in Headers */,
				6AC7331D188D69A700188F23 /* StringConvertible.h in Headers */,
				6AC73324188D69A700188F23 /* TaskPoller.h in Headers */,
				6A23F6D41849A1B800FD4293 /* IniSectionImpl.h in Headers */,
				6AC732F5188D69A700188F23 /* ScopeExit.h in Headers */,
				6AC732E3188D69A700188F23 /* Date.h in Headers */,
				6AC73332188D69A700188F23 /* NamedValueRef.h in Headers */,
				6AC732EB188D69A700188F23 /* IniSection.h in Headers */,
				6AC732CD188D69A700188F23 /* AnyEvent.h in Headers */,
				6A23F6CF1849A1B800FD4293 /* TimeDuration.h in Headers */,
				6AC73329188D69A700188F23 /* ThreadId.h in Headers */,
				6AC73309188D69A700188F23 /* AutoNumbered.h in Headers */,
				6A23F6E01849A1B800FD4293 /* FacilityLongevity.h in Headers */,
				6AC7330A188D69A700188F23 /* LifetimeTracker.h in Headers */,
				6AC732D5188D69A700188F23 /* SteadyClock.h in Headers */,
				6AC7332F188D69A700188F23 /* Any.h in Headers */,
				6AC732CE188D69A700188F23 /* AnyEventDispatcher.h in Headers */,
				6AC73310188D69A700188F23 /* PchDefines.h in Headers */,
				6AC732DC188D69A700188F23 /* HashMap.h in Headers */,
				6AC7330D188D69A700188F23 /* ProgramOptions.h in Headers */,
				6AC73304188D69A700188F23 /* Select.h in Headers */,
				6A23F6F61849A1B800FD4293 /* NamedValueEntry.h in Headers */,
				6AC7332D188D69A700188F23 /* Trace.h in Headers */,
				6AC732FA188D69A700188F23 /* TextStreamReader.h in Headers */,
				6A23F6CC1849A1B800FD4293 /* CaramelPch.h in Headers */,
				6A23F6E31849A1B800FD4293 /* ProgramOptionsManager.h in Headers */,
				6AC732FD188D69A700188F23 /* Integer.h in Headers */,
				6AC732DB188D69A700188F23 /* FlatMap.h in Headers */,
				6AC7331A188D69A700188F23 /* Format.h in Headers */,
				6AC732F1188D69A700188F23 /* Exception.h in Headers */,
				6AC7330F188D69A700188F23 /* Compiler.h in Headers */,
				6AC73316188D69A700188F23 /* Algorithm.h in Headers */,
				6A23F6EA1849A1B800FD4293 /* Transition.h in Headers */,
				6AC73333188D69A700188F23 /* NamedValues.h in Headers */,
				6AC73330188D69A700188F23 /* AnyCasters.h in Headers */,
				6AC73307188D69A700188F23 /* NumberConvertible.h in Headers */,
				6A23F6EC1849A1B800FD4293 /* SprintfManager.h in Headers */,
				6AC7331C188D69A700188F23 /* Sprintf.h in Headers */,
				6AC73314188D69A700188F23 /* State.h in Headers */,
				6AC73303188D69A700188F23 /* IsGeneralString.h in Headers */,
				6A23F6EE1849A1B800FD4293 /* TaskImpl.h in Headers */,
				6AC732F0188D69A700188F23 /* ExceptionCatcherCore.h in Headers */,
				6AC732CC188D69A700188F23 /* LogTraceAdapter.h in Headers */,
				6AC732D6188D69A700188F23 /* TickClock.h in Headers */,
				6A23F6E51849A1B800FD4293 /* RandomImpl.h in Headers */,
				6AC732D8188D69A700188F23 /* BasicSet.h in Headers */,
				6AC732F6188D69A700188F23 /* FileStream.h in Headers */,
				6AC7332C188D69A700188F23 /* Listeners.h in Headers */,
				6AC732D9188D69A700188F23 /* CollectionSnapshot.h in Headers */,
				6AC73338188D69A700188F23 /* FileInfo.h in Headers */,
				6AC73311188D69A700188F23 /* PchHeaders.h in Headers */,
				6AC732EF188D69A700188F23 /* CatchException.h in Headers */,
				6AC73335188D69A700188F23 /* SharedArray.h in Headers */,
				6A23F6F71849A1B800FD4293 /* NamedValuesImpl.h in Headers */,
				6AC73306188D69A700188F23 /* NumberConverter.h in Headers */,
				6AC73320188D69A700188F23 /* Utf8String.h in Headers */,
				6AC732DD188D69A700188F23 /* IntervalSet.h in Headers */,
				6AC732D2188D69A700188F23 /* WaitableBool.h in Headers */,
				6A23F6D11849A1B800FD4293 /* DebugManager.h in Headers */,
				6AC7332B188D69A700188F23 /* Channel.h in Headers */,
				6AC73325188D69A700188F23 /* MutexLocks.h in Headers */,
				6AC73328188D69A700188F23 /* Thread.h in Headers */,
				6AC732FF188D69A700188F23 /* Floating.h in Headers */,
				6AC7330C188D69A700188F23 /* ConsoleApplication.h in Headers */,
				6AC73319188D69A700188F23 /* SprintfParameter.h in Headers */,
				6AC732FB188D69A700188F23 /* Boolean.h in Headers */,
				6AC732E2188D69A700188F23 /* Set.h in Headers */,
				6AC73339188D69A700188F23 /* WideString.h in Headers */,
				6AC73301188D69A700188F23 /* IfThenElse.h in Headers */,
				6AC732D1188D69A700188F23 /* TimedBool.h in Headers */,
				6AC73308188D69A700188F23 /* NumberTraits.h in Headers */,
				6AC73326188D69A700188F23 /* SpinMutex.h in Headers */,
				6AC732F8188D69A700188F23 /* InputStream.h in Headers */,
				6AC73327188D69A700188F23 /* ThisThread.h in Headers */,
				6A23F6EF1849A1B800FD4293 /* TaskPollerImpl.h in Headers */,
				6A23F6CE1849A1B800FD4293 /* DateTimeImpl.h in Headers */,
				6AC7331E188D69A700188F23 /* TextEncoding.h in Headers */,
				6AC73317188D69A700188F23 /* CainLess.h in Headers */,
				6AC732DF188D69A700188F23 /* PriorityQueue.h in Headers */,
				6A23F6F31849A1B800FD4293 /* ChannelImpl.h in Headers */,
				6A23F6D81849A1B800FD4293 /* PathImpl.h in Headers */,
				6AC732E6188D69A700188F23 /* DateTimeFwd.h in Headers */,
				6AC732D3188D69A700188F23 /* Caramel.h in Headers */,
				6AC732E7188D69A700188F23 /* TimeOfDay.h in Headers */,
				6AC73336188D69A700188F23 /* CrtDebug.h in Headers */,
				6AC732F9188D69A700188F23 /* TextReader.h in Headers */,
				6AC732E5188D69A700188F23 /* Days.h in Headers */,
				6AC73321188D69A700188F23 /* Task.h in Headers */,
				6AC7332A188D69A700188F23 /* ThreadTypes.h in Headers */,
				6A23F6F41849A1B800FD4293 /* TraceManager.h in Headers */,
			);
			runOnlyForDeploymentPostprocessing = 0;
		};
/* End PBXHeadersBuildPhase section */

/* Begin PBXNativeTarget section */
		6A23F6851849A13C00FD4293 /* Caramel */ = {
			isa = PBXNativeTarget;
			buildConfigurationList = 6A23F68A1849A13C00FD4293 /* Build configuration list for PBXNativeTarget "Caramel" */;
			buildPhases = (
				6A23F6821849A13C00FD4293 /* Sources */,
				6A23F6831849A13C00FD4293 /* Frameworks */,
				6A23F6841849A13C00FD4293 /* Headers */,
			);
			buildRules = (
			);
			dependencies = (
			);
			name = Caramel;
			productName = Caramel;
			productReference = 6A23F6861849A13C00FD4293 /* libCaramel.a */;
			productType = "com.apple.product-type.library.static";
		};
/* End PBXNativeTarget section */

/* Begin PBXProject section */
		6A23F67E1849A13C00FD4293 /* Project object */ = {
			isa = PBXProject;
			attributes = {
				LastUpgradeCheck = 0500;
				ORGANIZATIONNAME = slimek;
			};
			buildConfigurationList = 6A23F6811849A13C00FD4293 /* Build configuration list for PBXProject "Caramel" */;
			compatibilityVersion = "Xcode 3.2";
			developmentRegion = English;
			hasScannedForEncodings = 0;
			knownRegions = (
				en,
			);
			mainGroup = 6A23F67D1849A13C00FD4293;
			productRefGroup = 6A23F6871849A13C00FD4293 /* Products */;
			projectDirPath = "";
			projectRoot = "";
			targets = (
				6A23F6851849A13C00FD4293 /* Caramel */,
			);
		};
/* End PBXProject section */

/* Begin PBXSourcesBuildPhase section */
		6A23F6821849A13C00FD4293 /* Sources */ = {
			isa = PBXSourcesBuildPhase;
			buildActionMask = 2147483647;
			files = (
				6A23F6EB1849A1B800FD4293 /* Statechart.cpp in Sources */,
				6A23F6E41849A1B800FD4293 /* Program.cpp in Sources */,
				6A23F6D71849A1B800FD4293 /* Error.cpp in Sources */,
				6A23F6CD1849A1B800FD4293 /* Configuration.cpp in Sources */,
				6A23F6E11849A1B800FD4293 /* Object.cpp in Sources */,
				6A23F6F81849A1B800FD4293 /* Value.cpp in Sources */,
				6A23F6D61849A1B800FD4293 /* Document.cpp in Sources */,
				6A23F6D91849A1B800FD4293 /* FileSystem.cpp in Sources */,
				6AC73137188D661C00188F23 /* Android.cpp in Sources */,
				6A23F6F21849A1B800FD4293 /* Thread.cpp in Sources */,
				6A23F6ED1849A1B800FD4293 /* String.cpp in Sources */,
				6A23F6DE1849A1B800FD4293 /* Lexical.cpp in Sources */,
				6AC73139188D668700188F23 /* Apple.mm in Sources */,
				6A23F6F91849A1B800FD4293 /* Windows.cpp in Sources */,
				6A23F6D21849A1B800FD4293 /* Debug.cpp in Sources */,
				6A23F6D01849A1B800FD4293 /* DateTime.cpp in Sources */,
				6A23F6CB1849A1B800FD4293 /* CaramelPch.cpp in Sources */,
				6A23F6F01849A1B800FD4293 /* Task.cpp in Sources */,
				6A23F6E71849A1B800FD4293 /* Random.cpp in Sources */,
				6A23F6F51849A1B800FD4293 /* Trace.cpp in Sources */,
				6A23F6DD1849A1B800FD4293 /* Io.cpp in Sources */,
				6A23F6DF1849A1B800FD4293 /* Math.cpp in Sources */,
			);
			runOnlyForDeploymentPostprocessing = 0;
		};
/* End PBXSourcesBuildPhase section */

/* Begin XCBuildConfiguration section */
		6A23F6881849A13C00FD4293 /* Debug */ = {
			isa = XCBuildConfiguration;
			buildSettings = {
				ALWAYS_SEARCH_USER_PATHS = NO;
				ARCHS = "$(ARCHS_STANDARD_32_BIT)";
				CLANG_CXX_LANGUAGE_STANDARD = "gnu++0x";
				CLANG_CXX_LIBRARY = "libc++";
				CLANG_ENABLE_OBJC_ARC = NO;
				CLANG_WARN_BOOL_CONVERSION = YES;
				CLANG_WARN_CONSTANT_CONVERSION = YES;
				CLANG_WARN_DIRECT_OBJC_ISA_USAGE = YES_ERROR;
				CLANG_WARN_EMPTY_BODY = YES;
				CLANG_WARN_ENUM_CONVERSION = YES;
				CLANG_WARN_INT_CONVERSION = YES;
				CLANG_WARN_OBJC_ROOT_CLASS = YES_ERROR;
				CLANG_WARN__DUPLICATE_METHOD_MATCH = YES;
				COPY_PHASE_STRIP = NO;
				GCC_C_LANGUAGE_STANDARD = gnu99;
				GCC_DYNAMIC_NO_PIC = NO;
				GCC_ENABLE_OBJC_EXCEPTIONS = YES;
				GCC_OPTIMIZATION_LEVEL = 0;
				GCC_PREPROCESSOR_DEFINITIONS = (
					"DEBUG=1",
					"$(inherited)",
				);
				GCC_SYMBOLS_PRIVATE_EXTERN = NO;
				GCC_WARN_64_TO_32_BIT_CONVERSION = YES;
				GCC_WARN_ABOUT_RETURN_TYPE = YES_ERROR;
				GCC_WARN_UNDECLARED_SELECTOR = YES;
				GCC_WARN_UNINITIALIZED_AUTOS = YES;
				GCC_WARN_UNUSED_FUNCTION = YES;
				GCC_WARN_UNUSED_VARIABLE = YES;
				HEADER_SEARCH_PATHS = (
					../src,
					../include,
					../../CandyJar/include,
					"$(inherited)",
					/Applications/Xcode.app/Contents/Developer/Toolchains/XcodeDefault.xctoolchain/usr/include,
				);
				MACOSX_DEPLOYMENT_TARGET = 10.8;
				OBJROOT = obj;
				ONLY_ACTIVE_ARCH = YES;
				SDKROOT = macosx;
				SYMROOT = "$(SRCROOT)/../lib/Mac";
			};
			name = Debug;
		};
		6A23F6891849A13C00FD4293 /* Release */ = {
			isa = XCBuildConfiguration;
			buildSettings = {
				ALWAYS_SEARCH_USER_PATHS = NO;
				ARCHS = "$(ARCHS_STANDARD_32_BIT)";
				CLANG_CXX_LANGUAGE_STANDARD = "gnu++0x";
				CLANG_CXX_LIBRARY = "libc++";
				CLANG_ENABLE_OBJC_ARC = NO;
				CLANG_WARN_BOOL_CONVERSION = YES;
				CLANG_WARN_CONSTANT_CONVERSION = YES;
				CLANG_WARN_DIRECT_OBJC_ISA_USAGE = YES_ERROR;
				CLANG_WARN_EMPTY_BODY = YES;
				CLANG_WARN_ENUM_CONVERSION = YES;
				CLANG_WARN_INT_CONVERSION = YES;
				CLANG_WARN_OBJC_ROOT_CLASS = YES_ERROR;
				CLANG_WARN__DUPLICATE_METHOD_MATCH = YES;
				COPY_PHASE_STRIP = YES;
				DEBUG_INFORMATION_FORMAT = "dwarf-with-dsym";
				ENABLE_NS_ASSERTIONS = NO;
				GCC_C_LANGUAGE_STANDARD = gnu99;
				GCC_ENABLE_OBJC_EXCEPTIONS = YES;
				GCC_WARN_64_TO_32_BIT_CONVERSION = YES;
				GCC_WARN_ABOUT_RETURN_TYPE = YES_ERROR;
				GCC_WARN_UNDECLARED_SELECTOR = YES;
				GCC_WARN_UNINITIALIZED_AUTOS = YES;
				GCC_WARN_UNUSED_FUNCTION = YES;
				GCC_WARN_UNUSED_VARIABLE = YES;
				HEADER_SEARCH_PATHS = (
					../src,
					../include,
					../../CandyJar/include,
					"$(inherited)",
					/Applications/Xcode.app/Contents/Developer/Toolchains/XcodeDefault.xctoolchain/usr/include,
				);
				MACOSX_DEPLOYMENT_TARGET = 10.8;
				OBJROOT = obj;
				SDKROOT = macosx;
				SYMROOT = "$(SRCROOT)/../lib/Mac";
			};
			name = Release;
		};
		6A23F68B1849A13C00FD4293 /* Debug */ = {
			isa = XCBuildConfiguration;
			buildSettings = {
				EXECUTABLE_PREFIX = lib;
				PRODUCT_NAME = "$(TARGET_NAME)";
			};
			name = Debug;
		};
		6A23F68C1849A13C00FD4293 /* Release */ = {
			isa = XCBuildConfiguration;
			buildSettings = {
				EXECUTABLE_PREFIX = lib;
				PRODUCT_NAME = "$(TARGET_NAME)";
			};
			name = Release;
		};
/* End XCBuildConfiguration section */

/* Begin XCConfigurationList section */
		6A23F6811849A13C00FD4293 /* Build configuration list for PBXProject "Caramel" */ = {
			isa = XCConfigurationList;
			buildConfigurations = (
				6A23F6881849A13C00FD4293 /* Debug */,
				6A23F6891849A13C00FD4293 /* Release */,
			);
			defaultConfigurationIsVisible = 0;
			defaultConfigurationName = Release;
		};
		6A23F68A1849A13C00FD4293 /* Build configuration list for PBXNativeTarget "Caramel" */ = {
			isa = XCConfigurationList;
			buildConfigurations = (
				6A23F68B1849A13C00FD4293 /* Debug */,
				6A23F68C1849A13C00FD4293 /* Release */,
			);
			defaultConfigurationIsVisible = 0;
			defaultConfigurationName = Release;
		};
/* End XCConfigurationList section */
	};
	rootObject = 6A23F67E1849A13C00FD4293 /* Project object */;
}
