// !$*UTF8*$!
{
	archiveVersion = 1;
	classes = {
	};
	objectVersion = 46;
	objects = {

/* Begin PBXBuildFile section */
		6A23F6CB1849A1B800FD4293 /* CaramelPch.cpp in Sources */ = {isa = PBXBuildFile; fileRef = 6A23F68E1849A1B800FD4293 /* CaramelPch.cpp */; };
		6A23F6CC1849A1B800FD4293 /* CaramelPch.h in Headers */ = {isa = PBXBuildFile; fileRef = 6A23F68F1849A1B800FD4293 /* CaramelPch.h */; };
		6A23F6CD1849A1B800FD4293 /* Configuration.cpp in Sources */ = {isa = PBXBuildFile; fileRef = 6A23F6901849A1B800FD4293 /* Configuration.cpp */; };
		6A23F6CE1849A1B800FD4293 /* DateTimeImpl.h in Headers */ = {isa = PBXBuildFile; fileRef = 6A23F6921849A1B800FD4293 /* DateTimeImpl.h */; };
		6A23F6CF1849A1B800FD4293 /* TimeDuration.h in Headers */ = {isa = PBXBuildFile; fileRef = 6A23F6931849A1B800FD4293 /* TimeDuration.h */; };
		6A23F6D01849A1B800FD4293 /* DateTime.cpp in Sources */ = {isa = PBXBuildFile; fileRef = 6A23F6941849A1B800FD4293 /* DateTime.cpp */; };
		6A23F6D11849A1B800FD4293 /* DebugManager.h in Headers */ = {isa = PBXBuildFile; fileRef = 6A23F6961849A1B800FD4293 /* DebugManager.h */; };
		6A23F6D21849A1B800FD4293 /* Debug.cpp in Sources */ = {isa = PBXBuildFile; fileRef = 6A23F6971849A1B800FD4293 /* Debug.cpp */; };
		6A23F6D31849A1B800FD4293 /* IniDocumentImpl.h in Headers */ = {isa = PBXBuildFile; fileRef = 6A23F6991849A1B800FD4293 /* IniDocumentImpl.h */; };
		6A23F6D41849A1B800FD4293 /* IniSectionImpl.h in Headers */ = {isa = PBXBuildFile; fileRef = 6A23F69A1849A1B800FD4293 /* IniSectionImpl.h */; };
		6A23F6D51849A1B800FD4293 /* IniSyntax.h in Headers */ = {isa = PBXBuildFile; fileRef = 6A23F69B1849A1B800FD4293 /* IniSyntax.h */; };
		6A23F6D61849A1B800FD4293 /* Document.cpp in Sources */ = {isa = PBXBuildFile; fileRef = 6A23F69C1849A1B800FD4293 /* Document.cpp */; };
		6A23F6D71849A1B800FD4293 /* Error.cpp in Sources */ = {isa = PBXBuildFile; fileRef = 6A23F69D1849A1B800FD4293 /* Error.cpp */; };
		6A23F6D81849A1B800FD4293 /* PathImpl.h in Headers */ = {isa = PBXBuildFile; fileRef = 6A23F69F1849A1B800FD4293 /* PathImpl.h */; };
		6A23F6D91849A1B800FD4293 /* FileSystem.cpp in Sources */ = {isa = PBXBuildFile; fileRef = 6A23F6A01849A1B800FD4293 /* FileSystem.cpp */; };
		6A23F6DA1849A1B800FD4293 /* MbcsStreamReader.h in Headers */ = {isa = PBXBuildFile; fileRef = 6A23F6A21849A1B800FD4293 /* MbcsStreamReader.h */; };
		6A23F6DB1849A1B800FD4293 /* Utf16LeStreamReader.h in Headers */ = {isa = PBXBuildFile; fileRef = 6A23F6A31849A1B800FD4293 /* Utf16LeStreamReader.h */; };
		6A23F6DC1849A1B800FD4293 /* Utf8StreamReader.h in Headers */ = {isa = PBXBuildFile; fileRef = 6A23F6A41849A1B800FD4293 /* Utf8StreamReader.h */; };
		6A23F6DD1849A1B800FD4293 /* Io.cpp in Sources */ = {isa = PBXBuildFile; fileRef = 6A23F6A51849A1B800FD4293 /* Io.cpp */; };
		6A23F6DE1849A1B800FD4293 /* Lexical.cpp in Sources */ = {isa = PBXBuildFile; fileRef = 6A23F6A61849A1B800FD4293 /* Lexical.cpp */; };
		6A23F6DF1849A1B800FD4293 /* Math.cpp in Sources */ = {isa = PBXBuildFile; fileRef = 6A23F6A71849A1B800FD4293 /* Math.cpp */; };
		6A23F6E01849A1B800FD4293 /* FacilityLongevity.h in Headers */ = {isa = PBXBuildFile; fileRef = 6A23F6A91849A1B800FD4293 /* FacilityLongevity.h */; };
		6A23F6E11849A1B800FD4293 /* Object.cpp in Sources */ = {isa = PBXBuildFile; fileRef = 6A23F6AA1849A1B800FD4293 /* Object.cpp */; };
		6A23F6E21849A1B800FD4293 /* ConsoleApplicationImpl.h in Headers */ = {isa = PBXBuildFile; fileRef = 6A23F6AC1849A1B800FD4293 /* ConsoleApplicationImpl.h */; };
		6A23F6E31849A1B800FD4293 /* ProgramOptionsManager.h in Headers */ = {isa = PBXBuildFile; fileRef = 6A23F6AD1849A1B800FD4293 /* ProgramOptionsManager.h */; };
		6A23F6E41849A1B800FD4293 /* Program.cpp in Sources */ = {isa = PBXBuildFile; fileRef = 6A23F6AE1849A1B800FD4293 /* Program.cpp */; };
		6A23F6E51849A1B800FD4293 /* RandomImpl.h in Headers */ = {isa = PBXBuildFile; fileRef = 6A23F6B01849A1B800FD4293 /* RandomImpl.h */; };
		6A23F6E61849A1B800FD4293 /* RandomManager.h in Headers */ = {isa = PBXBuildFile; fileRef = 6A23F6B11849A1B800FD4293 /* RandomManager.h */; };
		6A23F6E71849A1B800FD4293 /* Random.cpp in Sources */ = {isa = PBXBuildFile; fileRef = 6A23F6B21849A1B800FD4293 /* Random.cpp */; };
		6A23F6E81849A1B800FD4293 /* StateImpl.h in Headers */ = {isa = PBXBuildFile; fileRef = 6A23F6B41849A1B800FD4293 /* StateImpl.h */; };
		6A23F6E91849A1B800FD4293 /* StateMachineImpl.h in Headers */ = {isa = PBXBuildFile; fileRef = 6A23F6B51849A1B800FD4293 /* StateMachineImpl.h */; };
		6A23F6EA1849A1B800FD4293 /* Transition.h in Headers */ = {isa = PBXBuildFile; fileRef = 6A23F6B61849A1B800FD4293 /* Transition.h */; };
		6A23F6EB1849A1B800FD4293 /* Statechart.cpp in Sources */ = {isa = PBXBuildFile; fileRef = 6A23F6B71849A1B800FD4293 /* Statechart.cpp */; };
		6A23F6EC1849A1B800FD4293 /* SprintfManager.h in Headers */ = {isa = PBXBuildFile; fileRef = 6A23F6B91849A1B800FD4293 /* SprintfManager.h */; };
		6A23F6ED1849A1B800FD4293 /* String.cpp in Sources */ = {isa = PBXBuildFile; fileRef = 6A23F6BA1849A1B800FD4293 /* String.cpp */; };
		6A23F6EE1849A1B800FD4293 /* TaskImpl.h in Headers */ = {isa = PBXBuildFile; fileRef = 6A23F6BC1849A1B800FD4293 /* TaskImpl.h */; };
		6A23F6EF1849A1B800FD4293 /* TaskPollerImpl.h in Headers */ = {isa = PBXBuildFile; fileRef = 6A23F6BD1849A1B800FD4293 /* TaskPollerImpl.h */; };
		6A23F6F01849A1B800FD4293 /* Task.cpp in Sources */ = {isa = PBXBuildFile; fileRef = 6A23F6BE1849A1B800FD4293 /* Task.cpp */; };
		6A23F6F11849A1B800FD4293 /* ThreadImpl.h in Headers */ = {isa = PBXBuildFile; fileRef = 6A23F6C01849A1B800FD4293 /* ThreadImpl.h */; };
		6A23F6F21849A1B800FD4293 /* Thread.cpp in Sources */ = {isa = PBXBuildFile; fileRef = 6A23F6C11849A1B800FD4293 /* Thread.cpp */; };
		6A23F6F31849A1B800FD4293 /* ChannelImpl.h in Headers */ = {isa = PBXBuildFile; fileRef = 6A23F6C31849A1B800FD4293 /* ChannelImpl.h */; };
		6A23F6F41849A1B800FD4293 /* TraceManager.h in Headers */ = {isa = PBXBuildFile; fileRef = 6A23F6C41849A1B800FD4293 /* TraceManager.h */; };
		6A23F6F51849A1B800FD4293 /* Trace.cpp in Sources */ = {isa = PBXBuildFile; fileRef = 6A23F6C51849A1B800FD4293 /* Trace.cpp */; };
		6A23F6F61849A1B800FD4293 /* NamedValueEntry.h in Headers */ = {isa = PBXBuildFile; fileRef = 6A23F6C71849A1B800FD4293 /* NamedValueEntry.h */; };
		6A23F6F71849A1B800FD4293 /* NamedValuesImpl.h in Headers */ = {isa = PBXBuildFile; fileRef = 6A23F6C81849A1B800FD4293 /* NamedValuesImpl.h */; };
		6A23F6F81849A1B800FD4293 /* Value.cpp in Sources */ = {isa = PBXBuildFile; fileRef = 6A23F6C91849A1B800FD4293 /* Value.cpp */; };
		6A23F6F91849A1B800FD4293 /* Windows.cpp in Sources */ = {isa = PBXBuildFile; fileRef = 6A23F6CA1849A1B800FD4293 /* Windows.cpp */; };
		6A23F7711849A1C200FD4293 /* FlowState.h in Headers */ = {isa = PBXBuildFile; fileRef = 6A23F6FD1849A1C100FD4293 /* FlowState.h */; };
		6A23F7721849A1C200FD4293 /* TimedBool.h in Headers */ = {isa = PBXBuildFile; fileRef = 6A23F6FE1849A1C100FD4293 /* TimedBool.h */; };
		6A23F7731849A1C200FD4293 /* Caramel.h in Headers */ = {isa = PBXBuildFile; fileRef = 6A23F6FF1849A1C100FD4293 /* Caramel.h */; };
		6A23F7741849A1C200FD4293 /* SecondClock.h in Headers */ = {isa = PBXBuildFile; fileRef = 6A23F7011849A1C100FD4293 /* SecondClock.h */; };
		6A23F7751849A1C200FD4293 /* SteadyClock.h in Headers */ = {isa = PBXBuildFile; fileRef = 6A23F7021849A1C100FD4293 /* SteadyClock.h */; };
		6A23F7761849A1C200FD4293 /* TickClock.h in Headers */ = {isa = PBXBuildFile; fileRef = 6A23F7031849A1C100FD4293 /* TickClock.h */; };
		6A23F7771849A1C200FD4293 /* BasicMap.h in Headers */ = {isa = PBXBuildFile; fileRef = 6A23F7061849A1C100FD4293 /* BasicMap.h */; };
		6A23F7781849A1C200FD4293 /* HashMap.h in Headers */ = {isa = PBXBuildFile; fileRef = 6A23F7071849A1C100FD4293 /* HashMap.h */; };
		6A23F7791849A1C200FD4293 /* Map.h in Headers */ = {isa = PBXBuildFile; fileRef = 6A23F7081849A1C100FD4293 /* Map.h */; };
		6A23F77A1849A1C200FD4293 /* PriorityQueue.h in Headers */ = {isa = PBXBuildFile; fileRef = 6A23F7091849A1C100FD4293 /* PriorityQueue.h */; };
		6A23F77B1849A1C200FD4293 /* Queue.h in Headers */ = {isa = PBXBuildFile; fileRef = 6A23F70A1849A1C100FD4293 /* Queue.h */; };
		6A23F77C1849A1C200FD4293 /* ReplicatePolicies.h in Headers */ = {isa = PBXBuildFile; fileRef = 6A23F70B1849A1C100FD4293 /* ReplicatePolicies.h */; };
		6A23F77D1849A1C200FD4293 /* DateTime.h in Headers */ = {isa = PBXBuildFile; fileRef = 6A23F70D1849A1C100FD4293 /* DateTime.h */; };
		6A23F77E1849A1C200FD4293 /* TimeOfDay.h in Headers */ = {isa = PBXBuildFile; fileRef = 6A23F70E1849A1C100FD4293 /* TimeOfDay.h */; };
		6A23F77F1849A1C200FD4293 /* TimeSpan.h in Headers */ = {isa = PBXBuildFile; fileRef = 6A23F70F1849A1C100FD4293 /* TimeSpan.h */; };
		6A23F7801849A1C200FD4293 /* ScopeTiming.h in Headers */ = {isa = PBXBuildFile; fileRef = 6A23F7111849A1C100FD4293 /* ScopeTiming.h */; };
		6A23F7811849A1C200FD4293 /* IniDocument.h in Headers */ = {isa = PBXBuildFile; fileRef = 6A23F7131849A1C100FD4293 /* IniDocument.h */; };
		6A23F7821849A1C200FD4293 /* IniSection.h in Headers */ = {isa = PBXBuildFile; fileRef = 6A23F7141849A1C100FD4293 /* IniSection.h */; };
		6A23F7831849A1C200FD4293 /* EnumLookupTable.h in Headers */ = {isa = PBXBuildFile; fileRef = 6A23F7161849A1C100FD4293 /* EnumLookupTable.h */; };
		6A23F7841849A1C200FD4293 /* Assert.h in Headers */ = {isa = PBXBuildFile; fileRef = 6A23F7181849A1C100FD4293 /* Assert.h */; };
		6A23F7851849A1C200FD4293 /* CatchException.h in Headers */ = {isa = PBXBuildFile; fileRef = 6A23F7191849A1C100FD4293 /* CatchException.h */; };
		6A23F7861849A1C200FD4293 /* ExceptionCatcherCore.h in Headers */ = {isa = PBXBuildFile; fileRef = 6A23F71B1849A1C100FD4293 /* ExceptionCatcherCore.h */; };
		6A23F7871849A1C200FD4293 /* Exception.h in Headers */ = {isa = PBXBuildFile; fileRef = 6A23F71C1849A1C100FD4293 /* Exception.h */; };
		6A23F7881849A1C200FD4293 /* DirectoryInfo.h in Headers */ = {isa = PBXBuildFile; fileRef = 6A23F71E1849A1C100FD4293 /* DirectoryInfo.h */; };
		6A23F7891849A1C200FD4293 /* FileInfo.h in Headers */ = {isa = PBXBuildFile; fileRef = 6A23F71F1849A1C100FD4293 /* FileInfo.h */; };
		6A23F78A1849A1C200FD4293 /* Path.h in Headers */ = {isa = PBXBuildFile; fileRef = 6A23F7201849A1C100FD4293 /* Path.h */; };
		6A23F78B1849A1C200FD4293 /* ScopeExit.h in Headers */ = {isa = PBXBuildFile; fileRef = 6A23F7221849A1C100FD4293 /* ScopeExit.h */; };
		6A23F78C1849A1C200FD4293 /* FileStream.h in Headers */ = {isa = PBXBuildFile; fileRef = 6A23F7241849A1C100FD4293 /* FileStream.h */; };
		6A23F78D1849A1C200FD4293 /* InputFileStream.h in Headers */ = {isa = PBXBuildFile; fileRef = 6A23F7251849A1C100FD4293 /* InputFileStream.h */; };
		6A23F78E1849A1C200FD4293 /* InputStream.h in Headers */ = {isa = PBXBuildFile; fileRef = 6A23F7261849A1C100FD4293 /* InputStream.h */; };
		6A23F78F1849A1C200FD4293 /* TextReader.h in Headers */ = {isa = PBXBuildFile; fileRef = 6A23F7271849A1C100FD4293 /* TextReader.h */; };
		6A23F7901849A1C200FD4293 /* TextStreamReader.h in Headers */ = {isa = PBXBuildFile; fileRef = 6A23F7281849A1C100FD4293 /* TextStreamReader.h */; };
		6A23F7911849A1C200FD4293 /* Boolean.h in Headers */ = {isa = PBXBuildFile; fileRef = 6A23F72A1849A1C100FD4293 /* Boolean.h */; };
		6A23F7921849A1C200FD4293 /* Floating.h in Headers */ = {isa = PBXBuildFile; fileRef = 6A23F72B1849A1C100FD4293 /* Floating.h */; };
		6A23F7931849A1C200FD4293 /* Integer.h in Headers */ = {isa = PBXBuildFile; fileRef = 6A23F72C1849A1C100FD4293 /* Integer.h */; };
		6A23F7941849A1C200FD4293 /* IntegerList.h in Headers */ = {isa = PBXBuildFile; fileRef = 6A23F72D1849A1C100FD4293 /* IntegerList.h */; };
		6A23F7951849A1C200FD4293 /* Floating.h in Headers */ = {isa = PBXBuildFile; fileRef = 6A23F72F1849A1C100FD4293 /* Floating.h */; };
		6A23F7961849A1C200FD4293 /* IfThenElse.h in Headers */ = {isa = PBXBuildFile; fileRef = 6A23F7311849A1C100FD4293 /* IfThenElse.h */; };
		6A23F7971849A1C200FD4293 /* IntegralTypes.h in Headers */ = {isa = PBXBuildFile; fileRef = 6A23F7321849A1C100FD4293 /* IntegralTypes.h */; };
		6A23F7981849A1C200FD4293 /* Select.h in Headers */ = {isa = PBXBuildFile; fileRef = 6A23F7331849A1C100FD4293 /* Select.h */; };
		6A23F7991849A1C200FD4293 /* Utility.h in Headers */ = {isa = PBXBuildFile; fileRef = 6A23F7341849A1C100FD4293 /* Utility.h */; };
		6A23F79A1849A1C200FD4293 /* NumberConvertible.h in Headers */ = {isa = PBXBuildFile; fileRef = 6A23F7361849A1C100FD4293 /* NumberConvertible.h */; };
		6A23F79B1849A1C200FD4293 /* NumberTraits.h in Headers */ = {isa = PBXBuildFile; fileRef = 6A23F7371849A1C100FD4293 /* NumberTraits.h */; };
		6A23F79C1849A1C200FD4293 /* AutoNumbered.h in Headers */ = {isa = PBXBuildFile; fileRef = 6A23F7391849A1C100FD4293 /* AutoNumbered.h */; };
		6A23F79D1849A1C200FD4293 /* LifetimeTracker.h in Headers */ = {isa = PBXBuildFile; fileRef = 6A23F73B1849A1C100FD4293 /* LifetimeTracker.h */; };
		6A23F79E1849A1C200FD4293 /* Singleton.h in Headers */ = {isa = PBXBuildFile; fileRef = 6A23F73C1849A1C100FD4293 /* Singleton.h */; };
		6A23F79F1849A1C200FD4293 /* ConsoleApplication.h in Headers */ = {isa = PBXBuildFile; fileRef = 6A23F73E1849A1C100FD4293 /* ConsoleApplication.h */; };
		6A23F7A01849A1C200FD4293 /* ProgramOptions.h in Headers */ = {isa = PBXBuildFile; fileRef = 6A23F73F1849A1C100FD4293 /* ProgramOptions.h */; };
		6A23F7A11849A1C200FD4293 /* UniformRandom.h in Headers */ = {isa = PBXBuildFile; fileRef = 6A23F7411849A1C100FD4293 /* UniformRandom.h */; };
		6A23F7A21849A1C200FD4293 /* Compiler.h in Headers */ = {isa = PBXBuildFile; fileRef = 6A23F7431849A1C100FD4293 /* Compiler.h */; };
		6A23F7A31849A1C200FD4293 /* PchDefines.h in Headers */ = {isa = PBXBuildFile; fileRef = 6A23F7441849A1C100FD4293 /* PchDefines.h */; };
		6A23F7A41849A1C200FD4293 /* PchHeaders.h in Headers */ = {isa = PBXBuildFile; fileRef = 6A23F7451849A1C100FD4293 /* PchHeaders.h */; };
		6A23F7A51849A1C200FD4293 /* System.h in Headers */ = {isa = PBXBuildFile; fileRef = 6A23F7461849A1C100FD4293 /* System.h */; };
		6A23F7A61849A1C200FD4293 /* State.h in Headers */ = {isa = PBXBuildFile; fileRef = 6A23F7481849A1C100FD4293 /* State.h */; };
		6A23F7A71849A1C200FD4293 /* StateMachine.h in Headers */ = {isa = PBXBuildFile; fileRef = 6A23F7491849A1C100FD4293 /* StateMachine.h */; };
		6A23F7A81849A1C200FD4293 /* Algorithm.h in Headers */ = {isa = PBXBuildFile; fileRef = 6A23F74B1849A1C100FD4293 /* Algorithm.h */; };
		6A23F7A91849A1C200FD4293 /* CainLess.h in Headers */ = {isa = PBXBuildFile; fileRef = 6A23F74C1849A1C100FD4293 /* CainLess.h */; };
		6A23F7AA1849A1C200FD4293 /* CharTraits.h in Headers */ = {isa = PBXBuildFile; fileRef = 6A23F74D1849A1C100FD4293 /* CharTraits.h */; };
		6A23F7AB1849A1C200FD4293 /* SprintfParameter.h in Headers */ = {isa = PBXBuildFile; fileRef = 6A23F74F1849A1C100FD4293 /* SprintfParameter.h */; };
		6A23F7AC1849A1C200FD4293 /* Sprintf_Sprintf.h in Headers */ = {isa = PBXBuildFile; fileRef = 6A23F7511849A1C100FD4293 /* Sprintf_Sprintf.h */; };
		6A23F7AD1849A1C200FD4293 /* Sprintf.h in Headers */ = {isa = PBXBuildFile; fileRef = 6A23F7521849A1C100FD4293 /* Sprintf.h */; };
		6A23F7AE1849A1C200FD4293 /* StringConvertible.h in Headers */ = {isa = PBXBuildFile; fileRef = 6A23F7531849A1C100FD4293 /* StringConvertible.h */; };
		6A23F7AF1849A1C200FD4293 /* TextEncoding.h in Headers */ = {isa = PBXBuildFile; fileRef = 6A23F7541849A1C100FD4293 /* TextEncoding.h */; };
		6A23F7B01849A1C200FD4293 /* ToString.h in Headers */ = {isa = PBXBuildFile; fileRef = 6A23F7551849A1C100FD4293 /* ToString.h */; };
		6A23F7B11849A1C200FD4293 /* Utf8String.h in Headers */ = {isa = PBXBuildFile; fileRef = 6A23F7561849A1C100FD4293 /* Utf8String.h */; };
		6A23F7B21849A1C200FD4293 /* Task.h in Headers */ = {isa = PBXBuildFile; fileRef = 6A23F7581849A1C100FD4293 /* Task.h */; };
		6A23F7B31849A1C200FD4293 /* TaskExecutor.h in Headers */ = {isa = PBXBuildFile; fileRef = 6A23F7591849A1C100FD4293 /* TaskExecutor.h */; };
		6A23F7B41849A1C200FD4293 /* TaskFwd.h in Headers */ = {isa = PBXBuildFile; fileRef = 6A23F75A1849A1C100FD4293 /* TaskFwd.h */; };
		6A23F7B51849A1C200FD4293 /* TaskPoller.h in Headers */ = {isa = PBXBuildFile; fileRef = 6A23F75B1849A1C100FD4293 /* TaskPoller.h */; };
		6A23F7B61849A1C200FD4293 /* MutexLocks.h in Headers */ = {isa = PBXBuildFile; fileRef = 6A23F75D1849A1C100FD4293 /* MutexLocks.h */; };
		6A23F7B71849A1C200FD4293 /* SpinMutex.h in Headers */ = {isa = PBXBuildFile; fileRef = 6A23F75E1849A1C100FD4293 /* SpinMutex.h */; };
		6A23F7B81849A1C200FD4293 /* ThisThread.h in Headers */ = {isa = PBXBuildFile; fileRef = 6A23F75F1849A1C100FD4293 /* ThisThread.h */; };
		6A23F7B91849A1C200FD4293 /* Thread.h in Headers */ = {isa = PBXBuildFile; fileRef = 6A23F7601849A1C100FD4293 /* Thread.h */; };
		6A23F7BA1849A1C200FD4293 /* ThreadTypes.h in Headers */ = {isa = PBXBuildFile; fileRef = 6A23F7611849A1C100FD4293 /* ThreadTypes.h */; };
		6A23F7BB1849A1C200FD4293 /* Channel.h in Headers */ = {isa = PBXBuildFile; fileRef = 6A23F7631849A1C100FD4293 /* Channel.h */; };
		6A23F7BC1849A1C200FD4293 /* Listeners.h in Headers */ = {isa = PBXBuildFile; fileRef = 6A23F7641849A1C100FD4293 /* Listeners.h */; };
		6A23F7BD1849A1C200FD4293 /* Trace.h in Headers */ = {isa = PBXBuildFile; fileRef = 6A23F7651849A1C100FD4293 /* Trace.h */; };
		6A23F7BE1849A1C200FD4293 /* TraceTypes.h in Headers */ = {isa = PBXBuildFile; fileRef = 6A23F7661849A1C200FD4293 /* TraceTypes.h */; };
		6A23F7BF1849A1C200FD4293 /* NamedValueRef.h in Headers */ = {isa = PBXBuildFile; fileRef = 6A23F7691849A1C200FD4293 /* NamedValueRef.h */; };
		6A23F7C01849A1C200FD4293 /* NamedValues.h in Headers */ = {isa = PBXBuildFile; fileRef = 6A23F76A1849A1C200FD4293 /* NamedValues.h */; };
		6A23F7C11849A1C200FD4293 /* SharedArray.h in Headers */ = {isa = PBXBuildFile; fileRef = 6A23F76B1849A1C200FD4293 /* SharedArray.h */; };
		6A23F7C21849A1C200FD4293 /* CrtDebug.h in Headers */ = {isa = PBXBuildFile; fileRef = 6A23F76D1849A1C200FD4293 /* CrtDebug.h */; };
		6A23F7C31849A1C200FD4293 /* DebuggerTraceListener.h in Headers */ = {isa = PBXBuildFile; fileRef = 6A23F76E1849A1C200FD4293 /* DebuggerTraceListener.h */; };
		6A23F7C41849A1C200FD4293 /* FileInfo.h in Headers */ = {isa = PBXBuildFile; fileRef = 6A23F76F1849A1C200FD4293 /* FileInfo.h */; };
		6A23F7C51849A1C200FD4293 /* WideString.h in Headers */ = {isa = PBXBuildFile; fileRef = 6A23F7701849A1C200FD4293 /* WideString.h */; };
/* End PBXBuildFile section */

/* Begin PBXFileReference section */
		6A23F6861849A13C00FD4293 /* libCaramel.a */ = {isa = PBXFileReference; explicitFileType = archive.ar; includeInIndex = 0; path = libCaramel.a; sourceTree = BUILT_PRODUCTS_DIR; };
		6A23F68E1849A1B800FD4293 /* CaramelPch.cpp */ = {isa = PBXFileReference; fileEncoding = 4; lastKnownFileType = sourcecode.cpp.cpp; path = CaramelPch.cpp; sourceTree = "<group>"; };
		6A23F68F1849A1B800FD4293 /* CaramelPch.h */ = {isa = PBXFileReference; fileEncoding = 4; lastKnownFileType = sourcecode.c.h; path = CaramelPch.h; sourceTree = "<group>"; };
		6A23F6901849A1B800FD4293 /* Configuration.cpp */ = {isa = PBXFileReference; fileEncoding = 4; lastKnownFileType = sourcecode.cpp.cpp; path = Configuration.cpp; sourceTree = "<group>"; };
		6A23F6921849A1B800FD4293 /* DateTimeImpl.h */ = {isa = PBXFileReference; fileEncoding = 4; lastKnownFileType = sourcecode.c.h; path = DateTimeImpl.h; sourceTree = "<group>"; };
		6A23F6931849A1B800FD4293 /* TimeDuration.h */ = {isa = PBXFileReference; fileEncoding = 4; lastKnownFileType = sourcecode.c.h; path = TimeDuration.h; sourceTree = "<group>"; };
		6A23F6941849A1B800FD4293 /* DateTime.cpp */ = {isa = PBXFileReference; fileEncoding = 4; lastKnownFileType = sourcecode.cpp.cpp; path = DateTime.cpp; sourceTree = "<group>"; };
		6A23F6961849A1B800FD4293 /* DebugManager.h */ = {isa = PBXFileReference; fileEncoding = 4; lastKnownFileType = sourcecode.c.h; path = DebugManager.h; sourceTree = "<group>"; };
		6A23F6971849A1B800FD4293 /* Debug.cpp */ = {isa = PBXFileReference; fileEncoding = 4; lastKnownFileType = sourcecode.cpp.cpp; path = Debug.cpp; sourceTree = "<group>"; };
		6A23F6991849A1B800FD4293 /* IniDocumentImpl.h */ = {isa = PBXFileReference; fileEncoding = 4; lastKnownFileType = sourcecode.c.h; path = IniDocumentImpl.h; sourceTree = "<group>"; };
		6A23F69A1849A1B800FD4293 /* IniSectionImpl.h */ = {isa = PBXFileReference; fileEncoding = 4; lastKnownFileType = sourcecode.c.h; path = IniSectionImpl.h; sourceTree = "<group>"; };
		6A23F69B1849A1B800FD4293 /* IniSyntax.h */ = {isa = PBXFileReference; fileEncoding = 4; lastKnownFileType = sourcecode.c.h; path = IniSyntax.h; sourceTree = "<group>"; };
		6A23F69C1849A1B800FD4293 /* Document.cpp */ = {isa = PBXFileReference; fileEncoding = 4; lastKnownFileType = sourcecode.cpp.cpp; path = Document.cpp; sourceTree = "<group>"; };
		6A23F69D1849A1B800FD4293 /* Error.cpp */ = {isa = PBXFileReference; fileEncoding = 4; lastKnownFileType = sourcecode.cpp.cpp; path = Error.cpp; sourceTree = "<group>"; };
		6A23F69F1849A1B800FD4293 /* PathImpl.h */ = {isa = PBXFileReference; fileEncoding = 4; lastKnownFileType = sourcecode.c.h; path = PathImpl.h; sourceTree = "<group>"; };
		6A23F6A01849A1B800FD4293 /* FileSystem.cpp */ = {isa = PBXFileReference; fileEncoding = 4; lastKnownFileType = sourcecode.cpp.cpp; path = FileSystem.cpp; sourceTree = "<group>"; };
		6A23F6A21849A1B800FD4293 /* MbcsStreamReader.h */ = {isa = PBXFileReference; fileEncoding = 4; lastKnownFileType = sourcecode.c.h; path = MbcsStreamReader.h; sourceTree = "<group>"; };
		6A23F6A31849A1B800FD4293 /* Utf16LeStreamReader.h */ = {isa = PBXFileReference; fileEncoding = 4; lastKnownFileType = sourcecode.c.h; path = Utf16LeStreamReader.h; sourceTree = "<group>"; };
		6A23F6A41849A1B800FD4293 /* Utf8StreamReader.h */ = {isa = PBXFileReference; fileEncoding = 4; lastKnownFileType = sourcecode.c.h; path = Utf8StreamReader.h; sourceTree = "<group>"; };
		6A23F6A51849A1B800FD4293 /* Io.cpp */ = {isa = PBXFileReference; fileEncoding = 4; lastKnownFileType = sourcecode.cpp.cpp; path = Io.cpp; sourceTree = "<group>"; };
		6A23F6A61849A1B800FD4293 /* Lexical.cpp */ = {isa = PBXFileReference; fileEncoding = 4; lastKnownFileType = sourcecode.cpp.cpp; path = Lexical.cpp; sourceTree = "<group>"; };
		6A23F6A71849A1B800FD4293 /* Math.cpp */ = {isa = PBXFileReference; fileEncoding = 4; lastKnownFileType = sourcecode.cpp.cpp; path = Math.cpp; sourceTree = "<group>"; };
		6A23F6A91849A1B800FD4293 /* FacilityLongevity.h */ = {isa = PBXFileReference; fileEncoding = 4; lastKnownFileType = sourcecode.c.h; path = FacilityLongevity.h; sourceTree = "<group>"; };
		6A23F6AA1849A1B800FD4293 /* Object.cpp */ = {isa = PBXFileReference; fileEncoding = 4; lastKnownFileType = sourcecode.cpp.cpp; path = Object.cpp; sourceTree = "<group>"; };
		6A23F6AC1849A1B800FD4293 /* ConsoleApplicationImpl.h */ = {isa = PBXFileReference; fileEncoding = 4; lastKnownFileType = sourcecode.c.h; path = ConsoleApplicationImpl.h; sourceTree = "<group>"; };
		6A23F6AD1849A1B800FD4293 /* ProgramOptionsManager.h */ = {isa = PBXFileReference; fileEncoding = 4; lastKnownFileType = sourcecode.c.h; path = ProgramOptionsManager.h; sourceTree = "<group>"; };
		6A23F6AE1849A1B800FD4293 /* Program.cpp */ = {isa = PBXFileReference; fileEncoding = 4; lastKnownFileType = sourcecode.cpp.cpp; path = Program.cpp; sourceTree = "<group>"; };
		6A23F6B01849A1B800FD4293 /* RandomImpl.h */ = {isa = PBXFileReference; fileEncoding = 4; lastKnownFileType = sourcecode.c.h; path = RandomImpl.h; sourceTree = "<group>"; };
		6A23F6B11849A1B800FD4293 /* RandomManager.h */ = {isa = PBXFileReference; fileEncoding = 4; lastKnownFileType = sourcecode.c.h; path = RandomManager.h; sourceTree = "<group>"; };
		6A23F6B21849A1B800FD4293 /* Random.cpp */ = {isa = PBXFileReference; fileEncoding = 4; lastKnownFileType = sourcecode.cpp.cpp; path = Random.cpp; sourceTree = "<group>"; };
		6A23F6B41849A1B800FD4293 /* StateImpl.h */ = {isa = PBXFileReference; fileEncoding = 4; lastKnownFileType = sourcecode.c.h; path = StateImpl.h; sourceTree = "<group>"; };
		6A23F6B51849A1B800FD4293 /* StateMachineImpl.h */ = {isa = PBXFileReference; fileEncoding = 4; lastKnownFileType = sourcecode.c.h; path = StateMachineImpl.h; sourceTree = "<group>"; };
		6A23F6B61849A1B800FD4293 /* Transition.h */ = {isa = PBXFileReference; fileEncoding = 4; lastKnownFileType = sourcecode.c.h; path = Transition.h; sourceTree = "<group>"; };
		6A23F6B71849A1B800FD4293 /* Statechart.cpp */ = {isa = PBXFileReference; fileEncoding = 4; lastKnownFileType = sourcecode.cpp.cpp; path = Statechart.cpp; sourceTree = "<group>"; };
		6A23F6B91849A1B800FD4293 /* SprintfManager.h */ = {isa = PBXFileReference; fileEncoding = 4; lastKnownFileType = sourcecode.c.h; path = SprintfManager.h; sourceTree = "<group>"; };
		6A23F6BA1849A1B800FD4293 /* String.cpp */ = {isa = PBXFileReference; fileEncoding = 4; lastKnownFileType = sourcecode.cpp.cpp; path = String.cpp; sourceTree = "<group>"; };
		6A23F6BC1849A1B800FD4293 /* TaskImpl.h */ = {isa = PBXFileReference; fileEncoding = 4; lastKnownFileType = sourcecode.c.h; path = TaskImpl.h; sourceTree = "<group>"; };
		6A23F6BD1849A1B800FD4293 /* TaskPollerImpl.h */ = {isa = PBXFileReference; fileEncoding = 4; lastKnownFileType = sourcecode.c.h; path = TaskPollerImpl.h; sourceTree = "<group>"; };
		6A23F6BE1849A1B800FD4293 /* Task.cpp */ = {isa = PBXFileReference; fileEncoding = 4; lastKnownFileType = sourcecode.cpp.cpp; path = Task.cpp; sourceTree = "<group>"; };
		6A23F6C01849A1B800FD4293 /* ThreadImpl.h */ = {isa = PBXFileReference; fileEncoding = 4; lastKnownFileType = sourcecode.c.h; path = ThreadImpl.h; sourceTree = "<group>"; };
		6A23F6C11849A1B800FD4293 /* Thread.cpp */ = {isa = PBXFileReference; fileEncoding = 4; lastKnownFileType = sourcecode.cpp.cpp; path = Thread.cpp; sourceTree = "<group>"; };
		6A23F6C31849A1B800FD4293 /* ChannelImpl.h */ = {isa = PBXFileReference; fileEncoding = 4; lastKnownFileType = sourcecode.c.h; path = ChannelImpl.h; sourceTree = "<group>"; };
		6A23F6C41849A1B800FD4293 /* TraceManager.h */ = {isa = PBXFileReference; fileEncoding = 4; lastKnownFileType = sourcecode.c.h; path = TraceManager.h; sourceTree = "<group>"; };
		6A23F6C51849A1B800FD4293 /* Trace.cpp */ = {isa = PBXFileReference; fileEncoding = 4; lastKnownFileType = sourcecode.cpp.cpp; path = Trace.cpp; sourceTree = "<group>"; };
		6A23F6C71849A1B800FD4293 /* NamedValueEntry.h */ = {isa = PBXFileReference; fileEncoding = 4; lastKnownFileType = sourcecode.c.h; path = NamedValueEntry.h; sourceTree = "<group>"; };
		6A23F6C81849A1B800FD4293 /* NamedValuesImpl.h */ = {isa = PBXFileReference; fileEncoding = 4; lastKnownFileType = sourcecode.c.h; path = NamedValuesImpl.h; sourceTree = "<group>"; };
		6A23F6C91849A1B800FD4293 /* Value.cpp */ = {isa = PBXFileReference; fileEncoding = 4; lastKnownFileType = sourcecode.cpp.cpp; path = Value.cpp; sourceTree = "<group>"; };
		6A23F6CA1849A1B800FD4293 /* Windows.cpp */ = {isa = PBXFileReference; fileEncoding = 4; lastKnownFileType = sourcecode.cpp.cpp; path = Windows.cpp; sourceTree = "<group>"; };
		6A23F6FD1849A1C100FD4293 /* FlowState.h */ = {isa = PBXFileReference; fileEncoding = 4; lastKnownFileType = sourcecode.c.h; path = FlowState.h; sourceTree = "<group>"; };
		6A23F6FE1849A1C100FD4293 /* TimedBool.h */ = {isa = PBXFileReference; fileEncoding = 4; lastKnownFileType = sourcecode.c.h; path = TimedBool.h; sourceTree = "<group>"; };
		6A23F6FF1849A1C100FD4293 /* Caramel.h */ = {isa = PBXFileReference; fileEncoding = 4; lastKnownFileType = sourcecode.c.h; path = Caramel.h; sourceTree = "<group>"; };
		6A23F7011849A1C100FD4293 /* SecondClock.h */ = {isa = PBXFileReference; fileEncoding = 4; lastKnownFileType = sourcecode.c.h; path = SecondClock.h; sourceTree = "<group>"; };
		6A23F7021849A1C100FD4293 /* SteadyClock.h */ = {isa = PBXFileReference; fileEncoding = 4; lastKnownFileType = sourcecode.c.h; path = SteadyClock.h; sourceTree = "<group>"; };
		6A23F7031849A1C100FD4293 /* TickClock.h */ = {isa = PBXFileReference; fileEncoding = 4; lastKnownFileType = sourcecode.c.h; path = TickClock.h; sourceTree = "<group>"; };
		6A23F7061849A1C100FD4293 /* BasicMap.h */ = {isa = PBXFileReference; fileEncoding = 4; lastKnownFileType = sourcecode.c.h; path = BasicMap.h; sourceTree = "<group>"; };
		6A23F7071849A1C100FD4293 /* HashMap.h */ = {isa = PBXFileReference; fileEncoding = 4; lastKnownFileType = sourcecode.c.h; path = HashMap.h; sourceTree = "<group>"; };
		6A23F7081849A1C100FD4293 /* Map.h */ = {isa = PBXFileReference; fileEncoding = 4; lastKnownFileType = sourcecode.c.h; path = Map.h; sourceTree = "<group>"; };
		6A23F7091849A1C100FD4293 /* PriorityQueue.h */ = {isa = PBXFileReference; fileEncoding = 4; lastKnownFileType = sourcecode.c.h; path = PriorityQueue.h; sourceTree = "<group>"; };
		6A23F70A1849A1C100FD4293 /* Queue.h */ = {isa = PBXFileReference; fileEncoding = 4; lastKnownFileType = sourcecode.c.h; path = Queue.h; sourceTree = "<group>"; };
		6A23F70B1849A1C100FD4293 /* ReplicatePolicies.h */ = {isa = PBXFileReference; fileEncoding = 4; lastKnownFileType = sourcecode.c.h; path = ReplicatePolicies.h; sourceTree = "<group>"; };
		6A23F70D1849A1C100FD4293 /* DateTime.h */ = {isa = PBXFileReference; fileEncoding = 4; lastKnownFileType = sourcecode.c.h; path = DateTime.h; sourceTree = "<group>"; };
		6A23F70E1849A1C100FD4293 /* TimeOfDay.h */ = {isa = PBXFileReference; fileEncoding = 4; lastKnownFileType = sourcecode.c.h; path = TimeOfDay.h; sourceTree = "<group>"; };
		6A23F70F1849A1C100FD4293 /* TimeSpan.h */ = {isa = PBXFileReference; fileEncoding = 4; lastKnownFileType = sourcecode.c.h; path = TimeSpan.h; sourceTree = "<group>"; };
		6A23F7111849A1C100FD4293 /* ScopeTiming.h */ = {isa = PBXFileReference; fileEncoding = 4; lastKnownFileType = sourcecode.c.h; path = ScopeTiming.h; sourceTree = "<group>"; };
		6A23F7131849A1C100FD4293 /* IniDocument.h */ = {isa = PBXFileReference; fileEncoding = 4; lastKnownFileType = sourcecode.c.h; path = IniDocument.h; sourceTree = "<group>"; };
		6A23F7141849A1C100FD4293 /* IniSection.h */ = {isa = PBXFileReference; fileEncoding = 4; lastKnownFileType = sourcecode.c.h; path = IniSection.h; sourceTree = "<group>"; };
		6A23F7161849A1C100FD4293 /* EnumLookupTable.h */ = {isa = PBXFileReference; fileEncoding = 4; lastKnownFileType = sourcecode.c.h; path = EnumLookupTable.h; sourceTree = "<group>"; };
		6A23F7181849A1C100FD4293 /* Assert.h */ = {isa = PBXFileReference; fileEncoding = 4; lastKnownFileType = sourcecode.c.h; path = Assert.h; sourceTree = "<group>"; };
		6A23F7191849A1C100FD4293 /* CatchException.h */ = {isa = PBXFileReference; fileEncoding = 4; lastKnownFileType = sourcecode.c.h; path = CatchException.h; sourceTree = "<group>"; };
		6A23F71B1849A1C100FD4293 /* ExceptionCatcherCore.h */ = {isa = PBXFileReference; fileEncoding = 4; lastKnownFileType = sourcecode.c.h; path = ExceptionCatcherCore.h; sourceTree = "<group>"; };
		6A23F71C1849A1C100FD4293 /* Exception.h */ = {isa = PBXFileReference; fileEncoding = 4; lastKnownFileType = sourcecode.c.h; path = Exception.h; sourceTree = "<group>"; };
		6A23F71E1849A1C100FD4293 /* DirectoryInfo.h */ = {isa = PBXFileReference; fileEncoding = 4; lastKnownFileType = sourcecode.c.h; path = DirectoryInfo.h; sourceTree = "<group>"; };
		6A23F71F1849A1C100FD4293 /* FileInfo.h */ = {isa = PBXFileReference; fileEncoding = 4; lastKnownFileType = sourcecode.c.h; path = FileInfo.h; sourceTree = "<group>"; };
		6A23F7201849A1C100FD4293 /* Path.h */ = {isa = PBXFileReference; fileEncoding = 4; lastKnownFileType = sourcecode.c.h; path = Path.h; sourceTree = "<group>"; };
		6A23F7221849A1C100FD4293 /* ScopeExit.h */ = {isa = PBXFileReference; fileEncoding = 4; lastKnownFileType = sourcecode.c.h; path = ScopeExit.h; sourceTree = "<group>"; };
		6A23F7241849A1C100FD4293 /* FileStream.h */ = {isa = PBXFileReference; fileEncoding = 4; lastKnownFileType = sourcecode.c.h; path = FileStream.h; sourceTree = "<group>"; };
		6A23F7251849A1C100FD4293 /* InputFileStream.h */ = {isa = PBXFileReference; fileEncoding = 4; lastKnownFileType = sourcecode.c.h; path = InputFileStream.h; sourceTree = "<group>"; };
		6A23F7261849A1C100FD4293 /* InputStream.h */ = {isa = PBXFileReference; fileEncoding = 4; lastKnownFileType = sourcecode.c.h; path = InputStream.h; sourceTree = "<group>"; };
		6A23F7271849A1C100FD4293 /* TextReader.h */ = {isa = PBXFileReference; fileEncoding = 4; lastKnownFileType = sourcecode.c.h; path = TextReader.h; sourceTree = "<group>"; };
		6A23F7281849A1C100FD4293 /* TextStreamReader.h */ = {isa = PBXFileReference; fileEncoding = 4; lastKnownFileType = sourcecode.c.h; path = TextStreamReader.h; sourceTree = "<group>"; };
		6A23F72A1849A1C100FD4293 /* Boolean.h */ = {isa = PBXFileReference; fileEncoding = 4; lastKnownFileType = sourcecode.c.h; path = Boolean.h; sourceTree = "<group>"; };
		6A23F72B1849A1C100FD4293 /* Floating.h */ = {isa = PBXFileReference; fileEncoding = 4; lastKnownFileType = sourcecode.c.h; path = Floating.h; sourceTree = "<group>"; };
		6A23F72C1849A1C100FD4293 /* Integer.h */ = {isa = PBXFileReference; fileEncoding = 4; lastKnownFileType = sourcecode.c.h; path = Integer.h; sourceTree = "<group>"; };
		6A23F72D1849A1C100FD4293 /* IntegerList.h */ = {isa = PBXFileReference; fileEncoding = 4; lastKnownFileType = sourcecode.c.h; path = IntegerList.h; sourceTree = "<group>"; };
		6A23F72F1849A1C100FD4293 /* Floating.h */ = {isa = PBXFileReference; fileEncoding = 4; lastKnownFileType = sourcecode.c.h; path = Floating.h; sourceTree = "<group>"; };
		6A23F7311849A1C100FD4293 /* IfThenElse.h */ = {isa = PBXFileReference; fileEncoding = 4; lastKnownFileType = sourcecode.c.h; path = IfThenElse.h; sourceTree = "<group>"; };
		6A23F7321849A1C100FD4293 /* IntegralTypes.h */ = {isa = PBXFileReference; fileEncoding = 4; lastKnownFileType = sourcecode.c.h; path = IntegralTypes.h; sourceTree = "<group>"; };
		6A23F7331849A1C100FD4293 /* Select.h */ = {isa = PBXFileReference; fileEncoding = 4; lastKnownFileType = sourcecode.c.h; path = Select.h; sourceTree = "<group>"; };
		6A23F7341849A1C100FD4293 /* Utility.h */ = {isa = PBXFileReference; fileEncoding = 4; lastKnownFileType = sourcecode.c.h; path = Utility.h; sourceTree = "<group>"; };
		6A23F7361849A1C100FD4293 /* NumberConvertible.h */ = {isa = PBXFileReference; fileEncoding = 4; lastKnownFileType = sourcecode.c.h; path = NumberConvertible.h; sourceTree = "<group>"; };
		6A23F7371849A1C100FD4293 /* NumberTraits.h */ = {isa = PBXFileReference; fileEncoding = 4; lastKnownFileType = sourcecode.c.h; path = NumberTraits.h; sourceTree = "<group>"; };
		6A23F7391849A1C100FD4293 /* AutoNumbered.h */ = {isa = PBXFileReference; fileEncoding = 4; lastKnownFileType = sourcecode.c.h; path = AutoNumbered.h; sourceTree = "<group>"; };
		6A23F73B1849A1C100FD4293 /* LifetimeTracker.h */ = {isa = PBXFileReference; fileEncoding = 4; lastKnownFileType = sourcecode.c.h; path = LifetimeTracker.h; sourceTree = "<group>"; };
		6A23F73C1849A1C100FD4293 /* Singleton.h */ = {isa = PBXFileReference; fileEncoding = 4; lastKnownFileType = sourcecode.c.h; path = Singleton.h; sourceTree = "<group>"; };
		6A23F73E1849A1C100FD4293 /* ConsoleApplication.h */ = {isa = PBXFileReference; fileEncoding = 4; lastKnownFileType = sourcecode.c.h; path = ConsoleApplication.h; sourceTree = "<group>"; };
		6A23F73F1849A1C100FD4293 /* ProgramOptions.h */ = {isa = PBXFileReference; fileEncoding = 4; lastKnownFileType = sourcecode.c.h; path = ProgramOptions.h; sourceTree = "<group>"; };
		6A23F7411849A1C100FD4293 /* UniformRandom.h */ = {isa = PBXFileReference; fileEncoding = 4; lastKnownFileType = sourcecode.c.h; path = UniformRandom.h; sourceTree = "<group>"; };
		6A23F7431849A1C100FD4293 /* Compiler.h */ = {isa = PBXFileReference; fileEncoding = 4; lastKnownFileType = sourcecode.c.h; path = Compiler.h; sourceTree = "<group>"; };
		6A23F7441849A1C100FD4293 /* PchDefines.h */ = {isa = PBXFileReference; fileEncoding = 4; lastKnownFileType = sourcecode.c.h; path = PchDefines.h; sourceTree = "<group>"; };
		6A23F7451849A1C100FD4293 /* PchHeaders.h */ = {isa = PBXFileReference; fileEncoding = 4; lastKnownFileType = sourcecode.c.h; path = PchHeaders.h; sourceTree = "<group>"; };
		6A23F7461849A1C100FD4293 /* System.h */ = {isa = PBXFileReference; fileEncoding = 4; lastKnownFileType = sourcecode.c.h; path = System.h; sourceTree = "<group>"; };
		6A23F7481849A1C100FD4293 /* State.h */ = {isa = PBXFileReference; fileEncoding = 4; lastKnownFileType = sourcecode.c.h; path = State.h; sourceTree = "<group>"; };
		6A23F7491849A1C100FD4293 /* StateMachine.h */ = {isa = PBXFileReference; fileEncoding = 4; lastKnownFileType = sourcecode.c.h; path = StateMachine.h; sourceTree = "<group>"; };
		6A23F74B1849A1C100FD4293 /* Algorithm.h */ = {isa = PBXFileReference; fileEncoding = 4; lastKnownFileType = sourcecode.c.h; path = Algorithm.h; sourceTree = "<group>"; };
		6A23F74C1849A1C100FD4293 /* CainLess.h */ = {isa = PBXFileReference; fileEncoding = 4; lastKnownFileType = sourcecode.c.h; path = CainLess.h; sourceTree = "<group>"; };
		6A23F74D1849A1C100FD4293 /* CharTraits.h */ = {isa = PBXFileReference; fileEncoding = 4; lastKnownFileType = sourcecode.c.h; path = CharTraits.h; sourceTree = "<group>"; };
		6A23F74F1849A1C100FD4293 /* SprintfParameter.h */ = {isa = PBXFileReference; fileEncoding = 4; lastKnownFileType = sourcecode.c.h; path = SprintfParameter.h; sourceTree = "<group>"; };
		6A23F7511849A1C100FD4293 /* Sprintf_Sprintf.h */ = {isa = PBXFileReference; fileEncoding = 4; lastKnownFileType = sourcecode.c.h; path = Sprintf_Sprintf.h; sourceTree = "<group>"; };
		6A23F7521849A1C100FD4293 /* Sprintf.h */ = {isa = PBXFileReference; fileEncoding = 4; lastKnownFileType = sourcecode.c.h; path = Sprintf.h; sourceTree = "<group>"; };
		6A23F7531849A1C100FD4293 /* StringConvertible.h */ = {isa = PBXFileReference; fileEncoding = 4; lastKnownFileType = sourcecode.c.h; path = StringConvertible.h; sourceTree = "<group>"; };
		6A23F7541849A1C100FD4293 /* TextEncoding.h */ = {isa = PBXFileReference; fileEncoding = 4; lastKnownFileType = sourcecode.c.h; path = TextEncoding.h; sourceTree = "<group>"; };
		6A23F7551849A1C100FD4293 /* ToString.h */ = {isa = PBXFileReference; fileEncoding = 4; lastKnownFileType = sourcecode.c.h; path = ToString.h; sourceTree = "<group>"; };
		6A23F7561849A1C100FD4293 /* Utf8String.h */ = {isa = PBXFileReference; fileEncoding = 4; lastKnownFileType = sourcecode.c.h; path = Utf8String.h; sourceTree = "<group>"; };
		6A23F7581849A1C100FD4293 /* Task.h */ = {isa = PBXFileReference; fileEncoding = 4; lastKnownFileType = sourcecode.c.h; path = Task.h; sourceTree = "<group>"; };
		6A23F7591849A1C100FD4293 /* TaskExecutor.h */ = {isa = PBXFileReference; fileEncoding = 4; lastKnownFileType = sourcecode.c.h; path = TaskExecutor.h; sourceTree = "<group>"; };
		6A23F75A1849A1C100FD4293 /* TaskFwd.h */ = {isa = PBXFileReference; fileEncoding = 4; lastKnownFileType = sourcecode.c.h; path = TaskFwd.h; sourceTree = "<group>"; };
		6A23F75B1849A1C100FD4293 /* TaskPoller.h */ = {isa = PBXFileReference; fileEncoding = 4; lastKnownFileType = sourcecode.c.h; path = TaskPoller.h; sourceTree = "<group>"; };
		6A23F75D1849A1C100FD4293 /* MutexLocks.h */ = {isa = PBXFileReference; fileEncoding = 4; lastKnownFileType = sourcecode.c.h; path = MutexLocks.h; sourceTree = "<group>"; };
		6A23F75E1849A1C100FD4293 /* SpinMutex.h */ = {isa = PBXFileReference; fileEncoding = 4; lastKnownFileType = sourcecode.c.h; path = SpinMutex.h; sourceTree = "<group>"; };
		6A23F75F1849A1C100FD4293 /* ThisThread.h */ = {isa = PBXFileReference; fileEncoding = 4; lastKnownFileType = sourcecode.c.h; path = ThisThread.h; sourceTree = "<group>"; };
		6A23F7601849A1C100FD4293 /* Thread.h */ = {isa = PBXFileReference; fileEncoding = 4; lastKnownFileType = sourcecode.c.h; path = Thread.h; sourceTree = "<group>"; };
		6A23F7611849A1C100FD4293 /* ThreadTypes.h */ = {isa = PBXFileReference; fileEncoding = 4; lastKnownFileType = sourcecode.c.h; path = ThreadTypes.h; sourceTree = "<group>"; };
		6A23F7631849A1C100FD4293 /* Channel.h */ = {isa = PBXFileReference; fileEncoding = 4; lastKnownFileType = sourcecode.c.h; path = Channel.h; sourceTree = "<group>"; };
		6A23F7641849A1C100FD4293 /* Listeners.h */ = {isa = PBXFileReference; fileEncoding = 4; lastKnownFileType = sourcecode.c.h; path = Listeners.h; sourceTree = "<group>"; };
		6A23F7651849A1C100FD4293 /* Trace.h */ = {isa = PBXFileReference; fileEncoding = 4; lastKnownFileType = sourcecode.c.h; path = Trace.h; sourceTree = "<group>"; };
		6A23F7661849A1C200FD4293 /* TraceTypes.h */ = {isa = PBXFileReference; fileEncoding = 4; lastKnownFileType = sourcecode.c.h; path = TraceTypes.h; sourceTree = "<group>"; };
		6A23F7691849A1C200FD4293 /* NamedValueRef.h */ = {isa = PBXFileReference; fileEncoding = 4; lastKnownFileType = sourcecode.c.h; path = NamedValueRef.h; sourceTree = "<group>"; };
		6A23F76A1849A1C200FD4293 /* NamedValues.h */ = {isa = PBXFileReference; fileEncoding = 4; lastKnownFileType = sourcecode.c.h; path = NamedValues.h; sourceTree = "<group>"; };
		6A23F76B1849A1C200FD4293 /* SharedArray.h */ = {isa = PBXFileReference; fileEncoding = 4; lastKnownFileType = sourcecode.c.h; path = SharedArray.h; sourceTree = "<group>"; };
		6A23F76D1849A1C200FD4293 /* CrtDebug.h */ = {isa = PBXFileReference; fileEncoding = 4; lastKnownFileType = sourcecode.c.h; path = CrtDebug.h; sourceTree = "<group>"; };
		6A23F76E1849A1C200FD4293 /* DebuggerTraceListener.h */ = {isa = PBXFileReference; fileEncoding = 4; lastKnownFileType = sourcecode.c.h; path = DebuggerTraceListener.h; sourceTree = "<group>"; };
		6A23F76F1849A1C200FD4293 /* FileInfo.h */ = {isa = PBXFileReference; fileEncoding = 4; lastKnownFileType = sourcecode.c.h; path = FileInfo.h; sourceTree = "<group>"; };
		6A23F7701849A1C200FD4293 /* WideString.h */ = {isa = PBXFileReference; fileEncoding = 4; lastKnownFileType = sourcecode.c.h; path = WideString.h; sourceTree = "<group>"; };
/* End PBXFileReference section */

/* Begin PBXFrameworksBuildPhase section */
		6A23F6831849A13C00FD4293 /* Frameworks */ = {
			isa = PBXFrameworksBuildPhase;
			buildActionMask = 2147483647;
			files = (
			);
			runOnlyForDeploymentPostprocessing = 0;
		};
/* End PBXFrameworksBuildPhase section */

/* Begin PBXGroup section */
		6A23F67D1849A13C00FD4293 = {
			isa = PBXGroup;
			children = (
				6A23F6FA1849A1C100FD4293 /* include */,
				6A23F68D1849A1B800FD4293 /* src */,
				6A23F6871849A13C00FD4293 /* Products */,
			);
			sourceTree = "<group>";
		};
		6A23F6871849A13C00FD4293 /* Products */ = {
			isa = PBXGroup;
			children = (
				6A23F6861849A13C00FD4293 /* libCaramel.a */,
			);
			name = Products;
			sourceTree = "<group>";
		};
		6A23F68D1849A1B800FD4293 /* src */ = {
			isa = PBXGroup;
			children = (
				6A23F68E1849A1B800FD4293 /* CaramelPch.cpp */,
				6A23F68F1849A1B800FD4293 /* CaramelPch.h */,
				6A23F6901849A1B800FD4293 /* Configuration.cpp */,
				6A23F6911849A1B800FD4293 /* DateTime */,
				6A23F6941849A1B800FD4293 /* DateTime.cpp */,
				6A23F6951849A1B800FD4293 /* Debug */,
				6A23F6971849A1B800FD4293 /* Debug.cpp */,
				6A23F6981849A1B800FD4293 /* Document */,
				6A23F69C1849A1B800FD4293 /* Document.cpp */,
				6A23F69D1849A1B800FD4293 /* Error.cpp */,
				6A23F69E1849A1B800FD4293 /* FileSystem */,
				6A23F6A01849A1B800FD4293 /* FileSystem.cpp */,
				6A23F6A11849A1B800FD4293 /* Io */,
				6A23F6A51849A1B800FD4293 /* Io.cpp */,
				6A23F6A61849A1B800FD4293 /* Lexical.cpp */,
				6A23F6A71849A1B800FD4293 /* Math.cpp */,
				6A23F6A81849A1B800FD4293 /* Object */,
				6A23F6AA1849A1B800FD4293 /* Object.cpp */,
				6A23F6AB1849A1B800FD4293 /* Program */,
				6A23F6AE1849A1B800FD4293 /* Program.cpp */,
				6A23F6AF1849A1B800FD4293 /* Random */,
				6A23F6B21849A1B800FD4293 /* Random.cpp */,
				6A23F6B31849A1B800FD4293 /* Statechart */,
				6A23F6B71849A1B800FD4293 /* Statechart.cpp */,
				6A23F6B81849A1B800FD4293 /* String */,
				6A23F6BA1849A1B800FD4293 /* String.cpp */,
				6A23F6BB1849A1B800FD4293 /* Task */,
				6A23F6BE1849A1B800FD4293 /* Task.cpp */,
				6A23F6BF1849A1B800FD4293 /* Thread */,
				6A23F6C11849A1B800FD4293 /* Thread.cpp */,
				6A23F6C21849A1B800FD4293 /* Trace */,
				6A23F6C51849A1B800FD4293 /* Trace.cpp */,
				6A23F6C61849A1B800FD4293 /* Value */,
				6A23F6C91849A1B800FD4293 /* Value.cpp */,
				6A23F6CA1849A1B800FD4293 /* Windows.cpp */,
			);
			name = src;
			path = ../src;
			sourceTree = "<group>";
		};
		6A23F6911849A1B800FD4293 /* DateTime */ = {
			isa = PBXGroup;
			children = (
				6A23F6921849A1B800FD4293 /* DateTimeImpl.h */,
				6A23F6931849A1B800FD4293 /* TimeDuration.h */,
			);
			path = DateTime;
			sourceTree = "<group>";
		};
		6A23F6951849A1B800FD4293 /* Debug */ = {
			isa = PBXGroup;
			children = (
				6A23F6961849A1B800FD4293 /* DebugManager.h */,
			);
			path = Debug;
			sourceTree = "<group>";
		};
		6A23F6981849A1B800FD4293 /* Document */ = {
			isa = PBXGroup;
			children = (
				6A23F6991849A1B800FD4293 /* IniDocumentImpl.h */,
				6A23F69A1849A1B800FD4293 /* IniSectionImpl.h */,
				6A23F69B1849A1B800FD4293 /* IniSyntax.h */,
			);
			path = Document;
			sourceTree = "<group>";
		};
		6A23F69E1849A1B800FD4293 /* FileSystem */ = {
			isa = PBXGroup;
			children = (
				6A23F69F1849A1B800FD4293 /* PathImpl.h */,
			);
			path = FileSystem;
			sourceTree = "<group>";
		};
		6A23F6A11849A1B800FD4293 /* Io */ = {
			isa = PBXGroup;
			children = (
				6A23F6A21849A1B800FD4293 /* MbcsStreamReader.h */,
				6A23F6A31849A1B800FD4293 /* Utf16LeStreamReader.h */,
				6A23F6A41849A1B800FD4293 /* Utf8StreamReader.h */,
			);
			path = Io;
			sourceTree = "<group>";
		};
		6A23F6A81849A1B800FD4293 /* Object */ = {
			isa = PBXGroup;
			children = (
				6A23F6A91849A1B800FD4293 /* FacilityLongevity.h */,
			);
			path = Object;
			sourceTree = "<group>";
		};
		6A23F6AB1849A1B800FD4293 /* Program */ = {
			isa = PBXGroup;
			children = (
				6A23F6AC1849A1B800FD4293 /* ConsoleApplicationImpl.h */,
				6A23F6AD1849A1B800FD4293 /* ProgramOptionsManager.h */,
			);
			path = Program;
			sourceTree = "<group>";
		};
		6A23F6AF1849A1B800FD4293 /* Random */ = {
			isa = PBXGroup;
			children = (
				6A23F6B01849A1B800FD4293 /* RandomImpl.h */,
				6A23F6B11849A1B800FD4293 /* RandomManager.h */,
			);
			path = Random;
			sourceTree = "<group>";
		};
		6A23F6B31849A1B800FD4293 /* Statechart */ = {
			isa = PBXGroup;
			children = (
				6A23F6B41849A1B800FD4293 /* StateImpl.h */,
				6A23F6B51849A1B800FD4293 /* StateMachineImpl.h */,
				6A23F6B61849A1B800FD4293 /* Transition.h */,
			);
			path = Statechart;
			sourceTree = "<group>";
		};
		6A23F6B81849A1B800FD4293 /* String */ = {
			isa = PBXGroup;
			children = (
				6A23F6B91849A1B800FD4293 /* SprintfManager.h */,
			);
			path = String;
			sourceTree = "<group>";
		};
		6A23F6BB1849A1B800FD4293 /* Task */ = {
			isa = PBXGroup;
			children = (
				6A23F6BC1849A1B800FD4293 /* TaskImpl.h */,
				6A23F6BD1849A1B800FD4293 /* TaskPollerImpl.h */,
			);
			path = Task;
			sourceTree = "<group>";
		};
		6A23F6BF1849A1B800FD4293 /* Thread */ = {
			isa = PBXGroup;
			children = (
				6A23F6C01849A1B800FD4293 /* ThreadImpl.h */,
			);
			path = Thread;
			sourceTree = "<group>";
		};
		6A23F6C21849A1B800FD4293 /* Trace */ = {
			isa = PBXGroup;
			children = (
				6A23F6C31849A1B800FD4293 /* ChannelImpl.h */,
				6A23F6C41849A1B800FD4293 /* TraceManager.h */,
			);
			path = Trace;
			sourceTree = "<group>";
		};
		6A23F6C61849A1B800FD4293 /* Value */ = {
			isa = PBXGroup;
			children = (
				6A23F6C71849A1B800FD4293 /* NamedValueEntry.h */,
				6A23F6C81849A1B800FD4293 /* NamedValuesImpl.h */,
			);
			path = Value;
			sourceTree = "<group>";
		};
		6A23F6FA1849A1C100FD4293 /* include */ = {
			isa = PBXGroup;
			children = (
				6A23F6FB1849A1C100FD4293 /* Caramel */,
			);
			name = include;
			path = ../include;
			sourceTree = "<group>";
		};
		6A23F6FB1849A1C100FD4293 /* Caramel */ = {
			isa = PBXGroup;
			children = (
				6A23F6FC1849A1C100FD4293 /* Async */,
				6A23F6FF1849A1C100FD4293 /* Caramel.h */,
				6A23F7001849A1C100FD4293 /* Chrono */,
				6A23F7041849A1C100FD4293 /* Concurrent */,
				6A23F70C1849A1C100FD4293 /* DateTime */,
				6A23F7101849A1C100FD4293 /* Debug */,
				6A23F7121849A1C100FD4293 /* Document */,
				6A23F7151849A1C100FD4293 /* Enum */,
				6A23F7171849A1C100FD4293 /* Error */,
				6A23F71D1849A1C100FD4293 /* FileSystem */,
				6A23F7211849A1C100FD4293 /* Functional */,
				6A23F7231849A1C100FD4293 /* Io */,
				6A23F7291849A1C100FD4293 /* Lexical */,
				6A23F72E1849A1C100FD4293 /* Math */,
				6A23F7301849A1C100FD4293 /* Meta */,
				6A23F7351849A1C100FD4293 /* Numeric */,
				6A23F7381849A1C100FD4293 /* Object */,
				6A23F73D1849A1C100FD4293 /* Program */,
				6A23F7401849A1C100FD4293 /* Random */,
				6A23F7421849A1C100FD4293 /* Setup */,
				6A23F7471849A1C100FD4293 /* Statechart */,
				6A23F74A1849A1C100FD4293 /* String */,
				6A23F7571849A1C100FD4293 /* Task */,
				6A23F75C1849A1C100FD4293 /* Thread */,
				6A23F7621849A1C100FD4293 /* Trace */,
				6A23F7671849A1C200FD4293 /* Value */,
				6A23F76C1849A1C200FD4293 /* Windows */,
			);
			path = Caramel;
			sourceTree = "<group>";
		};
		6A23F6FC1849A1C100FD4293 /* Async */ = {
			isa = PBXGroup;
			children = (
				6A23F6FD1849A1C100FD4293 /* FlowState.h */,
				6A23F6FE1849A1C100FD4293 /* TimedBool.h */,
			);
			path = Async;
			sourceTree = "<group>";
		};
		6A23F7001849A1C100FD4293 /* Chrono */ = {
			isa = PBXGroup;
			children = (
				6A23F7011849A1C100FD4293 /* SecondClock.h */,
				6A23F7021849A1C100FD4293 /* SteadyClock.h */,
				6A23F7031849A1C100FD4293 /* TickClock.h */,
			);
			path = Chrono;
			sourceTree = "<group>";
		};
		6A23F7041849A1C100FD4293 /* Concurrent */ = {
			isa = PBXGroup;
			children = (
				6A23F7051849A1C100FD4293 /* Detail */,
				6A23F7071849A1C100FD4293 /* HashMap.h */,
				6A23F7081849A1C100FD4293 /* Map.h */,
				6A23F7091849A1C100FD4293 /* PriorityQueue.h */,
				6A23F70A1849A1C100FD4293 /* Queue.h */,
				6A23F70B1849A1C100FD4293 /* ReplicatePolicies.h */,
			);
			path = Concurrent;
			sourceTree = "<group>";
		};
		6A23F7051849A1C100FD4293 /* Detail */ = {
			isa = PBXGroup;
			children = (
				6A23F7061849A1C100FD4293 /* BasicMap.h */,
			);
			path = Detail;
			sourceTree = "<group>";
		};
		6A23F70C1849A1C100FD4293 /* DateTime */ = {
			isa = PBXGroup;
			children = (
				6A23F70D1849A1C100FD4293 /* DateTime.h */,
				6A23F70E1849A1C100FD4293 /* TimeOfDay.h */,
				6A23F70F1849A1C100FD4293 /* TimeSpan.h */,
			);
			path = DateTime;
			sourceTree = "<group>";
		};
		6A23F7101849A1C100FD4293 /* Debug */ = {
			isa = PBXGroup;
			children = (
				6A23F7111849A1C100FD4293 /* ScopeTiming.h */,
			);
			path = Debug;
			sourceTree = "<group>";
		};
		6A23F7121849A1C100FD4293 /* Document */ = {
			isa = PBXGroup;
			children = (
				6A23F7131849A1C100FD4293 /* IniDocument.h */,
				6A23F7141849A1C100FD4293 /* IniSection.h */,
			);
			path = Document;
			sourceTree = "<group>";
		};
		6A23F7151849A1C100FD4293 /* Enum */ = {
			isa = PBXGroup;
			children = (
				6A23F7161849A1C100FD4293 /* EnumLookupTable.h */,
			);
			path = Enum;
			sourceTree = "<group>";
		};
		6A23F7171849A1C100FD4293 /* Error */ = {
			isa = PBXGroup;
			children = (
				6A23F7181849A1C100FD4293 /* Assert.h */,
				6A23F7191849A1C100FD4293 /* CatchException.h */,
				6A23F71A1849A1C100FD4293 /* Detail */,
				6A23F71C1849A1C100FD4293 /* Exception.h */,
			);
			path = Error;
			sourceTree = "<group>";
		};
		6A23F71A1849A1C100FD4293 /* Detail */ = {
			isa = PBXGroup;
			children = (
				6A23F71B1849A1C100FD4293 /* ExceptionCatcherCore.h */,
			);
			path = Detail;
			sourceTree = "<group>";
		};
		6A23F71D1849A1C100FD4293 /* FileSystem */ = {
			isa = PBXGroup;
			children = (
				6A23F71E1849A1C100FD4293 /* DirectoryInfo.h */,
				6A23F71F1849A1C100FD4293 /* FileInfo.h */,
				6A23F7201849A1C100FD4293 /* Path.h */,
			);
			path = FileSystem;
			sourceTree = "<group>";
		};
		6A23F7211849A1C100FD4293 /* Functional */ = {
			isa = PBXGroup;
			children = (
				6A23F7221849A1C100FD4293 /* ScopeExit.h */,
			);
			path = Functional;
			sourceTree = "<group>";
		};
		6A23F7231849A1C100FD4293 /* Io */ = {
			isa = PBXGroup;
			children = (
				6A23F7241849A1C100FD4293 /* FileStream.h */,
				6A23F7251849A1C100FD4293 /* InputFileStream.h */,
				6A23F7261849A1C100FD4293 /* InputStream.h */,
				6A23F7271849A1C100FD4293 /* TextReader.h */,
				6A23F7281849A1C100FD4293 /* TextStreamReader.h */,
			);
			path = Io;
			sourceTree = "<group>";
		};
		6A23F7291849A1C100FD4293 /* Lexical */ = {
			isa = PBXGroup;
			children = (
				6A23F72A1849A1C100FD4293 /* Boolean.h */,
				6A23F72B1849A1C100FD4293 /* Floating.h */,
				6A23F72C1849A1C100FD4293 /* Integer.h */,
				6A23F72D1849A1C100FD4293 /* IntegerList.h */,
			);
			path = Lexical;
			sourceTree = "<group>";
		};
		6A23F72E1849A1C100FD4293 /* Math */ = {
			isa = PBXGroup;
			children = (
				6A23F72F1849A1C100FD4293 /* Floating.h */,
			);
			path = Math;
			sourceTree = "<group>";
		};
		6A23F7301849A1C100FD4293 /* Meta */ = {
			isa = PBXGroup;
			children = (
				6A23F7311849A1C100FD4293 /* IfThenElse.h */,
				6A23F7321849A1C100FD4293 /* IntegralTypes.h */,
				6A23F7331849A1C100FD4293 /* Select.h */,
				6A23F7341849A1C100FD4293 /* Utility.h */,
			);
			path = Meta;
			sourceTree = "<group>";
		};
		6A23F7351849A1C100FD4293 /* Numeric */ = {
			isa = PBXGroup;
			children = (
				6A23F7361849A1C100FD4293 /* NumberConvertible.h */,
				6A23F7371849A1C100FD4293 /* NumberTraits.h */,
			);
			path = Numeric;
			sourceTree = "<group>";
		};
		6A23F7381849A1C100FD4293 /* Object */ = {
			isa = PBXGroup;
			children = (
				6A23F7391849A1C100FD4293 /* AutoNumbered.h */,
				6A23F73A1849A1C100FD4293 /* Detail */,
				6A23F73C1849A1C100FD4293 /* Singleton.h */,
			);
			path = Object;
			sourceTree = "<group>";
		};
		6A23F73A1849A1C100FD4293 /* Detail */ = {
			isa = PBXGroup;
			children = (
				6A23F73B1849A1C100FD4293 /* LifetimeTracker.h */,
			);
			path = Detail;
			sourceTree = "<group>";
		};
		6A23F73D1849A1C100FD4293 /* Program */ = {
			isa = PBXGroup;
			children = (
				6A23F73E1849A1C100FD4293 /* ConsoleApplication.h */,
				6A23F73F1849A1C100FD4293 /* ProgramOptions.h */,
			);
			path = Program;
			sourceTree = "<group>";
		};
		6A23F7401849A1C100FD4293 /* Random */ = {
			isa = PBXGroup;
			children = (
				6A23F7411849A1C100FD4293 /* UniformRandom.h */,
			);
			path = Random;
			sourceTree = "<group>";
		};
		6A23F7421849A1C100FD4293 /* Setup */ = {
			isa = PBXGroup;
			children = (
				6A23F7431849A1C100FD4293 /* Compiler.h */,
				6A23F7441849A1C100FD4293 /* PchDefines.h */,
				6A23F7451849A1C100FD4293 /* PchHeaders.h */,
				6A23F7461849A1C100FD4293 /* System.h */,
			);
			path = Setup;
			sourceTree = "<group>";
		};
		6A23F7471849A1C100FD4293 /* Statechart */ = {
			isa = PBXGroup;
			children = (
				6A23F7481849A1C100FD4293 /* State.h */,
				6A23F7491849A1C100FD4293 /* StateMachine.h */,
			);
			path = Statechart;
			sourceTree = "<group>";
		};
		6A23F74A1849A1C100FD4293 /* String */ = {
			isa = PBXGroup;
			children = (
				6A23F74B1849A1C100FD4293 /* Algorithm.h */,
				6A23F74C1849A1C100FD4293 /* CainLess.h */,
				6A23F74D1849A1C100FD4293 /* CharTraits.h */,
				6A23F74E1849A1C100FD4293 /* Detail */,
				6A23F7501849A1C100FD4293 /* Inline */,
				6A23F7521849A1C100FD4293 /* Sprintf.h */,
				6A23F7531849A1C100FD4293 /* StringConvertible.h */,
				6A23F7541849A1C100FD4293 /* TextEncoding.h */,
				6A23F7551849A1C100FD4293 /* ToString.h */,
				6A23F7561849A1C100FD4293 /* Utf8String.h */,
			);
			path = String;
			sourceTree = "<group>";
		};
		6A23F74E1849A1C100FD4293 /* Detail */ = {
			isa = PBXGroup;
			children = (
				6A23F74F1849A1C100FD4293 /* SprintfParameter.h */,
			);
			path = Detail;
			sourceTree = "<group>";
		};
		6A23F7501849A1C100FD4293 /* Inline */ = {
			isa = PBXGroup;
			children = (
				6A23F7511849A1C100FD4293 /* Sprintf_Sprintf.h */,
			);
			path = Inline;
			sourceTree = "<group>";
		};
		6A23F7571849A1C100FD4293 /* Task */ = {
			isa = PBXGroup;
			children = (
				6A23F7581849A1C100FD4293 /* Task.h */,
				6A23F7591849A1C100FD4293 /* TaskExecutor.h */,
				6A23F75A1849A1C100FD4293 /* TaskFwd.h */,
				6A23F75B1849A1C100FD4293 /* TaskPoller.h */,
			);
			path = Task;
			sourceTree = "<group>";
		};
		6A23F75C1849A1C100FD4293 /* Thread */ = {
			isa = PBXGroup;
			children = (
				6A23F75D1849A1C100FD4293 /* MutexLocks.h */,
				6A23F75E1849A1C100FD4293 /* SpinMutex.h */,
				6A23F75F1849A1C100FD4293 /* ThisThread.h */,
				6A23F7601849A1C100FD4293 /* Thread.h */,
				6A23F7611849A1C100FD4293 /* ThreadTypes.h */,
			);
			path = Thread;
			sourceTree = "<group>";
		};
		6A23F7621849A1C100FD4293 /* Trace */ = {
			isa = PBXGroup;
			children = (
				6A23F7631849A1C100FD4293 /* Channel.h */,
				6A23F7641849A1C100FD4293 /* Listeners.h */,
				6A23F7651849A1C100FD4293 /* Trace.h */,
				6A23F7661849A1C200FD4293 /* TraceTypes.h */,
			);
			path = Trace;
			sourceTree = "<group>";
		};
		6A23F7671849A1C200FD4293 /* Value */ = {
			isa = PBXGroup;
			children = (
				6A23F7681849A1C200FD4293 /* Detail */,
				6A23F76A1849A1C200FD4293 /* NamedValues.h */,
				6A23F76B1849A1C200FD4293 /* SharedArray.h */,
			);
			path = Value;
			sourceTree = "<group>";
		};
		6A23F7681849A1C200FD4293 /* Detail */ = {
			isa = PBXGroup;
			children = (
				6A23F7691849A1C200FD4293 /* NamedValueRef.h */,
			);
			path = Detail;
			sourceTree = "<group>";
		};
		6A23F76C1849A1C200FD4293 /* Windows */ = {
			isa = PBXGroup;
			children = (
				6A23F76D1849A1C200FD4293 /* CrtDebug.h */,
				6A23F76E1849A1C200FD4293 /* DebuggerTraceListener.h */,
				6A23F76F1849A1C200FD4293 /* FileInfo.h */,
				6A23F7701849A1C200FD4293 /* WideString.h */,
			);
			path = Windows;
			sourceTree = "<group>";
		};
/* End PBXGroup section */

/* Begin PBXHeadersBuildPhase section */
		6A23F6841849A13C00FD4293 /* Headers */ = {
			isa = PBXHeadersBuildPhase;
			buildActionMask = 2147483647;
			files = (
				6A23F7AF1849A1C200FD4293 /* TextEncoding.h in Headers */,
				6A23F6DC1849A1B800FD4293 /* Utf8StreamReader.h in Headers */,
				6A23F7C51849A1C200FD4293 /* WideString.h in Headers */,
				6A23F6E61849A1B800FD4293 /* RandomManager.h in Headers */,
				6A23F7B51849A1C200FD4293 /* TaskPoller.h in Headers */,
				6A23F7A21849A1C200FD4293 /* Compiler.h in Headers */,
				6A23F7B11849A1C200FD4293 /* Utf8String.h in Headers */,
				6A23F7A11849A1C200FD4293 /* UniformRandom.h in Headers */,
				6A23F7A41849A1C200FD4293 /* PchHeaders.h in Headers */,
				6A23F7841849A1C200FD4293 /* Assert.h in Headers */,
				6A23F7A61849A1C200FD4293 /* State.h in Headers */,
				6A23F7BC1849A1C200FD4293 /* Listeners.h in Headers */,
				6A23F6DA1849A1B800FD4293 /* MbcsStreamReader.h in Headers */,
				6A23F6D31849A1B800FD4293 /* IniDocumentImpl.h in Headers */,
				6A23F7C11849A1C200FD4293 /* SharedArray.h in Headers */,
				6A23F6F11849A1B800FD4293 /* ThreadImpl.h in Headers */,
				6A23F7941849A1C200FD4293 /* IntegerList.h in Headers */,
				6A23F6E91849A1B800FD4293 /* StateMachineImpl.h in Headers */,
				6A23F78B1849A1C200FD4293 /* ScopeExit.h in Headers */,
				6A23F7BE1849A1C200FD4293 /* TraceTypes.h in Headers */,
				6A23F7A01849A1C200FD4293 /* ProgramOptions.h in Headers */,
				6A23F7AE1849A1C200FD4293 /* StringConvertible.h in Headers */,
				6A23F7C31849A1C200FD4293 /* DebuggerTraceListener.h in Headers */,
				6A23F77B1849A1C200FD4293 /* Queue.h in Headers */,
				6A23F78E1849A1C200FD4293 /* InputStream.h in Headers */,
				6A23F7721849A1C200FD4293 /* TimedBool.h in Headers */,
				6A23F7B01849A1C200FD4293 /* ToString.h in Headers */,
				6A23F79B1849A1C200FD4293 /* NumberTraits.h in Headers */,
				6A23F7861849A1C200FD4293 /* ExceptionCatcherCore.h in Headers */,
				6A23F7BF1849A1C200FD4293 /* NamedValueRef.h in Headers */,
				6A23F7831849A1C200FD4293 /* EnumLookupTable.h in Headers */,
				6A23F7A51849A1C200FD4293 /* System.h in Headers */,
				6A23F6E21849A1B800FD4293 /* ConsoleApplicationImpl.h in Headers */,
				6A23F7BD1849A1C200FD4293 /* Trace.h in Headers */,
				6A23F6D51849A1B800FD4293 /* IniSyntax.h in Headers */,
				6A23F7791849A1C200FD4293 /* Map.h in Headers */,
				6A23F78F1849A1C200FD4293 /* TextReader.h in Headers */,
				6A23F7971849A1C200FD4293 /* IntegralTypes.h in Headers */,
				6A23F7B41849A1C200FD4293 /* TaskFwd.h in Headers */,
				6A23F6DB1849A1B800FD4293 /* Utf16LeStreamReader.h in Headers */,
				6A23F6E81849A1B800FD4293 /* StateImpl.h in Headers */,
				6A23F79C1849A1C200FD4293 /* AutoNumbered.h in Headers */,
				6A23F7951849A1C200FD4293 /* Floating.h in Headers */,
				6A23F6D41849A1B800FD4293 /* IniSectionImpl.h in Headers */,
				6A23F77E1849A1C200FD4293 /* TimeOfDay.h in Headers */,
				6A23F7B81849A1C200FD4293 /* ThisThread.h in Headers */,
				6A23F7B31849A1C200FD4293 /* TaskExecutor.h in Headers */,
				6A23F6CF1849A1B800FD4293 /* TimeDuration.h in Headers */,
				6A23F6E01849A1B800FD4293 /* FacilityLongevity.h in Headers */,
				6A23F78A1849A1C200FD4293 /* Path.h in Headers */,
				6A23F7991849A1C200FD4293 /* Utility.h in Headers */,
				6A23F7891849A1C200FD4293 /* FileInfo.h in Headers */,
				6A23F7BA1849A1C200FD4293 /* ThreadTypes.h in Headers */,
				6A23F78C1849A1C200FD4293 /* FileStream.h in Headers */,
				6A23F7A71849A1C200FD4293 /* StateMachine.h in Headers */,
				6A23F6F61849A1B800FD4293 /* NamedValueEntry.h in Headers */,
				6A23F7911849A1C200FD4293 /* Boolean.h in Headers */,
				6A23F79D1849A1C200FD4293 /* LifetimeTracker.h in Headers */,
				6A23F7AC1849A1C200FD4293 /* Sprintf_Sprintf.h in Headers */,
				6A23F6CC1849A1B800FD4293 /* CaramelPch.h in Headers */,
				6A23F77A1849A1C200FD4293 /* PriorityQueue.h in Headers */,
				6A23F6E31849A1B800FD4293 /* ProgramOptionsManager.h in Headers */,
				6A23F7AB1849A1C200FD4293 /* SprintfParameter.h in Headers */,
				6A23F77C1849A1C200FD4293 /* ReplicatePolicies.h in Headers */,
				6A23F79E1849A1C200FD4293 /* Singleton.h in Headers */,
				6A23F7BB1849A1C200FD4293 /* Channel.h in Headers */,
				6A23F77D1849A1C200FD4293 /* DateTime.h in Headers */,
				6A23F7B91849A1C200FD4293 /* Thread.h in Headers */,
				6A23F6EA1849A1B800FD4293 /* Transition.h in Headers */,
				6A23F7A81849A1C200FD4293 /* Algorithm.h in Headers */,
				6A23F7771849A1C200FD4293 /* BasicMap.h in Headers */,
				6A23F7981849A1C200FD4293 /* Select.h in Headers */,
				6A23F7801849A1C200FD4293 /* ScopeTiming.h in Headers */,
				6A23F7B71849A1C200FD4293 /* SpinMutex.h in Headers */,
				6A23F7901849A1C200FD4293 /* TextStreamReader.h in Headers */,
				6A23F7961849A1C200FD4293 /* IfThenElse.h in Headers */,
				6A23F6EC1849A1B800FD4293 /* SprintfManager.h in Headers */,
				6A23F6EE1849A1B800FD4293 /* TaskImpl.h in Headers */,
				6A23F6E51849A1B800FD4293 /* RandomImpl.h in Headers */,
				6A23F7871849A1C200FD4293 /* Exception.h in Headers */,
				6A23F7AD1849A1C200FD4293 /* Sprintf.h in Headers */,
				6A23F6F71849A1B800FD4293 /* NamedValuesImpl.h in Headers */,
				6A23F77F1849A1C200FD4293 /* TimeSpan.h in Headers */,
				6A23F7AA1849A1C200FD4293 /* CharTraits.h in Headers */,
				6A23F7761849A1C200FD4293 /* TickClock.h in Headers */,
				6A23F7C01849A1C200FD4293 /* NamedValues.h in Headers */,
				6A23F7A31849A1C200FD4293 /* PchDefines.h in Headers */,
				6A23F6D11849A1B800FD4293 /* DebugManager.h in Headers */,
				6A23F7741849A1C200FD4293 /* SecondClock.h in Headers */,
				6A23F7811849A1C200FD4293 /* IniDocument.h in Headers */,
				6A23F78D1849A1C200FD4293 /* InputFileStream.h in Headers */,
				6A23F7B21849A1C200FD4293 /* Task.h in Headers */,
				6A23F7711849A1C200FD4293 /* FlowState.h in Headers */,
				6A23F7751849A1C200FD4293 /* SteadyClock.h in Headers */,
				6A23F79A1849A1C200FD4293 /* NumberConvertible.h in Headers */,
				6A23F79F1849A1C200FD4293 /* ConsoleApplication.h in Headers */,
				6A23F7881849A1C200FD4293 /* DirectoryInfo.h in Headers */,
				6A23F7931849A1C200FD4293 /* Integer.h in Headers */,
				6A23F7921849A1C200FD4293 /* Floating.h in Headers */,
				6A23F7C41849A1C200FD4293 /* FileInfo.h in Headers */,
				6A23F7C21849A1C200FD4293 /* CrtDebug.h in Headers */,
				6A23F7A91849A1C200FD4293 /* CainLess.h in Headers */,
				6A23F7821849A1C200FD4293 /* IniSection.h in Headers */,
				6A23F7851849A1C200FD4293 /* CatchException.h in Headers */,
				6A23F6EF1849A1B800FD4293 /* TaskPollerImpl.h in Headers */,
				6A23F6CE1849A1B800FD4293 /* DateTimeImpl.h in Headers */,
				6A23F7731849A1C200FD4293 /* Caramel.h in Headers */,
				6A23F7781849A1C200FD4293 /* HashMap.h in Headers */,
				6A23F6F31849A1B800FD4293 /* ChannelImpl.h in Headers */,
				6A23F6D81849A1B800FD4293 /* PathImpl.h in Headers */,
				6A23F7B61849A1C200FD4293 /* MutexLocks.h in Headers */,
				6A23F6F41849A1B800FD4293 /* TraceManager.h in Headers */,
			);
			runOnlyForDeploymentPostprocessing = 0;
		};
/* End PBXHeadersBuildPhase section */

/* Begin PBXNativeTarget section */
		6A23F6851849A13C00FD4293 /* Caramel */ = {
			isa = PBXNativeTarget;
			buildConfigurationList = 6A23F68A1849A13C00FD4293 /* Build configuration list for PBXNativeTarget "Caramel" */;
			buildPhases = (
				6A23F6821849A13C00FD4293 /* Sources */,
				6A23F6831849A13C00FD4293 /* Frameworks */,
				6A23F6841849A13C00FD4293 /* Headers */,
			);
			buildRules = (
			);
			dependencies = (
			);
			name = Caramel;
			productName = Caramel;
			productReference = 6A23F6861849A13C00FD4293 /* libCaramel.a */;
			productType = "com.apple.product-type.library.static";
		};
/* End PBXNativeTarget section */

/* Begin PBXProject section */
		6A23F67E1849A13C00FD4293 /* Project object */ = {
			isa = PBXProject;
			attributes = {
				LastUpgradeCheck = 0500;
				ORGANIZATIONNAME = slimek;
			};
			buildConfigurationList = 6A23F6811849A13C00FD4293 /* Build configuration list for PBXProject "Caramel" */;
			compatibilityVersion = "Xcode 3.2";
			developmentRegion = English;
			hasScannedForEncodings = 0;
			knownRegions = (
				en,
			);
			mainGroup = 6A23F67D1849A13C00FD4293;
			productRefGroup = 6A23F6871849A13C00FD4293 /* Products */;
			projectDirPath = "";
			projectRoot = "";
			targets = (
				6A23F6851849A13C00FD4293 /* Caramel */,
			);
		};
/* End PBXProject section */

/* Begin PBXSourcesBuildPhase section */
		6A23F6821849A13C00FD4293 /* Sources */ = {
			isa = PBXSourcesBuildPhase;
			buildActionMask = 2147483647;
			files = (
				6A23F6EB1849A1B800FD4293 /* Statechart.cpp in Sources */,
				6A23F6E41849A1B800FD4293 /* Program.cpp in Sources */,
				6A23F6D71849A1B800FD4293 /* Error.cpp in Sources */,
				6A23F6CD1849A1B800FD4293 /* Configuration.cpp in Sources */,
				6A23F6E11849A1B800FD4293 /* Object.cpp in Sources */,
				6A23F6F81849A1B800FD4293 /* Value.cpp in Sources */,
				6A23F6D61849A1B800FD4293 /* Document.cpp in Sources */,
				6A23F6D91849A1B800FD4293 /* FileSystem.cpp in Sources */,
				6A23F6F21849A1B800FD4293 /* Thread.cpp in Sources */,
				6A23F6ED1849A1B800FD4293 /* String.cpp in Sources */,
				6A23F6DE1849A1B800FD4293 /* Lexical.cpp in Sources */,
				6A23F6F91849A1B800FD4293 /* Windows.cpp in Sources */,
				6A23F6D21849A1B800FD4293 /* Debug.cpp in Sources */,
				6A23F6D01849A1B800FD4293 /* DateTime.cpp in Sources */,
				6A23F6CB1849A1B800FD4293 /* CaramelPch.cpp in Sources */,
				6A23F6F01849A1B800FD4293 /* Task.cpp in Sources */,
				6A23F6E71849A1B800FD4293 /* Random.cpp in Sources */,
				6A23F6F51849A1B800FD4293 /* Trace.cpp in Sources */,
				6A23F6DD1849A1B800FD4293 /* Io.cpp in Sources */,
				6A23F6DF1849A1B800FD4293 /* Math.cpp in Sources */,
			);
			runOnlyForDeploymentPostprocessing = 0;
		};
/* End PBXSourcesBuildPhase section */

/* Begin XCBuildConfiguration section */
		6A23F6881849A13C00FD4293 /* Debug */ = {
			isa = XCBuildConfiguration;
			buildSettings = {
				ALWAYS_SEARCH_USER_PATHS = NO;
				CLANG_CXX_LANGUAGE_STANDARD = "gnu++0x";
				CLANG_CXX_LIBRARY = "libc++";
				CLANG_ENABLE_OBJC_ARC = YES;
				CLANG_WARN_BOOL_CONVERSION = YES;
				CLANG_WARN_CONSTANT_CONVERSION = YES;
				CLANG_WARN_DIRECT_OBJC_ISA_USAGE = YES_ERROR;
				CLANG_WARN_EMPTY_BODY = YES;
				CLANG_WARN_ENUM_CONVERSION = YES;
				CLANG_WARN_INT_CONVERSION = YES;
				CLANG_WARN_OBJC_ROOT_CLASS = YES_ERROR;
				CLANG_WARN__DUPLICATE_METHOD_MATCH = YES;
				COPY_PHASE_STRIP = NO;
				GCC_C_LANGUAGE_STANDARD = gnu99;
				GCC_DYNAMIC_NO_PIC = NO;
				GCC_ENABLE_OBJC_EXCEPTIONS = YES;
				GCC_OPTIMIZATION_LEVEL = 0;
				GCC_PREPROCESSOR_DEFINITIONS = (
					"DEBUG=1",
					"$(inherited)",
				);
				GCC_SYMBOLS_PRIVATE_EXTERN = NO;
				GCC_WARN_64_TO_32_BIT_CONVERSION = YES;
				GCC_WARN_ABOUT_RETURN_TYPE = YES_ERROR;
				GCC_WARN_UNDECLARED_SELECTOR = YES;
				GCC_WARN_UNINITIALIZED_AUTOS = YES;
				GCC_WARN_UNUSED_FUNCTION = YES;
				GCC_WARN_UNUSED_VARIABLE = YES;
				HEADER_SEARCH_PATHS = (
					../src,
					../include,
					../../CandyJar/include,
					"$(inherited)",
					/Applications/Xcode.app/Contents/Developer/Toolchains/XcodeDefault.xctoolchain/usr/include,
				);
				MACOSX_DEPLOYMENT_TARGET = 10.8;
				OBJROOT = obj;
				ONLY_ACTIVE_ARCH = YES;
				SDKROOT = macosx;
				SYMROOT = "$(SRCROOT)/../lib/Mac";
			};
			name = Debug;
		};
		6A23F6891849A13C00FD4293 /* Release */ = {
			isa = XCBuildConfiguration;
			buildSettings = {
				ALWAYS_SEARCH_USER_PATHS = NO;
				CLANG_CXX_LANGUAGE_STANDARD = "gnu++0x";
				CLANG_CXX_LIBRARY = "libc++";
				CLANG_ENABLE_OBJC_ARC = YES;
				CLANG_WARN_BOOL_CONVERSION = YES;
				CLANG_WARN_CONSTANT_CONVERSION = YES;
				CLANG_WARN_DIRECT_OBJC_ISA_USAGE = YES_ERROR;
				CLANG_WARN_EMPTY_BODY = YES;
				CLANG_WARN_ENUM_CONVERSION = YES;
				CLANG_WARN_INT_CONVERSION = YES;
				CLANG_WARN_OBJC_ROOT_CLASS = YES_ERROR;
				CLANG_WARN__DUPLICATE_METHOD_MATCH = YES;
				COPY_PHASE_STRIP = YES;
				DEBUG_INFORMATION_FORMAT = "dwarf-with-dsym";
				ENABLE_NS_ASSERTIONS = NO;
				GCC_C_LANGUAGE_STANDARD = gnu99;
				GCC_ENABLE_OBJC_EXCEPTIONS = YES;
				GCC_WARN_64_TO_32_BIT_CONVERSION = YES;
				GCC_WARN_ABOUT_RETURN_TYPE = YES_ERROR;
				GCC_WARN_UNDECLARED_SELECTOR = YES;
				GCC_WARN_UNINITIALIZED_AUTOS = YES;
				GCC_WARN_UNUSED_FUNCTION = YES;
				GCC_WARN_UNUSED_VARIABLE = YES;
				HEADER_SEARCH_PATHS = (
					../src,
					../include,
					../../CandyJar/include,
					"$(inherited)",
					/Applications/Xcode.app/Contents/Developer/Toolchains/XcodeDefault.xctoolchain/usr/include,
				);
				MACOSX_DEPLOYMENT_TARGET = 10.8;
				OBJROOT = obj;
				SDKROOT = macosx;
				SYMROOT = "$(SRCROOT)/../lib/Mac";
			};
			name = Release;
		};
		6A23F68B1849A13C00FD4293 /* Debug */ = {
			isa = XCBuildConfiguration;
			buildSettings = {
				EXECUTABLE_PREFIX = lib;
				PRODUCT_NAME = "$(TARGET_NAME)";
			};
			name = Debug;
		};
		6A23F68C1849A13C00FD4293 /* Release */ = {
			isa = XCBuildConfiguration;
			buildSettings = {
				EXECUTABLE_PREFIX = lib;
				PRODUCT_NAME = "$(TARGET_NAME)";
			};
			name = Release;
		};
/* End XCBuildConfiguration section */

/* Begin XCConfigurationList section */
		6A23F6811849A13C00FD4293 /* Build configuration list for PBXProject "Caramel" */ = {
			isa = XCConfigurationList;
			buildConfigurations = (
				6A23F6881849A13C00FD4293 /* Debug */,
				6A23F6891849A13C00FD4293 /* Release */,
			);
			defaultConfigurationIsVisible = 0;
			defaultConfigurationName = Release;
		};
		6A23F68A1849A13C00FD4293 /* Build configuration list for PBXNativeTarget "Caramel" */ = {
			isa = XCConfigurationList;
			buildConfigurations = (
				6A23F68B1849A13C00FD4293 /* Debug */,
				6A23F68C1849A13C00FD4293 /* Release */,
			);
			defaultConfigurationIsVisible = 0;
			defaultConfigurationName = Release;
		};
/* End XCConfigurationList section */
	};
	rootObject = 6A23F67E1849A13C00FD4293 /* Project object */;
}
